{
  "version": 4,
  "terraform_version": "1.8.5",
  "serial": 1346,
  "lineage": "ead8a4fc-8b4c-ee51-3725-436d90f0f7c4",
  "outputs": {},
  "resources": [
    {
      "mode": "data",
      "type": "aws_ami",
      "name": "backend",
      "provider": "provider[\"registry.terraform.io/hashicorp/aws\"]",
      "instances": [
        {
          "schema_version": 0,
          "attributes": {
            "architecture": "x86_64",
            "arn": "arn:aws:ec2:ap-south-1::image/ami-00f994c719fc62e9e",
            "block_device_mappings": [
              {
                "device_name": "/dev/sda1",
                "ebs": {
                  "delete_on_termination": "true",
                  "encrypted": "false",
                  "iops": "0",
                  "snapshot_id": "snap-0a881bcd0fb805d61",
                  "throughput": "0",
                  "volume_size": "8",
                  "volume_type": "gp2"
                },
                "no_device": "",
                "virtual_name": ""
              },
              {
                "device_name": "/dev/sdb",
                "ebs": {},
                "no_device": "",
                "virtual_name": "ephemeral0"
              },
              {
                "device_name": "/dev/sdc",
                "ebs": {},
                "no_device": "",
                "virtual_name": "ephemeral1"
              }
            ],
            "boot_mode": "legacy-bios",
            "creation_date": "2023-05-31T16:59:27.000Z",
            "deprecation_time": "2025-05-31T16:59:27.000Z",
            "description": "Canonical, Ubuntu, 18.04 LTS, amd64 bionic image build on 2023-05-31",
            "ena_support": true,
            "executable_users": null,
            "filter": [
              {
                "name": "name",
                "values": [
                  "ubuntu/images/hvm-ssd/ubuntu-bionic-18.04-amd64-server-*"
                ]
              },
              {
                "name": "virtualization-type",
                "values": [
                  "hvm"
                ]
              }
            ],
            "hypervisor": "xen",
            "id": "ami-00f994c719fc62e9e",
            "image_id": "ami-00f994c719fc62e9e",
            "image_location": "amazon/ubuntu/images/hvm-ssd/ubuntu-bionic-18.04-amd64-server-20230531",
            "image_owner_alias": "amazon",
            "image_type": "machine",
            "imds_support": "",
            "include_deprecated": false,
            "kernel_id": "",
            "most_recent": true,
            "name": "ubuntu/images/hvm-ssd/ubuntu-bionic-18.04-amd64-server-20230531",
            "name_regex": null,
            "owner_id": "099720109477",
            "owners": [
              "099720109477"
            ],
            "platform": "",
            "platform_details": "Linux/UNIX",
            "product_codes": [],
            "public": true,
            "ramdisk_id": "",
            "root_device_name": "/dev/sda1",
            "root_device_type": "ebs",
            "root_snapshot_id": "snap-0a881bcd0fb805d61",
            "sriov_net_support": "simple",
            "state": "available",
            "state_reason": {
              "code": "UNSET",
              "message": "UNSET"
            },
            "tags": {},
            "timeouts": null,
            "tpm_support": "",
            "usage_operation": "RunInstances",
            "virtualization_type": "hvm"
          },
          "sensitive_attributes": []
        }
      ]
    },
    {
      "mode": "data",
      "type": "aws_ami",
      "name": "ubuntu",
      "provider": "provider[\"registry.terraform.io/hashicorp/aws\"]",
      "instances": [
        {
          "schema_version": 0,
          "attributes": {
            "architecture": "x86_64",
            "arn": "arn:aws:ec2:ap-south-1::image/ami-0c2af51e265bd5e0e",
            "block_device_mappings": [
              {
                "device_name": "/dev/sda1",
                "ebs": {
                  "delete_on_termination": "true",
                  "encrypted": "false",
                  "iops": "0",
                  "snapshot_id": "snap-0f78243d5906a6aee",
                  "throughput": "0",
                  "volume_size": "8",
                  "volume_type": "gp2"
                },
                "no_device": "",
                "virtual_name": ""
              },
              {
                "device_name": "/dev/sdb",
                "ebs": {},
                "no_device": "",
                "virtual_name": "ephemeral0"
              },
              {
                "device_name": "/dev/sdc",
                "ebs": {},
                "no_device": "",
                "virtual_name": "ephemeral1"
              }
            ],
            "boot_mode": "uefi-preferred",
            "creation_date": "2024-07-01T16:35:58.000Z",
            "deprecation_time": "2026-07-01T16:35:58.000Z",
            "description": "Canonical, Ubuntu, 22.04 LTS, amd64 jammy image build on 2024-07-01",
            "ena_support": true,
            "executable_users": null,
            "filter": [
              {
                "name": "name",
                "values": [
                  "ubuntu/images/hvm-ssd/ubuntu-jammy-22.04-amd64-server-*"
                ]
              },
              {
                "name": "virtualization-type",
                "values": [
                  "hvm"
                ]
              }
            ],
            "hypervisor": "xen",
            "id": "ami-0c2af51e265bd5e0e",
            "image_id": "ami-0c2af51e265bd5e0e",
            "image_location": "amazon/ubuntu/images/hvm-ssd/ubuntu-jammy-22.04-amd64-server-20240701",
            "image_owner_alias": "amazon",
            "image_type": "machine",
            "imds_support": "",
            "include_deprecated": false,
            "kernel_id": "",
            "most_recent": true,
            "name": "ubuntu/images/hvm-ssd/ubuntu-jammy-22.04-amd64-server-20240701",
            "name_regex": null,
            "owner_id": "099720109477",
            "owners": [
              "099720109477"
            ],
            "platform": "",
            "platform_details": "Linux/UNIX",
            "product_codes": [],
            "public": true,
            "ramdisk_id": "",
            "root_device_name": "/dev/sda1",
            "root_device_type": "ebs",
            "root_snapshot_id": "snap-0f78243d5906a6aee",
            "sriov_net_support": "simple",
            "state": "available",
            "state_reason": {
              "code": "UNSET",
              "message": "UNSET"
            },
            "tags": {},
            "timeouts": null,
            "tpm_support": "",
            "usage_operation": "RunInstances",
            "virtualization_type": "hvm"
          },
          "sensitive_attributes": []
        }
      ]
    },
    {
      "mode": "data",
      "type": "aws_availability_zones",
      "name": "available",
      "provider": "provider[\"registry.terraform.io/hashicorp/aws\"]",
      "instances": [
        {
          "schema_version": 0,
          "attributes": {
            "all_availability_zones": null,
            "exclude_names": null,
            "exclude_zone_ids": null,
            "filter": null,
            "group_names": [
              "ap-south-1"
            ],
            "id": "ap-south-1",
            "names": [
              "ap-south-1a",
              "ap-south-1b",
              "ap-south-1c"
            ],
            "state": "available",
            "timeouts": null,
            "zone_ids": [
              "aps1-az1",
              "aps1-az3",
              "aps1-az2"
            ]
          },
          "sensitive_attributes": []
        }
      ]
    },
    {
      "mode": "managed",
      "type": "aws_eip",
      "name": "nat_eip",
      "provider": "provider[\"registry.terraform.io/hashicorp/aws\"]",
      "instances": [
        {
          "schema_version": 0,
          "attributes": {
            "address": null,
            "allocation_id": "eipalloc-06848bc5b396eded2",
            "arn": "arn:aws:ec2:ap-south-1:782832397014:elastic-ip/eipalloc-06848bc5b396eded2",
            "associate_with_private_ip": null,
            "association_id": "eipassoc-04aba5102a08e83b7",
            "carrier_ip": "",
            "customer_owned_ip": "",
            "customer_owned_ipv4_pool": "",
            "domain": "vpc",
            "id": "eipalloc-06848bc5b396eded2",
            "instance": "",
            "network_border_group": "ap-south-1",
            "network_interface": "eni-0c79632689ba89f72",
            "private_dns": "ip-10-0-1-120.ap-south-1.compute.internal",
            "private_ip": "10.0.1.120",
            "ptr_record": "",
            "public_dns": "ec2-3-110-251-7.ap-south-1.compute.amazonaws.com",
            "public_ip": "3.110.251.7",
            "public_ipv4_pool": "amazon",
            "tags": {
              "Name": "nat-eip"
            },
            "tags_all": {
              "Name": "nat-eip"
            },
            "timeouts": null,
            "vpc": true
          },
          "sensitive_attributes": [],
          "private": "eyJlMmJmYjczMC1lY2FhLTExZTYtOGY4OC0zNDM2M2JjN2M0YzAiOnsiZGVsZXRlIjoxODAwMDAwMDAwMDAsInJlYWQiOjkwMDAwMDAwMDAwMCwidXBkYXRlIjozMDAwMDAwMDAwMDB9fQ=="
        }
      ]
    },
    {
      "mode": "managed",
      "type": "aws_instance",
      "name": "backend",
      "provider": "provider[\"registry.terraform.io/hashicorp/aws\"]",
      "instances": [
        {
          "schema_version": 1,
          "attributes": {
            "ami": "ami-00f994c719fc62e9e",
            "arn": "arn:aws:ec2:ap-south-1:782832397014:instance/i-07405a9025eef6d98",
            "associate_public_ip_address": false,
            "availability_zone": "ap-south-1b",
            "capacity_reservation_specification": [
              {
                "capacity_reservation_preference": "open",
                "capacity_reservation_target": []
              }
            ],
            "cpu_core_count": 1,
            "cpu_options": [
              {
                "amd_sev_snp": "",
                "core_count": 1,
                "threads_per_core": 1
              }
            ],
            "cpu_threads_per_core": 1,
            "credit_specification": [
              {
                "cpu_credits": "standard"
              }
            ],
            "disable_api_stop": false,
            "disable_api_termination": false,
            "ebs_block_device": [],
            "ebs_optimized": false,
            "enclave_options": [
              {
                "enabled": false
              }
            ],
            "ephemeral_block_device": [],
            "get_password_data": false,
            "hibernation": false,
            "host_id": "",
            "host_resource_group_arn": null,
            "iam_instance_profile": "",
            "id": "i-07405a9025eef6d98",
            "instance_initiated_shutdown_behavior": "stop",
            "instance_lifecycle": "",
            "instance_market_options": [],
            "instance_state": "running",
            "instance_type": "t2.micro",
            "ipv6_address_count": 0,
            "ipv6_addresses": [],
            "key_name": "terra-chatapp-key",
            "launch_template": [],
            "maintenance_options": [
              {
                "auto_recovery": "default"
              }
            ],
            "metadata_options": [
              {
                "http_endpoint": "enabled",
                "http_protocol_ipv6": "disabled",
                "http_put_response_hop_limit": 1,
                "http_tokens": "optional",
                "instance_metadata_tags": "disabled"
              }
            ],
            "monitoring": false,
            "network_interface": [],
            "outpost_arn": "",
            "password_data": "",
            "placement_group": "",
            "placement_partition_number": 0,
            "primary_network_interface_id": "eni-0a0b9e38fbb136efe",
            "private_dns": "ip-10-0-101-92.ap-south-1.compute.internal",
            "private_dns_name_options": [
              {
                "enable_resource_name_dns_a_record": false,
                "enable_resource_name_dns_aaaa_record": false,
                "hostname_type": "ip-name"
              }
            ],
            "private_ip": "10.0.101.92",
            "public_dns": "",
            "public_ip": "",
            "root_block_device": [
              {
                "delete_on_termination": true,
                "device_name": "/dev/sda1",
                "encrypted": false,
                "iops": 100,
                "kms_key_id": "",
                "tags": {},
                "tags_all": {},
                "throughput": 0,
                "volume_id": "vol-02aff02575542b2d2",
                "volume_size": 8,
                "volume_type": "gp2"
              }
            ],
            "secondary_private_ips": [],
            "security_groups": [],
            "source_dest_check": true,
            "spot_instance_request_id": "",
            "subnet_id": "subnet-0c6415b8c25f88307",
            "tags": {
              "Name": "terra-backend-server"
            },
            "tags_all": {
              "Name": "terra-backend-server"
            },
            "tenancy": "default",
            "timeouts": null,
            "user_data": null,
            "user_data_base64": null,
            "user_data_replace_on_change": false,
            "volume_tags": null,
            "vpc_security_group_ids": [
              "sg-0424a96b032198a62"
            ]
          },
          "sensitive_attributes": [],
          "private": "eyJlMmJmYjczMC1lY2FhLTExZTYtOGY4OC0zNDM2M2JjN2M0YzAiOnsiY3JlYXRlIjo2MDAwMDAwMDAwMDAsImRlbGV0ZSI6MTIwMDAwMDAwMDAwMCwicmVhZCI6OTAwMDAwMDAwMDAwLCJ1cGRhdGUiOjYwMDAwMDAwMDAwMH0sInNjaGVtYV92ZXJzaW9uIjoiMSJ9",
          "dependencies": [
            "aws_key_pair.terra_chatapp_key",
            "aws_security_group.backend",
            "aws_subnet.private",
            "aws_subnet.public",
            "aws_vpc.terra_vpc",
            "data.aws_ami.backend",
            "data.aws_availability_zones.available",
            "tls_private_key.rsa"
          ]
        }
      ]
    },
    {
      "mode": "managed",
      "type": "aws_instance",
      "name": "database",
      "provider": "provider[\"registry.terraform.io/hashicorp/aws\"]",
      "instances": [
        {
          "schema_version": 1,
          "attributes": {
            "ami": "ami-0c2af51e265bd5e0e",
            "arn": "arn:aws:ec2:ap-south-1:782832397014:instance/i-0aef49b2c39e5c46c",
            "associate_public_ip_address": false,
            "availability_zone": "ap-south-1b",
            "capacity_reservation_specification": [
              {
                "capacity_reservation_preference": "open",
                "capacity_reservation_target": []
              }
            ],
            "cpu_core_count": 1,
            "cpu_options": [
              {
                "amd_sev_snp": "",
                "core_count": 1,
                "threads_per_core": 1
              }
            ],
            "cpu_threads_per_core": 1,
            "credit_specification": [
              {
                "cpu_credits": "standard"
              }
            ],
            "disable_api_stop": false,
            "disable_api_termination": false,
            "ebs_block_device": [],
            "ebs_optimized": false,
            "enclave_options": [
              {
                "enabled": false
              }
            ],
            "ephemeral_block_device": [],
            "get_password_data": false,
            "hibernation": false,
            "host_id": "",
            "host_resource_group_arn": null,
            "iam_instance_profile": "",
            "id": "i-0aef49b2c39e5c46c",
            "instance_initiated_shutdown_behavior": "stop",
            "instance_lifecycle": "",
            "instance_market_options": [],
            "instance_state": "running",
            "instance_type": "t2.micro",
            "ipv6_address_count": 0,
            "ipv6_addresses": [],
            "key_name": "terra-chatapp-key",
            "launch_template": [],
            "maintenance_options": [
              {
                "auto_recovery": "default"
              }
            ],
            "metadata_options": [
              {
                "http_endpoint": "enabled",
                "http_protocol_ipv6": "disabled",
                "http_put_response_hop_limit": 1,
                "http_tokens": "optional",
                "instance_metadata_tags": "disabled"
              }
            ],
            "monitoring": false,
            "network_interface": [],
            "outpost_arn": "",
            "password_data": "",
            "placement_group": "",
            "placement_partition_number": 0,
            "primary_network_interface_id": "eni-07d49a5f3a38b5b2e",
            "private_dns": "ip-10-0-101-72.ap-south-1.compute.internal",
            "private_dns_name_options": [
              {
                "enable_resource_name_dns_a_record": false,
                "enable_resource_name_dns_aaaa_record": false,
                "hostname_type": "ip-name"
              }
            ],
            "private_ip": "10.0.101.72",
            "public_dns": "",
            "public_ip": "",
            "root_block_device": [
              {
                "delete_on_termination": true,
                "device_name": "/dev/sda1",
                "encrypted": false,
                "iops": 100,
                "kms_key_id": "",
                "tags": {},
                "tags_all": {},
                "throughput": 0,
                "volume_id": "vol-0c8c9e9a946e58cda",
                "volume_size": 8,
                "volume_type": "gp2"
              }
            ],
            "secondary_private_ips": [],
            "security_groups": [],
            "source_dest_check": true,
            "spot_instance_request_id": "",
            "subnet_id": "subnet-0c6415b8c25f88307",
            "tags": {
              "Name": "terra-database-server"
            },
            "tags_all": {
              "Name": "terra-database-server"
            },
            "tenancy": "default",
            "timeouts": null,
            "user_data": null,
            "user_data_base64": null,
            "user_data_replace_on_change": false,
            "volume_tags": null,
            "vpc_security_group_ids": [
              "sg-07716cd8f3c8921fa"
            ]
          },
          "sensitive_attributes": [],
          "private": "eyJlMmJmYjczMC1lY2FhLTExZTYtOGY4OC0zNDM2M2JjN2M0YzAiOnsiY3JlYXRlIjo2MDAwMDAwMDAwMDAsImRlbGV0ZSI6MTIwMDAwMDAwMDAwMCwicmVhZCI6OTAwMDAwMDAwMDAwLCJ1cGRhdGUiOjYwMDAwMDAwMDAwMH0sInNjaGVtYV92ZXJzaW9uIjoiMSJ9",
          "dependencies": [
            "aws_eip.nat_eip",
            "aws_key_pair.terra_chatapp_key",
            "aws_nat_gateway.ngw",
            "aws_route_table.private",
            "aws_route_table_association.private",
            "aws_security_group.database",
            "aws_subnet.private",
            "aws_subnet.public",
            "aws_vpc.terra_vpc",
            "data.aws_ami.ubuntu",
            "data.aws_availability_zones.available",
            "tls_private_key.rsa"
          ]
        }
      ]
    },
    {
      "mode": "managed",
      "type": "aws_instance",
      "name": "frontend",
      "provider": "provider[\"registry.terraform.io/hashicorp/aws\"]",
      "instances": [
        {
          "schema_version": 1,
          "attributes": {
            "ami": "ami-0c2af51e265bd5e0e",
            "arn": "arn:aws:ec2:ap-south-1:782832397014:instance/i-0890ef240e67bb601",
            "associate_public_ip_address": true,
            "availability_zone": "ap-south-1a",
            "capacity_reservation_specification": [
              {
                "capacity_reservation_preference": "open",
                "capacity_reservation_target": []
              }
            ],
            "cpu_core_count": 1,
            "cpu_options": [
              {
                "amd_sev_snp": "",
                "core_count": 1,
                "threads_per_core": 1
              }
            ],
            "cpu_threads_per_core": 1,
            "credit_specification": [
              {
                "cpu_credits": "standard"
              }
            ],
            "disable_api_stop": false,
            "disable_api_termination": false,
            "ebs_block_device": [],
            "ebs_optimized": false,
            "enclave_options": [
              {
                "enabled": false
              }
            ],
            "ephemeral_block_device": [],
            "get_password_data": false,
            "hibernation": false,
            "host_id": "",
            "host_resource_group_arn": null,
            "iam_instance_profile": "",
            "id": "i-0890ef240e67bb601",
            "instance_initiated_shutdown_behavior": "stop",
            "instance_lifecycle": "",
            "instance_market_options": [],
            "instance_state": "running",
            "instance_type": "t2.micro",
            "ipv6_address_count": 0,
            "ipv6_addresses": [],
            "key_name": "terra-chatapp-key",
            "launch_template": [],
            "maintenance_options": [
              {
                "auto_recovery": "default"
              }
            ],
            "metadata_options": [
              {
                "http_endpoint": "enabled",
                "http_protocol_ipv6": "disabled",
                "http_put_response_hop_limit": 1,
                "http_tokens": "optional",
                "instance_metadata_tags": "disabled"
              }
            ],
            "monitoring": false,
            "network_interface": [],
            "outpost_arn": "",
            "password_data": "",
            "placement_group": "",
            "placement_partition_number": 0,
            "primary_network_interface_id": "eni-0d4da6e657c0c92a2",
            "private_dns": "ip-10-0-1-81.ap-south-1.compute.internal",
            "private_dns_name_options": [
              {
                "enable_resource_name_dns_a_record": false,
                "enable_resource_name_dns_aaaa_record": false,
                "hostname_type": "ip-name"
              }
            ],
            "private_ip": "10.0.1.81",
            "public_dns": "",
            "public_ip": "43.205.242.239",
            "root_block_device": [
              {
                "delete_on_termination": true,
                "device_name": "/dev/sda1",
                "encrypted": false,
                "iops": 100,
                "kms_key_id": "",
                "tags": {},
                "tags_all": {},
                "throughput": 0,
                "volume_id": "vol-0e4e8b80b848ae2e3",
                "volume_size": 8,
                "volume_type": "gp2"
              }
            ],
            "secondary_private_ips": [],
            "security_groups": [],
            "source_dest_check": true,
            "spot_instance_request_id": "",
            "subnet_id": "subnet-034d532e7a4438f9f",
            "tags": {
              "Name": "terra-frontend-server"
            },
            "tags_all": {
              "Name": "terra-frontend-server"
            },
            "tenancy": "default",
            "timeouts": null,
            "user_data": null,
            "user_data_base64": null,
            "user_data_replace_on_change": false,
            "volume_tags": null,
            "vpc_security_group_ids": [
              "sg-07d295bae22158f9b"
            ]
          },
          "sensitive_attributes": [],
          "private": "eyJlMmJmYjczMC1lY2FhLTExZTYtOGY4OC0zNDM2M2JjN2M0YzAiOnsiY3JlYXRlIjo2MDAwMDAwMDAwMDAsImRlbGV0ZSI6MTIwMDAwMDAwMDAwMCwicmVhZCI6OTAwMDAwMDAwMDAwLCJ1cGRhdGUiOjYwMDAwMDAwMDAwMH0sInNjaGVtYV92ZXJzaW9uIjoiMSJ9",
          "dependencies": [
            "aws_eip.nat_eip",
            "aws_instance.database",
            "aws_key_pair.terra_chatapp_key",
            "aws_nat_gateway.ngw",
            "aws_route_table.private",
            "aws_route_table_association.private",
            "aws_security_group.database",
            "aws_security_group.frontend",
            "aws_subnet.private",
            "aws_subnet.public",
            "aws_vpc.terra_vpc",
            "data.aws_ami.ubuntu",
            "data.aws_availability_zones.available",
            "local_file.terra_chatapp_local",
            "tls_private_key.rsa"
          ]
        }
      ]
    },
    {
      "mode": "managed",
      "type": "aws_internet_gateway",
      "name": "gw",
      "provider": "provider[\"registry.terraform.io/hashicorp/aws\"]",
      "instances": [
        {
          "schema_version": 0,
          "attributes": {
            "arn": "arn:aws:ec2:ap-south-1:782832397014:internet-gateway/igw-0c2aac9208d93f28c",
            "id": "igw-0c2aac9208d93f28c",
            "owner_id": "782832397014",
            "tags": {
              "Name": "terra-igw"
            },
            "tags_all": {
              "Name": "terra-igw"
            },
            "timeouts": null,
            "vpc_id": "vpc-031bb22e12866ad99"
          },
          "sensitive_attributes": [],
          "private": "eyJlMmJmYjczMC1lY2FhLTExZTYtOGY4OC0zNDM2M2JjN2M0YzAiOnsiY3JlYXRlIjoxMjAwMDAwMDAwMDAwLCJkZWxldGUiOjEyMDAwMDAwMDAwMDAsInVwZGF0ZSI6MTIwMDAwMDAwMDAwMH19",
          "dependencies": [
            "aws_vpc.terra_vpc"
          ]
        }
      ]
    },
    {
      "mode": "managed",
      "type": "aws_key_pair",
      "name": "terra_chatapp_key",
      "provider": "provider[\"registry.terraform.io/hashicorp/aws\"]",
      "instances": [
        {
          "schema_version": 1,
          "attributes": {
            "arn": "arn:aws:ec2:ap-south-1:782832397014:key-pair/terra-chatapp-key",
            "fingerprint": "d6:c6:17:76:b3:5a:29:33:20:dd:b9:ea:07:86:93:7c",
            "id": "terra-chatapp-key",
            "key_name": "terra-chatapp-key",
            "key_name_prefix": "",
            "key_pair_id": "key-00da0308006c7a077",
            "key_type": "rsa",
            "public_key": "ssh-rsa AAAAB3NzaC1yc2EAAAADAQABAAACAQCbfVs29Y6CdArUHT6L9+bWD+GqAxeryEXIOGKlYpRwpV5Mcx3lZ3JBIHwnIXMh62IkZ0VJJaCCwn6+BryJ2dPf+K9WFgnSvTI1rapOzg64BITmj7HSnkLYgmpbweUWbsnxkeKyruViTeMz9CBjwQu/W3OE+KbLB/KboLnZXnQ9e1L7fs4CnesT1Ey1H2+1XgcXNXKuFxaLnhta/teOOkKCxeI/BI3VKcSHKxbsSlvyDL4Shd17P+K+ipzqrqw9QSD8CpsLQOdJVZqy/RVIZEjn7Jcggxbs+2WBl1FHlfVyxNC4S3Gej1F8Aki/Bj+U7JE35x8L5srM+EqTKCaJKs5uy9U3kl8GuI+IZ4T7myTDd+xQHg1fUpqUHE75n9WM6P2KXZuwEsWMWVGFdFNYKUMr1ttoWrfyeY6m+x7uET/Kxfv3rerbUfvVzWg0JF79CweQa9IRD9AIvA8/+eQlu5bApdZhxbEqbO5bFhasdszP6WmFzFWvf7fYMrSaucIHSVHPpCy96Qm9rnwD8SIDIef5XTRze9iXz+ZEIwfE7TfE3sfJ+iDeDAm38vO3Kb2cRteDbFhjY2oYkXhvCiL/fFkdVIZobdgQ/OSlhK19bKti+f9/Cg8h9lAE8L0RK3LgsTNnb3vo74MNEXy2jcApaLa3FEOOiPIZRXp+nP2iEMZ/6w==",
            "tags": {},
            "tags_all": {}
          },
          "sensitive_attributes": [],
          "private": "eyJzY2hlbWFfdmVyc2lvbiI6IjEifQ==",
          "dependencies": [
            "tls_private_key.rsa"
          ]
        }
      ]
    },
    {
      "mode": "managed",
      "type": "aws_nat_gateway",
      "name": "ngw",
      "provider": "provider[\"registry.terraform.io/hashicorp/aws\"]",
      "instances": [
        {
          "schema_version": 0,
          "attributes": {
            "allocation_id": "eipalloc-06848bc5b396eded2",
            "association_id": "eipassoc-04aba5102a08e83b7",
            "connectivity_type": "public",
            "id": "nat-0e8f097b5a1d56da8",
            "network_interface_id": "eni-0c79632689ba89f72",
            "private_ip": "10.0.1.120",
            "public_ip": "3.110.251.7",
            "secondary_allocation_ids": [],
            "secondary_private_ip_address_count": 0,
            "secondary_private_ip_addresses": [],
            "subnet_id": "subnet-034d532e7a4438f9f",
            "tags": {
              "Name": "terra-ngw"
            },
            "tags_all": {
              "Name": "terra-ngw"
            },
            "timeouts": null
          },
          "sensitive_attributes": [],
          "private": "eyJlMmJmYjczMC1lY2FhLTExZTYtOGY4OC0zNDM2M2JjN2M0YzAiOnsiY3JlYXRlIjo2MDAwMDAwMDAwMDAsImRlbGV0ZSI6MTgwMDAwMDAwMDAwMCwidXBkYXRlIjo2MDAwMDAwMDAwMDB9fQ==",
          "dependencies": [
            "aws_eip.nat_eip",
            "aws_subnet.public",
            "aws_vpc.terra_vpc",
            "data.aws_availability_zones.available"
          ]
        }
      ]
    },
    {
      "mode": "managed",
      "type": "aws_route_table",
      "name": "private",
      "provider": "provider[\"registry.terraform.io/hashicorp/aws\"]",
      "instances": [
        {
          "schema_version": 0,
          "attributes": {
            "arn": "arn:aws:ec2:ap-south-1:782832397014:route-table/rtb-0bc80460fc2c8cb20",
            "id": "rtb-0bc80460fc2c8cb20",
            "owner_id": "782832397014",
            "propagating_vgws": [],
            "route": [
              {
                "carrier_gateway_id": "",
                "cidr_block": "0.0.0.0/0",
                "core_network_arn": "",
                "destination_prefix_list_id": "",
                "egress_only_gateway_id": "",
                "gateway_id": "",
                "ipv6_cidr_block": "",
                "local_gateway_id": "",
                "nat_gateway_id": "nat-0e8f097b5a1d56da8",
                "network_interface_id": "",
                "transit_gateway_id": "",
                "vpc_endpoint_id": "",
                "vpc_peering_connection_id": ""
              }
            ],
            "tags": {
              "Name": "terra-private-route-table"
            },
            "tags_all": {
              "Name": "terra-private-route-table"
            },
            "timeouts": null,
            "vpc_id": "vpc-031bb22e12866ad99"
          },
          "sensitive_attributes": [],
          "private": "eyJlMmJmYjczMC1lY2FhLTExZTYtOGY4OC0zNDM2M2JjN2M0YzAiOnsiY3JlYXRlIjozMDAwMDAwMDAwMDAsImRlbGV0ZSI6MzAwMDAwMDAwMDAwLCJ1cGRhdGUiOjEyMDAwMDAwMDAwMH19",
          "dependencies": [
            "aws_eip.nat_eip",
            "aws_nat_gateway.ngw",
            "aws_subnet.public",
            "aws_vpc.terra_vpc",
            "data.aws_availability_zones.available"
          ]
        }
      ]
    },
    {
      "mode": "managed",
      "type": "aws_route_table",
      "name": "public",
      "provider": "provider[\"registry.terraform.io/hashicorp/aws\"]",
      "instances": [
        {
          "schema_version": 0,
          "attributes": {
            "arn": "arn:aws:ec2:ap-south-1:782832397014:route-table/rtb-072d05a774ca38b1f",
            "id": "rtb-072d05a774ca38b1f",
            "owner_id": "782832397014",
            "propagating_vgws": [],
            "route": [
              {
                "carrier_gateway_id": "",
                "cidr_block": "0.0.0.0/0",
                "core_network_arn": "",
                "destination_prefix_list_id": "",
                "egress_only_gateway_id": "",
                "gateway_id": "igw-0c2aac9208d93f28c",
                "ipv6_cidr_block": "",
                "local_gateway_id": "",
                "nat_gateway_id": "",
                "network_interface_id": "",
                "transit_gateway_id": "",
                "vpc_endpoint_id": "",
                "vpc_peering_connection_id": ""
              }
            ],
            "tags": {
              "Name": "terra-public-route-table"
            },
            "tags_all": {
              "Name": "terra-public-route-table"
            },
            "timeouts": null,
            "vpc_id": "vpc-031bb22e12866ad99"
          },
          "sensitive_attributes": [],
          "private": "eyJlMmJmYjczMC1lY2FhLTExZTYtOGY4OC0zNDM2M2JjN2M0YzAiOnsiY3JlYXRlIjozMDAwMDAwMDAwMDAsImRlbGV0ZSI6MzAwMDAwMDAwMDAwLCJ1cGRhdGUiOjEyMDAwMDAwMDAwMH19",
          "dependencies": [
            "aws_internet_gateway.gw",
            "aws_vpc.terra_vpc"
          ]
        }
      ]
    },
    {
      "mode": "managed",
      "type": "aws_route_table_association",
      "name": "private",
      "provider": "provider[\"registry.terraform.io/hashicorp/aws\"]",
      "instances": [
        {
          "index_key": "0",
          "schema_version": 0,
          "attributes": {
            "gateway_id": "",
            "id": "rtbassoc-02fee37e539e080ec",
            "route_table_id": "rtb-0bc80460fc2c8cb20",
            "subnet_id": "subnet-0c6415b8c25f88307",
            "timeouts": null
          },
          "sensitive_attributes": [],
          "private": "eyJlMmJmYjczMC1lY2FhLTExZTYtOGY4OC0zNDM2M2JjN2M0YzAiOnsiY3JlYXRlIjozMDAwMDAwMDAwMDAsImRlbGV0ZSI6MzAwMDAwMDAwMDAwLCJ1cGRhdGUiOjEyMDAwMDAwMDAwMH19",
          "dependencies": [
            "aws_eip.nat_eip",
            "aws_nat_gateway.ngw",
            "aws_route_table.private",
            "aws_subnet.private",
            "aws_subnet.public",
            "aws_vpc.terra_vpc",
            "data.aws_availability_zones.available"
          ]
        },
        {
          "index_key": "1",
          "schema_version": 0,
          "attributes": {
            "gateway_id": "",
            "id": "rtbassoc-0ba71f60ba295ded4",
            "route_table_id": "rtb-0bc80460fc2c8cb20",
            "subnet_id": "subnet-05761b2f5561b91c2",
            "timeouts": null
          },
          "sensitive_attributes": [],
          "private": "eyJlMmJmYjczMC1lY2FhLTExZTYtOGY4OC0zNDM2M2JjN2M0YzAiOnsiY3JlYXRlIjozMDAwMDAwMDAwMDAsImRlbGV0ZSI6MzAwMDAwMDAwMDAwLCJ1cGRhdGUiOjEyMDAwMDAwMDAwMH19",
          "dependencies": [
            "aws_eip.nat_eip",
            "aws_nat_gateway.ngw",
            "aws_route_table.private",
            "aws_subnet.private",
            "aws_subnet.public",
            "aws_vpc.terra_vpc",
            "data.aws_availability_zones.available"
          ]
        }
      ]
    },
    {
      "mode": "managed",
      "type": "aws_route_table_association",
      "name": "public",
      "provider": "provider[\"registry.terraform.io/hashicorp/aws\"]",
      "instances": [
        {
          "index_key": "0",
          "schema_version": 0,
          "attributes": {
            "gateway_id": "",
            "id": "rtbassoc-0195a511c03edaeab",
            "route_table_id": "rtb-072d05a774ca38b1f",
            "subnet_id": "subnet-034d532e7a4438f9f",
            "timeouts": null
          },
          "sensitive_attributes": [],
          "private": "eyJlMmJmYjczMC1lY2FhLTExZTYtOGY4OC0zNDM2M2JjN2M0YzAiOnsiY3JlYXRlIjozMDAwMDAwMDAwMDAsImRlbGV0ZSI6MzAwMDAwMDAwMDAwLCJ1cGRhdGUiOjEyMDAwMDAwMDAwMH19",
          "dependencies": [
            "aws_internet_gateway.gw",
            "aws_route_table.public",
            "aws_subnet.public",
            "aws_vpc.terra_vpc",
            "data.aws_availability_zones.available"
          ]
        },
        {
          "index_key": "1",
          "schema_version": 0,
          "attributes": {
            "gateway_id": "",
            "id": "rtbassoc-00adc7b7b217d63b1",
            "route_table_id": "rtb-072d05a774ca38b1f",
            "subnet_id": "subnet-08881bc56b0633e61",
            "timeouts": null
          },
          "sensitive_attributes": [],
          "private": "eyJlMmJmYjczMC1lY2FhLTExZTYtOGY4OC0zNDM2M2JjN2M0YzAiOnsiY3JlYXRlIjozMDAwMDAwMDAwMDAsImRlbGV0ZSI6MzAwMDAwMDAwMDAwLCJ1cGRhdGUiOjEyMDAwMDAwMDAwMH19",
          "dependencies": [
            "aws_internet_gateway.gw",
            "aws_route_table.public",
            "aws_subnet.public",
            "aws_vpc.terra_vpc",
            "data.aws_availability_zones.available"
          ]
        }
      ]
    },
    {
      "mode": "managed",
      "type": "aws_security_group",
      "name": "backend",
      "provider": "provider[\"registry.terraform.io/hashicorp/aws\"]",
      "instances": [
        {
          "schema_version": 1,
          "attributes": {
            "arn": "arn:aws:ec2:ap-south-1:782832397014:security-group/sg-0424a96b032198a62",
            "description": "Security Group for backend server",
            "egress": [
              {
                "cidr_blocks": [
                  "0.0.0.0/0"
                ],
                "description": "",
                "from_port": 0,
                "ipv6_cidr_blocks": [],
                "prefix_list_ids": [],
                "protocol": "-1",
                "security_groups": [],
                "self": false,
                "to_port": 0
              }
            ],
            "id": "sg-0424a96b032198a62",
            "ingress": [
              {
                "cidr_blocks": [
                  "0.0.0.0/0"
                ],
                "description": "",
                "from_port": 22,
                "ipv6_cidr_blocks": [],
                "prefix_list_ids": [],
                "protocol": "tcp",
                "security_groups": [],
                "self": false,
                "to_port": 22
              },
              {
                "cidr_blocks": [
                  "10.0.1.0/24"
                ],
                "description": "",
                "from_port": 8000,
                "ipv6_cidr_blocks": [],
                "prefix_list_ids": [],
                "protocol": "tcp",
                "security_groups": [],
                "self": false,
                "to_port": 8000
              },
              {
                "cidr_blocks": [
                  "10.0.2.0/24"
                ],
                "description": "",
                "from_port": 8000,
                "ipv6_cidr_blocks": [],
                "prefix_list_ids": [],
                "protocol": "tcp",
                "security_groups": [],
                "self": false,
                "to_port": 8000
              }
            ],
            "name": "terra-backend-sg",
            "name_prefix": "",
            "owner_id": "782832397014",
            "revoke_rules_on_delete": false,
            "tags": {
              "Name": "terra-backend-sg"
            },
            "tags_all": {
              "Name": "terra-backend-sg"
            },
            "timeouts": null,
            "vpc_id": "vpc-031bb22e12866ad99"
          },
          "sensitive_attributes": [],
          "private": "eyJlMmJmYjczMC1lY2FhLTExZTYtOGY4OC0zNDM2M2JjN2M0YzAiOnsiY3JlYXRlIjo2MDAwMDAwMDAwMDAsImRlbGV0ZSI6OTAwMDAwMDAwMDAwfSwic2NoZW1hX3ZlcnNpb24iOiIxIn0=",
          "dependencies": [
            "aws_subnet.public",
            "aws_vpc.terra_vpc",
            "data.aws_availability_zones.available"
          ]
        }
      ]
    },
    {
      "mode": "managed",
      "type": "aws_security_group",
      "name": "database",
      "provider": "provider[\"registry.terraform.io/hashicorp/aws\"]",
      "instances": [
        {
          "schema_version": 1,
          "attributes": {
            "arn": "arn:aws:ec2:ap-south-1:782832397014:security-group/sg-07716cd8f3c8921fa",
            "description": "Security Group for database server",
            "egress": [
              {
                "cidr_blocks": [
                  "0.0.0.0/0"
                ],
                "description": "",
                "from_port": 0,
                "ipv6_cidr_blocks": [],
                "prefix_list_ids": [],
                "protocol": "-1",
                "security_groups": [],
                "self": false,
                "to_port": 0
              }
            ],
            "id": "sg-07716cd8f3c8921fa",
            "ingress": [
              {
                "cidr_blocks": [
                  "0.0.0.0/0"
                ],
                "description": "",
                "from_port": 22,
                "ipv6_cidr_blocks": [],
                "prefix_list_ids": [],
                "protocol": "tcp",
                "security_groups": [],
                "self": false,
                "to_port": 22
              },
              {
                "cidr_blocks": [
                  "10.0.1.0/24"
                ],
                "description": "",
                "from_port": 3306,
                "ipv6_cidr_blocks": [],
                "prefix_list_ids": [],
                "protocol": "tcp",
                "security_groups": [],
                "self": false,
                "to_port": 3306
              },
              {
                "cidr_blocks": [
                  "10.0.101.0/24"
                ],
                "description": "",
                "from_port": 3306,
                "ipv6_cidr_blocks": [],
                "prefix_list_ids": [],
                "protocol": "tcp",
                "security_groups": [],
                "self": false,
                "to_port": 3306
              },
              {
                "cidr_blocks": [
                  "10.0.102.0/24"
                ],
                "description": "",
                "from_port": 3306,
                "ipv6_cidr_blocks": [],
                "prefix_list_ids": [],
                "protocol": "tcp",
                "security_groups": [],
                "self": false,
                "to_port": 3306
              },
              {
                "cidr_blocks": [
                  "10.0.2.0/24"
                ],
                "description": "",
                "from_port": 3306,
                "ipv6_cidr_blocks": [],
                "prefix_list_ids": [],
                "protocol": "tcp",
                "security_groups": [],
                "self": false,
                "to_port": 3306
              }
            ],
            "name": "terra-database-sg",
            "name_prefix": "",
            "owner_id": "782832397014",
            "revoke_rules_on_delete": false,
            "tags": {
              "Name": "terra-database-sg"
            },
            "tags_all": {
              "Name": "terra-database-sg"
            },
            "timeouts": null,
            "vpc_id": "vpc-031bb22e12866ad99"
          },
          "sensitive_attributes": [],
          "private": "eyJlMmJmYjczMC1lY2FhLTExZTYtOGY4OC0zNDM2M2JjN2M0YzAiOnsiY3JlYXRlIjo2MDAwMDAwMDAwMDAsImRlbGV0ZSI6OTAwMDAwMDAwMDAwfSwic2NoZW1hX3ZlcnNpb24iOiIxIn0=",
          "dependencies": [
            "aws_subnet.private",
            "aws_subnet.public",
            "aws_vpc.terra_vpc",
            "data.aws_availability_zones.available"
          ]
        }
      ]
    },
    {
      "mode": "managed",
      "type": "aws_security_group",
      "name": "frontend",
      "provider": "provider[\"registry.terraform.io/hashicorp/aws\"]",
      "instances": [
        {
          "schema_version": 1,
          "attributes": {
            "arn": "arn:aws:ec2:ap-south-1:782832397014:security-group/sg-07d295bae22158f9b",
            "description": "Security Group for frontend web server",
            "egress": [
              {
                "cidr_blocks": [
                  "0.0.0.0/0"
                ],
                "description": "",
                "from_port": 0,
                "ipv6_cidr_blocks": [],
                "prefix_list_ids": [],
                "protocol": "-1",
                "security_groups": [],
                "self": false,
                "to_port": 0
              }
            ],
            "id": "sg-07d295bae22158f9b",
            "ingress": [
              {
                "cidr_blocks": [
                  "0.0.0.0/0"
                ],
                "description": "",
                "from_port": 22,
                "ipv6_cidr_blocks": [],
                "prefix_list_ids": [],
                "protocol": "tcp",
                "security_groups": [],
                "self": false,
                "to_port": 22
              },
              {
                "cidr_blocks": [
                  "0.0.0.0/0"
                ],
                "description": "",
                "from_port": 80,
                "ipv6_cidr_blocks": [],
                "prefix_list_ids": [],
                "protocol": "tcp",
                "security_groups": [],
                "self": false,
                "to_port": 80
              }
            ],
            "name": "terra-frontend-web-sg",
            "name_prefix": "",
            "owner_id": "782832397014",
            "revoke_rules_on_delete": false,
            "tags": {
              "Name": "terra-frontend-web-sg"
            },
            "tags_all": {
              "Name": "terra-frontend-web-sg"
            },
            "timeouts": null,
            "vpc_id": "vpc-031bb22e12866ad99"
          },
          "sensitive_attributes": [],
          "private": "eyJlMmJmYjczMC1lY2FhLTExZTYtOGY4OC0zNDM2M2JjN2M0YzAiOnsiY3JlYXRlIjo2MDAwMDAwMDAwMDAsImRlbGV0ZSI6OTAwMDAwMDAwMDAwfSwic2NoZW1hX3ZlcnNpb24iOiIxIn0=",
          "dependencies": [
            "aws_vpc.terra_vpc"
          ]
        }
      ]
    },
    {
      "mode": "managed",
      "type": "aws_subnet",
      "name": "private",
      "provider": "provider[\"registry.terraform.io/hashicorp/aws\"]",
      "instances": [
        {
          "index_key": "0",
          "schema_version": 1,
          "attributes": {
            "arn": "arn:aws:ec2:ap-south-1:782832397014:subnet/subnet-0c6415b8c25f88307",
            "assign_ipv6_address_on_creation": false,
            "availability_zone": "ap-south-1b",
            "availability_zone_id": "aps1-az3",
            "cidr_block": "10.0.101.0/24",
            "customer_owned_ipv4_pool": "",
            "enable_dns64": false,
            "enable_lni_at_device_index": 0,
            "enable_resource_name_dns_a_record_on_launch": false,
            "enable_resource_name_dns_aaaa_record_on_launch": false,
            "id": "subnet-0c6415b8c25f88307",
            "ipv6_cidr_block": "",
            "ipv6_cidr_block_association_id": "",
            "ipv6_native": false,
            "map_customer_owned_ip_on_launch": false,
            "map_public_ip_on_launch": false,
            "outpost_arn": "",
            "owner_id": "782832397014",
            "private_dns_hostname_type_on_launch": "ip-name",
            "tags": {
              "Name": "terra-private-subnet-01"
            },
            "tags_all": {
              "Name": "terra-private-subnet-01"
            },
            "timeouts": null,
            "vpc_id": "vpc-031bb22e12866ad99"
          },
          "sensitive_attributes": [],
          "private": "eyJlMmJmYjczMC1lY2FhLTExZTYtOGY4OC0zNDM2M2JjN2M0YzAiOnsiY3JlYXRlIjo2MDAwMDAwMDAwMDAsImRlbGV0ZSI6MTIwMDAwMDAwMDAwMH0sInNjaGVtYV92ZXJzaW9uIjoiMSJ9",
          "dependencies": [
            "aws_vpc.terra_vpc",
            "data.aws_availability_zones.available"
          ]
        },
        {
          "index_key": "1",
          "schema_version": 1,
          "attributes": {
            "arn": "arn:aws:ec2:ap-south-1:782832397014:subnet/subnet-05761b2f5561b91c2",
            "assign_ipv6_address_on_creation": false,
            "availability_zone": "ap-south-1c",
            "availability_zone_id": "aps1-az2",
            "cidr_block": "10.0.102.0/24",
            "customer_owned_ipv4_pool": "",
            "enable_dns64": false,
            "enable_lni_at_device_index": 0,
            "enable_resource_name_dns_a_record_on_launch": false,
            "enable_resource_name_dns_aaaa_record_on_launch": false,
            "id": "subnet-05761b2f5561b91c2",
            "ipv6_cidr_block": "",
            "ipv6_cidr_block_association_id": "",
            "ipv6_native": false,
            "map_customer_owned_ip_on_launch": false,
            "map_public_ip_on_launch": false,
            "outpost_arn": "",
            "owner_id": "782832397014",
            "private_dns_hostname_type_on_launch": "ip-name",
            "tags": {
              "Name": "terra-private-subnet-02"
            },
            "tags_all": {
              "Name": "terra-private-subnet-02"
            },
            "timeouts": null,
            "vpc_id": "vpc-031bb22e12866ad99"
          },
          "sensitive_attributes": [],
          "private": "eyJlMmJmYjczMC1lY2FhLTExZTYtOGY4OC0zNDM2M2JjN2M0YzAiOnsiY3JlYXRlIjo2MDAwMDAwMDAwMDAsImRlbGV0ZSI6MTIwMDAwMDAwMDAwMH0sInNjaGVtYV92ZXJzaW9uIjoiMSJ9",
          "dependencies": [
            "aws_vpc.terra_vpc",
            "data.aws_availability_zones.available"
          ]
        }
      ]
    },
    {
      "mode": "managed",
      "type": "aws_subnet",
      "name": "public",
      "provider": "provider[\"registry.terraform.io/hashicorp/aws\"]",
      "instances": [
        {
          "index_key": "0",
          "schema_version": 1,
          "attributes": {
            "arn": "arn:aws:ec2:ap-south-1:782832397014:subnet/subnet-034d532e7a4438f9f",
            "assign_ipv6_address_on_creation": false,
            "availability_zone": "ap-south-1a",
            "availability_zone_id": "aps1-az1",
            "cidr_block": "10.0.1.0/24",
            "customer_owned_ipv4_pool": "",
            "enable_dns64": false,
            "enable_lni_at_device_index": 0,
            "enable_resource_name_dns_a_record_on_launch": false,
            "enable_resource_name_dns_aaaa_record_on_launch": false,
            "id": "subnet-034d532e7a4438f9f",
            "ipv6_cidr_block": "",
            "ipv6_cidr_block_association_id": "",
            "ipv6_native": false,
            "map_customer_owned_ip_on_launch": false,
            "map_public_ip_on_launch": true,
            "outpost_arn": "",
            "owner_id": "782832397014",
            "private_dns_hostname_type_on_launch": "ip-name",
            "tags": {
              "Name": "terra-public-subnet-01"
            },
            "tags_all": {
              "Name": "terra-public-subnet-01"
            },
            "timeouts": null,
            "vpc_id": "vpc-031bb22e12866ad99"
          },
          "sensitive_attributes": [],
          "private": "eyJlMmJmYjczMC1lY2FhLTExZTYtOGY4OC0zNDM2M2JjN2M0YzAiOnsiY3JlYXRlIjo2MDAwMDAwMDAwMDAsImRlbGV0ZSI6MTIwMDAwMDAwMDAwMH0sInNjaGVtYV92ZXJzaW9uIjoiMSJ9",
          "dependencies": [
            "aws_vpc.terra_vpc",
            "data.aws_availability_zones.available"
          ]
        },
        {
          "index_key": "1",
          "schema_version": 1,
          "attributes": {
            "arn": "arn:aws:ec2:ap-south-1:782832397014:subnet/subnet-08881bc56b0633e61",
            "assign_ipv6_address_on_creation": false,
            "availability_zone": "ap-south-1b",
            "availability_zone_id": "aps1-az3",
            "cidr_block": "10.0.2.0/24",
            "customer_owned_ipv4_pool": "",
            "enable_dns64": false,
            "enable_lni_at_device_index": 0,
            "enable_resource_name_dns_a_record_on_launch": false,
            "enable_resource_name_dns_aaaa_record_on_launch": false,
            "id": "subnet-08881bc56b0633e61",
            "ipv6_cidr_block": "",
            "ipv6_cidr_block_association_id": "",
            "ipv6_native": false,
            "map_customer_owned_ip_on_launch": false,
            "map_public_ip_on_launch": true,
            "outpost_arn": "",
            "owner_id": "782832397014",
            "private_dns_hostname_type_on_launch": "ip-name",
            "tags": {
              "Name": "terra-public-subnet-02"
            },
            "tags_all": {
              "Name": "terra-public-subnet-02"
            },
            "timeouts": null,
            "vpc_id": "vpc-031bb22e12866ad99"
          },
          "sensitive_attributes": [],
          "private": "eyJlMmJmYjczMC1lY2FhLTExZTYtOGY4OC0zNDM2M2JjN2M0YzAiOnsiY3JlYXRlIjo2MDAwMDAwMDAwMDAsImRlbGV0ZSI6MTIwMDAwMDAwMDAwMH0sInNjaGVtYV92ZXJzaW9uIjoiMSJ9",
          "dependencies": [
            "aws_vpc.terra_vpc",
            "data.aws_availability_zones.available"
          ]
        }
      ]
    },
    {
      "mode": "managed",
      "type": "aws_vpc",
      "name": "terra_vpc",
      "provider": "provider[\"registry.terraform.io/hashicorp/aws\"]",
      "instances": [
        {
          "schema_version": 1,
          "attributes": {
            "arn": "arn:aws:ec2:ap-south-1:782832397014:vpc/vpc-031bb22e12866ad99",
            "assign_generated_ipv6_cidr_block": false,
            "cidr_block": "10.0.0.0/16",
            "default_network_acl_id": "acl-0dcfefc057b0c2620",
            "default_route_table_id": "rtb-0c8ed5ed99c3dea8a",
            "default_security_group_id": "sg-03d0193da42870a8c",
            "dhcp_options_id": "dopt-ae6d60c6",
            "enable_dns_hostnames": false,
            "enable_dns_support": true,
            "enable_network_address_usage_metrics": false,
            "id": "vpc-031bb22e12866ad99",
            "instance_tenancy": "default",
            "ipv4_ipam_pool_id": null,
            "ipv4_netmask_length": null,
            "ipv6_association_id": "",
            "ipv6_cidr_block": "",
            "ipv6_cidr_block_network_border_group": "",
            "ipv6_ipam_pool_id": "",
            "ipv6_netmask_length": 0,
            "main_route_table_id": "rtb-0c8ed5ed99c3dea8a",
            "owner_id": "782832397014",
            "tags": {
              "Name": "terra-vpc"
            },
            "tags_all": {
              "Name": "terra-vpc"
            }
          },
          "sensitive_attributes": [],
          "private": "eyJzY2hlbWFfdmVyc2lvbiI6IjEifQ=="
        }
      ]
    },
    {
      "mode": "managed",
      "type": "local_file",
      "name": "terra_chatapp_local",
      "provider": "provider[\"registry.terraform.io/hashicorp/local\"]",
      "instances": [
        {
          "schema_version": 0,
          "attributes": {
            "content": "-----BEGIN RSA PRIVATE KEY-----\nMIIJJwIBAAKCAgEAm31bNvWOgnQK1B0+i/fm1g/hqgMXq8hFyDhipWKUcKVeTHMd\n5WdyQSB8JyFzIetiJGdFSSWggsJ+vga8idnT3/ivVhYJ0r0yNa2qTs4OuASE5o+x\n0p5C2IJqW8HlFm7J8ZHisq7lYk3jM/QgY8ELv1tzhPimywfym6C52V50PXtS+37O\nAp3rE9RMtR9vtV4HFzVyrhcWi54bWv7XjjpCgsXiPwSN1SnEhysW7Epb8gy+EoXd\nez/ivoqc6q6sPUEg/AqbC0DnSVWasv0VSGRI5+yXIIMW7PtlgZdRR5X1csTQuEtx\nno9RfAJIvwY/lOyRN+cfC+bKzPhKkygmiSrObsvVN5JfBriPiGeE+5skw3fsUB4N\nX1KalBxO+Z/VjOj9il2bsBLFjFlRhXRTWClDK9bbaFq38nmOpvse7hE/ysX7963q\n21H71c1oNCRe/QsHkGvSEQ/QCLwPP/nkJbuWwKXWYcWxKmzuWxYWrHbMz+lphcxV\nr3+32DK0mrnCB0lRz6QsvekJva58A/EiAyHn+V00c3vYl8/mRCMHxO03xN7Hyfog\n3gwJt/Lztym9nEbXg2xYY2NqGJF4bwoi/3xZHVSGaG3YEPzkpYStfWyrYvn/fwoP\nIfZQBPC9ESty4LEzZ2976O+DDRF8to3AKWi2txRDjojyGUV6fpz9ohDGf+sCAwEA\nAQKCAgBiuCcWcLcnGhfZ7itM4Hrdg73JnCcGOKQdZ7cxu7H1Bvkk3p2njZMbyE0q\n5vDbIz/vTuXNeCc9fdDMQyim+PatJ43iwSFBfD+JlxYe7HKp4KykWa0TxMk5/ysZ\n0LPrFzH9vprIyYP3cu4CiUebLfCQcLaaQOhc1VHx/wyf9nkko8zewfZ38N1UfKCr\nCid5ZhZoZNXHs/7ra9mAX3Zp5ZFex9ZKHlESem89Rl1KbjeMKQzwY69n1frW8NiJ\no5bVWSlg/DbN4Uo25DPQ2iAOEyW6ohqdWL1QfphGu9St94abdFvz9mpPujyI2EZp\nicUKf1v/uyyZ+NDfa/ClF4PH6Lag4ipovjEAmGVitjOSrKB+us2L6zujywVLiull\n5XYB6ATvC6zosteotN49KNnq2A1fM8ngo5a2oAzHTmxuMHR33FxooYmf0mY3NzP2\naibhKw1LVVVnLVVczpEo4h1Eb0x13V7hzxajgOFC9fQCKQMKQXWXc4nz8mD0ReLg\n2J3mZmaKuNsaKDnM64Psvyc0Lu/kfR6QGw4g3RH69Y5qmyLZr0EXQdxNxSf/kR+Y\nSopcRrw4qNrY9sPspdfyGuB7VZlqU5uT39aBop654sRVfX/W4mlzUjA1MD3AqZLI\nJjzFdvJB0oADtBJ2yc0kfQmF5AZy43plMaDKvW+Bss2u4+WuGQKCAQEAwOJEBVxb\nSBrF5D61yO7JfKO/MyhA01Sge3ses3yfyQseo5m4bSrfdWX404n+s8RzWu9bZSwn\nnc6Ihtn3JahbIYwP6s0I09EDemvJoaTXmRCAyIN8C+OFlTsaObN/WlWTNcqSgJBM\nKFTRY+tKQlRxzHCurYwQ+od4l1yLfoZYwYv0Bot8HWAsFEN4+ZuR2tCUY2MQjiLq\nEe2j4ow0ZXCQCQBVsLRxapzNaM43dQGCVafSK9IJFeWNxdft0I1wZ+HG+nBALxAX\nghFCUaSZSacHZv8ajq8creYIiATYBqKmnq6088acUh1maH3rNQaqn6wT0TgG7029\nXqTlQp9Tq2JMvwKCAQEAzl6bz/Bl5RufG4wo8KPgbagyQzFExifkpthXbrtoRfuY\nA8n3AjDyeNX/NK+1J/8g0taRzrvcVtKpE0OpnuvHa9tgpBZ5UwT61f2LWI5VDcMr\nHHbC0opcQYMqUHDkH4DZTymZWX2O8lFFe1Hqhq9dAkCqUrANcrUZAGRXcL4870PD\nHsD6s4OWoIjIRrbo8Xj27P1Wr/lR5vqKC03ebInEur19fDDNdlDy04nxOBSvtlQJ\n/UMsry1jpf0G0Mp82XvJObGzvqvPwkET3BFM0RNnhup6mKbSS1F/4uS+mQ86/aUC\n+mO1o0JndCbaADIrzyL4sjggCORTDZAcmLczHLub1QKCAQBVXxB6SvGADZGPP45Y\nPBBkIVnMO8HNh8RsQwdIrB1Q76IFCVHOx84V+SdUAd0BFi90jUKnmg6C01osTacN\nPOHxDDwzUcLZdcaTVcftyrc+YUaO+VtbK74BWiJ2bZMtmXjJszp6uuNqangvQIIi\nr5uawDkgSUFuka13WRfIzY/VQqukhfJOUjXQVjjiSdAZyH4VK1C1iJCPlN4XtLSw\nPU0THtnOl18nr/VesP9sw1k7rkbg7FrnHS5N5g+1YhThddYLHMnbysSM5jSzTCYo\nqkwlcz3+71TDR3B5O6Od9DnJPEyNJVglJCwijbEgTC4S9CflT2YKXx81F8j9XuW6\nkoyjAoIBAEm+fxlIQ3EidLHIXRzYwqsMzqE6KuRQfyGr71pvd6yCYmkAM9dBnHPX\nrLGsFCUtwxH0gPgKI4uXDboHlMZoZMPDCf641TP4dJYhWzkS64vWcUJjoezQanUy\npN1H6gzj40OpjtXuyzUGG7kcpZzpb2gNqY+Qv818r2l3cdOk92tcoI4N0chyPlIx\nbrfuRsF7Q2megeqyQjUy1D+D3PaWKIm+iuflHJaqCIvVIDC1G7EgyM0Kwx36L0Cy\ncUwM/55L4LVQLfX1uXEmBi2+tN+Fepo4kgSYoE8v2W4/5WgWjDL1U2IcXVzwrr1P\n4NjvFL6ZNZuh+LiUtqUDGWTtGkOrOt0CggEAJCXXbfb+yB5PVCeOWD2L4tuB+kG5\ncV5qik01kwrEmk9WdDOoBIU9pJJIVvBre1pclbxn76Jm8Y66okOqOjc00fGOS71S\n+GznHpAVQqJEA/524tO0lK3IPR88yiuaHxn+dTcK4rlj1FSvasL25zsm8qIGUMdq\nBhd8T/4SKJqQdad/ZqN16LKdKvA0mIESNEV6n7bakqIcoTSaHiRW5fYP98zIIqY8\n1K02L/CkNreCv4PDAKii/Byt0d7RPKapKv3TIJbxEXXOTSIC943tUP5B8m0NwI5X\nSvivrx6ZjZPtwvIZqGsxwjue5xERzucbuyY1gsJzCQoQ8gxLHFUHNrB0KA==\n-----END RSA PRIVATE KEY-----\n",
            "content_base64": null,
            "content_base64sha256": "pmbYfHrcycTf9HGzVlEQ4RjJvB/i3KTjrNit9vt/Kp0=",
            "content_base64sha512": "lkEVlizKgJptnqyFEb+ua+G63rI3RzYapTBToM9clDtjW6aq5dzkfJi9STGjnLa6hFr7Xg25V3PgJd1ml5G0wg==",
            "content_md5": "cfa464d5f31c5caf6efd615aa3926d6f",
            "content_sha1": "a2250058f7bd469b778c8d0df795da7c287f46d2",
            "content_sha256": "a666d87c7adcc9c4dff471b3565110e118c9bc1fe2dca4e3acd8adf6fb7f2a9d",
            "content_sha512": "964115962cca809a6d9eac8511bfae6be1badeb23747361aa53053a0cf5c943b635ba6aae5dce47c98bd4931a39cb6ba845afb5e0db95773e025dd669791b4c2",
            "directory_permission": "0777",
            "file_permission": "0777",
            "filename": "./terra-chatapp-key.pem",
            "id": "a2250058f7bd469b778c8d0df795da7c287f46d2",
            "sensitive_content": null,
            "source": null
          },
          "sensitive_attributes": [
            [
              {
                "type": "get_attr",
                "value": "sensitive_content"
              }
            ],
            [
              {
                "type": "get_attr",
                "value": "content"
              }
            ]
          ],
          "dependencies": [
            "tls_private_key.rsa"
          ]
        }
      ]
    },
    {
      "mode": "managed",
      "type": "null_resource",
      "name": "configure_backend",
      "provider": "provider[\"registry.terraform.io/hashicorp/null\"]",
      "instances": [
        {
          "schema_version": 0,
          "attributes": {
            "id": "201852790",
            "triggers": null
          },
          "sensitive_attributes": [],
          "dependencies": [
            "aws_eip.nat_eip",
            "aws_instance.backend",
            "aws_instance.database",
            "aws_instance.frontend",
            "aws_key_pair.terra_chatapp_key",
            "aws_nat_gateway.ngw",
            "aws_route_table.private",
            "aws_route_table_association.private",
            "aws_security_group.backend",
            "aws_security_group.database",
            "aws_security_group.frontend",
            "aws_subnet.private",
            "aws_subnet.public",
            "aws_vpc.terra_vpc",
            "data.aws_ami.backend",
            "data.aws_ami.ubuntu",
            "data.aws_availability_zones.available",
            "local_file.terra_chatapp_local",
            "null_resource.configure_database",
            "tls_private_key.rsa"
          ]
        }
      ]
    },
    {
      "mode": "managed",
      "type": "null_resource",
      "name": "configure_database",
      "provider": "provider[\"registry.terraform.io/hashicorp/null\"]",
      "instances": [
        {
          "schema_version": 0,
          "attributes": {
            "id": "136394220",
            "triggers": null
          },
          "sensitive_attributes": [],
          "dependencies": [
            "aws_eip.nat_eip",
            "aws_instance.backend",
            "aws_instance.database",
            "aws_instance.frontend",
            "aws_key_pair.terra_chatapp_key",
            "aws_nat_gateway.ngw",
            "aws_route_table.private",
            "aws_route_table_association.private",
            "aws_security_group.backend",
            "aws_security_group.database",
            "aws_security_group.frontend",
            "aws_subnet.private",
            "aws_subnet.public",
            "aws_vpc.terra_vpc",
            "data.aws_ami.backend",
            "data.aws_ami.ubuntu",
            "data.aws_availability_zones.available",
            "local_file.terra_chatapp_local",
            "tls_private_key.rsa"
          ]
        }
      ]
    },
    {
      "mode": "managed",
      "type": "null_resource",
      "name": "configure_frontend",
      "provider": "provider[\"registry.terraform.io/hashicorp/null\"]",
      "instances": [
        {
          "schema_version": 0,
          "attributes": {
            "id": "1274382882",
            "triggers": null
          },
          "sensitive_attributes": [],
          "dependencies": [
            "aws_eip.nat_eip",
            "aws_instance.backend",
            "aws_instance.database",
            "aws_instance.frontend",
            "aws_key_pair.terra_chatapp_key",
            "aws_nat_gateway.ngw",
            "aws_route_table.private",
            "aws_route_table_association.private",
            "aws_security_group.backend",
            "aws_security_group.database",
            "aws_security_group.frontend",
            "aws_subnet.private",
            "aws_subnet.public",
            "aws_vpc.terra_vpc",
            "data.aws_ami.backend",
            "data.aws_ami.ubuntu",
            "data.aws_availability_zones.available",
            "local_file.terra_chatapp_local",
            "null_resource.configure_backend",
            "null_resource.configure_database",
            "tls_private_key.rsa"
          ]
        }
      ]
    },
    {
      "mode": "managed",
      "type": "tls_private_key",
      "name": "rsa",
      "provider": "provider[\"registry.terraform.io/hashicorp/tls\"]",
      "instances": [
        {
          "schema_version": 1,
          "attributes": {
            "algorithm": "RSA",
            "ecdsa_curve": "P224",
            "id": "84580b412402ff643efe66b253d742a7a5830205",
            "private_key_openssh": "-----BEGIN OPENSSH PRIVATE KEY-----\nb3BlbnNzaC1rZXktdjEAAAAABG5vbmUAAAAEbm9uZQAAAAAAAAABAAACFwAAAAdz\nc2gtcnNhAAAAAwEAAQAAAgEAm31bNvWOgnQK1B0+i/fm1g/hqgMXq8hFyDhipWKU\ncKVeTHMd5WdyQSB8JyFzIetiJGdFSSWggsJ+vga8idnT3/ivVhYJ0r0yNa2qTs4O\nuASE5o+x0p5C2IJqW8HlFm7J8ZHisq7lYk3jM/QgY8ELv1tzhPimywfym6C52V50\nPXtS+37OAp3rE9RMtR9vtV4HFzVyrhcWi54bWv7XjjpCgsXiPwSN1SnEhysW7Epb\n8gy+EoXdez/ivoqc6q6sPUEg/AqbC0DnSVWasv0VSGRI5+yXIIMW7PtlgZdRR5X1\ncsTQuEtxno9RfAJIvwY/lOyRN+cfC+bKzPhKkygmiSrObsvVN5JfBriPiGeE+5sk\nw3fsUB4NX1KalBxO+Z/VjOj9il2bsBLFjFlRhXRTWClDK9bbaFq38nmOpvse7hE/\nysX7963q21H71c1oNCRe/QsHkGvSEQ/QCLwPP/nkJbuWwKXWYcWxKmzuWxYWrHbM\nz+lphcxVr3+32DK0mrnCB0lRz6QsvekJva58A/EiAyHn+V00c3vYl8/mRCMHxO03\nxN7Hyfog3gwJt/Lztym9nEbXg2xYY2NqGJF4bwoi/3xZHVSGaG3YEPzkpYStfWyr\nYvn/fwoPIfZQBPC9ESty4LEzZ2976O+DDRF8to3AKWi2txRDjojyGUV6fpz9ohDG\nf+sAAAc4zPnbh8z524cAAAAHc3NoLXJzYQAAAgEAm31bNvWOgnQK1B0+i/fm1g/h\nqgMXq8hFyDhipWKUcKVeTHMd5WdyQSB8JyFzIetiJGdFSSWggsJ+vga8idnT3/iv\nVhYJ0r0yNa2qTs4OuASE5o+x0p5C2IJqW8HlFm7J8ZHisq7lYk3jM/QgY8ELv1tz\nhPimywfym6C52V50PXtS+37OAp3rE9RMtR9vtV4HFzVyrhcWi54bWv7XjjpCgsXi\nPwSN1SnEhysW7Epb8gy+EoXdez/ivoqc6q6sPUEg/AqbC0DnSVWasv0VSGRI5+yX\nIIMW7PtlgZdRR5X1csTQuEtxno9RfAJIvwY/lOyRN+cfC+bKzPhKkygmiSrObsvV\nN5JfBriPiGeE+5skw3fsUB4NX1KalBxO+Z/VjOj9il2bsBLFjFlRhXRTWClDK9bb\naFq38nmOpvse7hE/ysX7963q21H71c1oNCRe/QsHkGvSEQ/QCLwPP/nkJbuWwKXW\nYcWxKmzuWxYWrHbMz+lphcxVr3+32DK0mrnCB0lRz6QsvekJva58A/EiAyHn+V00\nc3vYl8/mRCMHxO03xN7Hyfog3gwJt/Lztym9nEbXg2xYY2NqGJF4bwoi/3xZHVSG\naG3YEPzkpYStfWyrYvn/fwoPIfZQBPC9ESty4LEzZ2976O+DDRF8to3AKWi2txRD\njojyGUV6fpz9ohDGf+sAAAADAQABAAACAGK4JxZwtycaF9nuK0zget2DvcmcJwY4\npB1ntzG7sfUG+STenaeNkxvITSrm8NsjP+9O5c14Jz190MxDKKb49q0njeLBIUF8\nP4mXFh7scqngrKRZrRPEyTn/KxnQs+sXMf2+msjJg/dy7gKJR5st8JBwtppA6FzV\nUfH/DJ/2eSSjzN7B9nfw3VR8oKsKJ3lmFmhk1cez/utr2YBfdmnlkV7H1koeURJ6\nbz1GXUpuN4wpDPBjr2fV+tbw2ImjltVZKWD8Ns3hSjbkM9DaIA4TJbqiGp1YvVB+\nmEa71K33hpt0W/P2ak+6PIjYRmmJxQp/W/+7LJn40N9r8KUXg8fotqDiKmi+MQCY\nZWK2M5KsoH66zYvrO6PLBUuK6WXldgHoBO8LrOiy16i03j0o2erYDV8zyeCjlrag\nDMdObG4wdHfcXGihiZ/SZjc3M/ZqJuErDUtVVWctVVzOkSjiHURvTHXdXuHPFqOA\n4UL19AIpAwpBdZdzifPyYPRF4uDYneZmZoq42xooOczrg+y/JzQu7+R9HpAbDiDd\nEfr1jmqbItmvQRdB3E3FJ/+RH5hKilxGvDio2tj2w+yl1/Ia4HtVmWpTm5Pf1oGi\nnrnixFV9f9biaXNSMDUwPcCpksgmPMV28kHSgAO0EnbJzSR9CYXkBnLjemUxoMq9\nb4Gyza7j5a4ZAAABACQl1232/sgeT1Qnjlg9i+LbgfpBuXFeaopNNZMKxJpPVnQz\nqASFPaSSSFbwa3taXJW8Z++iZvGOuqJDqjo3NNHxjku9Uvhs5x6QFUKiRAP+duLT\ntJStyD0fPMormh8Z/nU3CuK5Y9RUr2rC9uc7JvKiBlDHagYXfE/+EiiakHWnf2aj\ndeiynSrwNJiBEjRFep+22pKiHKE0mh4kVuX2D/fMyCKmPNStNi/wpDa3gr+DwwCo\novwcrdHe0TymqSr90yCW8RF1zk0iAveN7VD+QfJtDcCOV0r4r68emY2T7cLyGahr\nMcI7nucREc7nG7smNYLCcwkKEPIMSxxVBzawdCgAAAEBAMDiRAVcW0gaxeQ+tcju\nyXyjvzMoQNNUoHt7HrN8n8kLHqOZuG0q33Vl+NOJ/rPEc1rvW2UsJ53OiIbZ9yWo\nWyGMD+rNCNPRA3pryaGk15kQgMiDfAvjhZU7Gjmzf1pVkzXKkoCQTChU0WPrSkJU\nccxwrq2MEPqHeJdci36GWMGL9AaLfB1gLBRDePmbkdrQlGNjEI4i6hHto+KMNGVw\nkAkAVbC0cWqczWjON3UBglWn0ivSCRXljcXX7dCNcGfhxvpwQC8QF4IRQlGkmUmn\nB2b/Go6vHK3mCIgE2Aaipp6utPPGnFIdZmh96zUGqp+sE9E4Bu9NvV6k5UKfU6ti\nTL8AAAEBAM5em8/wZeUbnxuMKPCj4G2oMkMxRMYn5KbYV267aEX7mAPJ9wIw8njV\n/zSvtSf/INLWkc673FbSqRNDqZ7rx2vbYKQWeVME+tX9i1iOVQ3DKxx2wtKKXEGD\nKlBw5B+A2U8pmVl9jvJRRXtR6oavXQJAqlKwDXK1GQBkV3C+PO9Dwx7A+rODlqCI\nyEa26PF49uz9Vq/5Ueb6igtN3myJxLq9fXwwzXZQ8tOJ8TgUr7ZUCf1DLK8tY6X9\nBtDKfNl7yTmxs76rz8JBE9wRTNETZ4bqepim0ktRf+LkvpkPOv2lAvpjtaNCZ3Qm\n2gAyK88i+LI4IAjkUw2QHJi3Mxy7m9UAAAAAAQID\n-----END OPENSSH PRIVATE KEY-----\n",
            "private_key_pem": "-----BEGIN RSA PRIVATE KEY-----\nMIIJJwIBAAKCAgEAm31bNvWOgnQK1B0+i/fm1g/hqgMXq8hFyDhipWKUcKVeTHMd\n5WdyQSB8JyFzIetiJGdFSSWggsJ+vga8idnT3/ivVhYJ0r0yNa2qTs4OuASE5o+x\n0p5C2IJqW8HlFm7J8ZHisq7lYk3jM/QgY8ELv1tzhPimywfym6C52V50PXtS+37O\nAp3rE9RMtR9vtV4HFzVyrhcWi54bWv7XjjpCgsXiPwSN1SnEhysW7Epb8gy+EoXd\nez/ivoqc6q6sPUEg/AqbC0DnSVWasv0VSGRI5+yXIIMW7PtlgZdRR5X1csTQuEtx\nno9RfAJIvwY/lOyRN+cfC+bKzPhKkygmiSrObsvVN5JfBriPiGeE+5skw3fsUB4N\nX1KalBxO+Z/VjOj9il2bsBLFjFlRhXRTWClDK9bbaFq38nmOpvse7hE/ysX7963q\n21H71c1oNCRe/QsHkGvSEQ/QCLwPP/nkJbuWwKXWYcWxKmzuWxYWrHbMz+lphcxV\nr3+32DK0mrnCB0lRz6QsvekJva58A/EiAyHn+V00c3vYl8/mRCMHxO03xN7Hyfog\n3gwJt/Lztym9nEbXg2xYY2NqGJF4bwoi/3xZHVSGaG3YEPzkpYStfWyrYvn/fwoP\nIfZQBPC9ESty4LEzZ2976O+DDRF8to3AKWi2txRDjojyGUV6fpz9ohDGf+sCAwEA\nAQKCAgBiuCcWcLcnGhfZ7itM4Hrdg73JnCcGOKQdZ7cxu7H1Bvkk3p2njZMbyE0q\n5vDbIz/vTuXNeCc9fdDMQyim+PatJ43iwSFBfD+JlxYe7HKp4KykWa0TxMk5/ysZ\n0LPrFzH9vprIyYP3cu4CiUebLfCQcLaaQOhc1VHx/wyf9nkko8zewfZ38N1UfKCr\nCid5ZhZoZNXHs/7ra9mAX3Zp5ZFex9ZKHlESem89Rl1KbjeMKQzwY69n1frW8NiJ\no5bVWSlg/DbN4Uo25DPQ2iAOEyW6ohqdWL1QfphGu9St94abdFvz9mpPujyI2EZp\nicUKf1v/uyyZ+NDfa/ClF4PH6Lag4ipovjEAmGVitjOSrKB+us2L6zujywVLiull\n5XYB6ATvC6zosteotN49KNnq2A1fM8ngo5a2oAzHTmxuMHR33FxooYmf0mY3NzP2\naibhKw1LVVVnLVVczpEo4h1Eb0x13V7hzxajgOFC9fQCKQMKQXWXc4nz8mD0ReLg\n2J3mZmaKuNsaKDnM64Psvyc0Lu/kfR6QGw4g3RH69Y5qmyLZr0EXQdxNxSf/kR+Y\nSopcRrw4qNrY9sPspdfyGuB7VZlqU5uT39aBop654sRVfX/W4mlzUjA1MD3AqZLI\nJjzFdvJB0oADtBJ2yc0kfQmF5AZy43plMaDKvW+Bss2u4+WuGQKCAQEAwOJEBVxb\nSBrF5D61yO7JfKO/MyhA01Sge3ses3yfyQseo5m4bSrfdWX404n+s8RzWu9bZSwn\nnc6Ihtn3JahbIYwP6s0I09EDemvJoaTXmRCAyIN8C+OFlTsaObN/WlWTNcqSgJBM\nKFTRY+tKQlRxzHCurYwQ+od4l1yLfoZYwYv0Bot8HWAsFEN4+ZuR2tCUY2MQjiLq\nEe2j4ow0ZXCQCQBVsLRxapzNaM43dQGCVafSK9IJFeWNxdft0I1wZ+HG+nBALxAX\nghFCUaSZSacHZv8ajq8creYIiATYBqKmnq6088acUh1maH3rNQaqn6wT0TgG7029\nXqTlQp9Tq2JMvwKCAQEAzl6bz/Bl5RufG4wo8KPgbagyQzFExifkpthXbrtoRfuY\nA8n3AjDyeNX/NK+1J/8g0taRzrvcVtKpE0OpnuvHa9tgpBZ5UwT61f2LWI5VDcMr\nHHbC0opcQYMqUHDkH4DZTymZWX2O8lFFe1Hqhq9dAkCqUrANcrUZAGRXcL4870PD\nHsD6s4OWoIjIRrbo8Xj27P1Wr/lR5vqKC03ebInEur19fDDNdlDy04nxOBSvtlQJ\n/UMsry1jpf0G0Mp82XvJObGzvqvPwkET3BFM0RNnhup6mKbSS1F/4uS+mQ86/aUC\n+mO1o0JndCbaADIrzyL4sjggCORTDZAcmLczHLub1QKCAQBVXxB6SvGADZGPP45Y\nPBBkIVnMO8HNh8RsQwdIrB1Q76IFCVHOx84V+SdUAd0BFi90jUKnmg6C01osTacN\nPOHxDDwzUcLZdcaTVcftyrc+YUaO+VtbK74BWiJ2bZMtmXjJszp6uuNqangvQIIi\nr5uawDkgSUFuka13WRfIzY/VQqukhfJOUjXQVjjiSdAZyH4VK1C1iJCPlN4XtLSw\nPU0THtnOl18nr/VesP9sw1k7rkbg7FrnHS5N5g+1YhThddYLHMnbysSM5jSzTCYo\nqkwlcz3+71TDR3B5O6Od9DnJPEyNJVglJCwijbEgTC4S9CflT2YKXx81F8j9XuW6\nkoyjAoIBAEm+fxlIQ3EidLHIXRzYwqsMzqE6KuRQfyGr71pvd6yCYmkAM9dBnHPX\nrLGsFCUtwxH0gPgKI4uXDboHlMZoZMPDCf641TP4dJYhWzkS64vWcUJjoezQanUy\npN1H6gzj40OpjtXuyzUGG7kcpZzpb2gNqY+Qv818r2l3cdOk92tcoI4N0chyPlIx\nbrfuRsF7Q2megeqyQjUy1D+D3PaWKIm+iuflHJaqCIvVIDC1G7EgyM0Kwx36L0Cy\ncUwM/55L4LVQLfX1uXEmBi2+tN+Fepo4kgSYoE8v2W4/5WgWjDL1U2IcXVzwrr1P\n4NjvFL6ZNZuh+LiUtqUDGWTtGkOrOt0CggEAJCXXbfb+yB5PVCeOWD2L4tuB+kG5\ncV5qik01kwrEmk9WdDOoBIU9pJJIVvBre1pclbxn76Jm8Y66okOqOjc00fGOS71S\n+GznHpAVQqJEA/524tO0lK3IPR88yiuaHxn+dTcK4rlj1FSvasL25zsm8qIGUMdq\nBhd8T/4SKJqQdad/ZqN16LKdKvA0mIESNEV6n7bakqIcoTSaHiRW5fYP98zIIqY8\n1K02L/CkNreCv4PDAKii/Byt0d7RPKapKv3TIJbxEXXOTSIC943tUP5B8m0NwI5X\nSvivrx6ZjZPtwvIZqGsxwjue5xERzucbuyY1gsJzCQoQ8gxLHFUHNrB0KA==\n-----END RSA PRIVATE KEY-----\n",
            "private_key_pem_pkcs8": "-----BEGIN PRIVATE KEY-----\nMIIJQQIBADANBgkqhkiG9w0BAQEFAASCCSswggknAgEAAoICAQCbfVs29Y6CdArU\nHT6L9+bWD+GqAxeryEXIOGKlYpRwpV5Mcx3lZ3JBIHwnIXMh62IkZ0VJJaCCwn6+\nBryJ2dPf+K9WFgnSvTI1rapOzg64BITmj7HSnkLYgmpbweUWbsnxkeKyruViTeMz\n9CBjwQu/W3OE+KbLB/KboLnZXnQ9e1L7fs4CnesT1Ey1H2+1XgcXNXKuFxaLnhta\n/teOOkKCxeI/BI3VKcSHKxbsSlvyDL4Shd17P+K+ipzqrqw9QSD8CpsLQOdJVZqy\n/RVIZEjn7Jcggxbs+2WBl1FHlfVyxNC4S3Gej1F8Aki/Bj+U7JE35x8L5srM+EqT\nKCaJKs5uy9U3kl8GuI+IZ4T7myTDd+xQHg1fUpqUHE75n9WM6P2KXZuwEsWMWVGF\ndFNYKUMr1ttoWrfyeY6m+x7uET/Kxfv3rerbUfvVzWg0JF79CweQa9IRD9AIvA8/\n+eQlu5bApdZhxbEqbO5bFhasdszP6WmFzFWvf7fYMrSaucIHSVHPpCy96Qm9rnwD\n8SIDIef5XTRze9iXz+ZEIwfE7TfE3sfJ+iDeDAm38vO3Kb2cRteDbFhjY2oYkXhv\nCiL/fFkdVIZobdgQ/OSlhK19bKti+f9/Cg8h9lAE8L0RK3LgsTNnb3vo74MNEXy2\njcApaLa3FEOOiPIZRXp+nP2iEMZ/6wIDAQABAoICAGK4JxZwtycaF9nuK0zget2D\nvcmcJwY4pB1ntzG7sfUG+STenaeNkxvITSrm8NsjP+9O5c14Jz190MxDKKb49q0n\njeLBIUF8P4mXFh7scqngrKRZrRPEyTn/KxnQs+sXMf2+msjJg/dy7gKJR5st8JBw\ntppA6FzVUfH/DJ/2eSSjzN7B9nfw3VR8oKsKJ3lmFmhk1cez/utr2YBfdmnlkV7H\n1koeURJ6bz1GXUpuN4wpDPBjr2fV+tbw2ImjltVZKWD8Ns3hSjbkM9DaIA4TJbqi\nGp1YvVB+mEa71K33hpt0W/P2ak+6PIjYRmmJxQp/W/+7LJn40N9r8KUXg8fotqDi\nKmi+MQCYZWK2M5KsoH66zYvrO6PLBUuK6WXldgHoBO8LrOiy16i03j0o2erYDV8z\nyeCjlragDMdObG4wdHfcXGihiZ/SZjc3M/ZqJuErDUtVVWctVVzOkSjiHURvTHXd\nXuHPFqOA4UL19AIpAwpBdZdzifPyYPRF4uDYneZmZoq42xooOczrg+y/JzQu7+R9\nHpAbDiDdEfr1jmqbItmvQRdB3E3FJ/+RH5hKilxGvDio2tj2w+yl1/Ia4HtVmWpT\nm5Pf1oGinrnixFV9f9biaXNSMDUwPcCpksgmPMV28kHSgAO0EnbJzSR9CYXkBnLj\nemUxoMq9b4Gyza7j5a4ZAoIBAQDA4kQFXFtIGsXkPrXI7sl8o78zKEDTVKB7ex6z\nfJ/JCx6jmbhtKt91ZfjTif6zxHNa71tlLCedzoiG2fclqFshjA/qzQjT0QN6a8mh\npNeZEIDIg3wL44WVOxo5s39aVZM1ypKAkEwoVNFj60pCVHHMcK6tjBD6h3iXXIt+\nhljBi/QGi3wdYCwUQ3j5m5Ha0JRjYxCOIuoR7aPijDRlcJAJAFWwtHFqnM1ozjd1\nAYJVp9Ir0gkV5Y3F1+3QjXBn4cb6cEAvEBeCEUJRpJlJpwdm/xqOrxyt5giIBNgG\noqaerrTzxpxSHWZofes1BqqfrBPROAbvTb1epOVCn1OrYky/AoIBAQDOXpvP8GXl\nG58bjCjwo+BtqDJDMUTGJ+Sm2Fduu2hF+5gDyfcCMPJ41f80r7Un/yDS1pHOu9xW\n0qkTQ6me68dr22CkFnlTBPrV/YtYjlUNwyscdsLSilxBgypQcOQfgNlPKZlZfY7y\nUUV7UeqGr10CQKpSsA1ytRkAZFdwvjzvQ8MewPqzg5agiMhGtujxePbs/Vav+VHm\n+ooLTd5sicS6vX18MM12UPLTifE4FK+2VAn9QyyvLWOl/QbQynzZe8k5sbO+q8/C\nQRPcEUzRE2eG6nqYptJLUX/i5L6ZDzr9pQL6Y7WjQmd0JtoAMivPIviyOCAI5FMN\nkByYtzMcu5vVAoIBAFVfEHpK8YANkY8/jlg8EGQhWcw7wc2HxGxDB0isHVDvogUJ\nUc7HzhX5J1QB3QEWL3SNQqeaDoLTWixNpw084fEMPDNRwtl1xpNVx+3Ktz5hRo75\nW1srvgFaInZtky2ZeMmzOnq642pqeC9AgiKvm5rAOSBJQW6RrXdZF8jNj9VCq6SF\n8k5SNdBWOOJJ0BnIfhUrULWIkI+U3he0tLA9TRMe2c6XXyev9V6w/2zDWTuuRuDs\nWucdLk3mD7ViFOF11gscydvKxIzmNLNMJiiqTCVzPf7vVMNHcHk7o530Ock8TI0l\nWCUkLCKNsSBMLhL0J+VPZgpfHzUXyP1e5bqSjKMCggEASb5/GUhDcSJ0schdHNjC\nqwzOoToq5FB/IavvWm93rIJiaQAz10Gcc9essawUJS3DEfSA+Aoji5cNugeUxmhk\nw8MJ/rjVM/h0liFbORLri9ZxQmOh7NBqdTKk3UfqDOPjQ6mO1e7LNQYbuRylnOlv\naA2pj5C/zXyvaXdx06T3a1ygjg3RyHI+UjFut+5GwXtDaZ6B6rJCNTLUP4Pc9pYo\nib6K5+UclqoIi9UgMLUbsSDIzQrDHfovQLJxTAz/nkvgtVAt9fW5cSYGLb6034V6\nmjiSBJigTy/Zbj/laBaMMvVTYhxdXPCuvU/g2O8Uvpk1m6H4uJS2pQMZZO0aQ6s6\n3QKCAQAkJddt9v7IHk9UJ45YPYvi24H6QblxXmqKTTWTCsSaT1Z0M6gEhT2kkkhW\n8Gt7WlyVvGfvombxjrqiQ6o6NzTR8Y5LvVL4bOcekBVCokQD/nbi07SUrcg9HzzK\nK5ofGf51NwriuWPUVK9qwvbnOybyogZQx2oGF3xP/hIompB1p39mo3Xosp0q8DSY\ngRI0RXqfttqSohyhNJoeJFbl9g/3zMgipjzUrTYv8KQ2t4K/g8MAqKL8HK3R3tE8\npqkq/dMglvERdc5NIgL3je1Q/kHybQ3AjldK+K+vHpmNk+3C8hmoazHCO57nERHO\n5xu7JjWCwnMJChDyDEscVQc2sHQo\n-----END PRIVATE KEY-----\n",
            "public_key_fingerprint_md5": "31:66:a4:b1:2d:b7:e7:14:b4:98:26:79:78:10:20:c5",
            "public_key_fingerprint_sha256": "SHA256:erJaH51MmD9Tyb02mzC3kCvORn0sq4iX3nTqxPYn47U",
            "public_key_openssh": "ssh-rsa AAAAB3NzaC1yc2EAAAADAQABAAACAQCbfVs29Y6CdArUHT6L9+bWD+GqAxeryEXIOGKlYpRwpV5Mcx3lZ3JBIHwnIXMh62IkZ0VJJaCCwn6+BryJ2dPf+K9WFgnSvTI1rapOzg64BITmj7HSnkLYgmpbweUWbsnxkeKyruViTeMz9CBjwQu/W3OE+KbLB/KboLnZXnQ9e1L7fs4CnesT1Ey1H2+1XgcXNXKuFxaLnhta/teOOkKCxeI/BI3VKcSHKxbsSlvyDL4Shd17P+K+ipzqrqw9QSD8CpsLQOdJVZqy/RVIZEjn7Jcggxbs+2WBl1FHlfVyxNC4S3Gej1F8Aki/Bj+U7JE35x8L5srM+EqTKCaJKs5uy9U3kl8GuI+IZ4T7myTDd+xQHg1fUpqUHE75n9WM6P2KXZuwEsWMWVGFdFNYKUMr1ttoWrfyeY6m+x7uET/Kxfv3rerbUfvVzWg0JF79CweQa9IRD9AIvA8/+eQlu5bApdZhxbEqbO5bFhasdszP6WmFzFWvf7fYMrSaucIHSVHPpCy96Qm9rnwD8SIDIef5XTRze9iXz+ZEIwfE7TfE3sfJ+iDeDAm38vO3Kb2cRteDbFhjY2oYkXhvCiL/fFkdVIZobdgQ/OSlhK19bKti+f9/Cg8h9lAE8L0RK3LgsTNnb3vo74MNEXy2jcApaLa3FEOOiPIZRXp+nP2iEMZ/6w==\n",
            "public_key_pem": "-----BEGIN PUBLIC KEY-----\nMIICIjANBgkqhkiG9w0BAQEFAAOCAg8AMIICCgKCAgEAm31bNvWOgnQK1B0+i/fm\n1g/hqgMXq8hFyDhipWKUcKVeTHMd5WdyQSB8JyFzIetiJGdFSSWggsJ+vga8idnT\n3/ivVhYJ0r0yNa2qTs4OuASE5o+x0p5C2IJqW8HlFm7J8ZHisq7lYk3jM/QgY8EL\nv1tzhPimywfym6C52V50PXtS+37OAp3rE9RMtR9vtV4HFzVyrhcWi54bWv7XjjpC\ngsXiPwSN1SnEhysW7Epb8gy+EoXdez/ivoqc6q6sPUEg/AqbC0DnSVWasv0VSGRI\n5+yXIIMW7PtlgZdRR5X1csTQuEtxno9RfAJIvwY/lOyRN+cfC+bKzPhKkygmiSrO\nbsvVN5JfBriPiGeE+5skw3fsUB4NX1KalBxO+Z/VjOj9il2bsBLFjFlRhXRTWClD\nK9bbaFq38nmOpvse7hE/ysX7963q21H71c1oNCRe/QsHkGvSEQ/QCLwPP/nkJbuW\nwKXWYcWxKmzuWxYWrHbMz+lphcxVr3+32DK0mrnCB0lRz6QsvekJva58A/EiAyHn\n+V00c3vYl8/mRCMHxO03xN7Hyfog3gwJt/Lztym9nEbXg2xYY2NqGJF4bwoi/3xZ\nHVSGaG3YEPzkpYStfWyrYvn/fwoPIfZQBPC9ESty4LEzZ2976O+DDRF8to3AKWi2\ntxRDjojyGUV6fpz9ohDGf+sCAwEAAQ==\n-----END PUBLIC KEY-----\n",
            "rsa_bits": 4096
          },
          "sensitive_attributes": [
            [
              {
                "type": "get_attr",
                "value": "private_key_openssh"
              }
            ],
            [
              {
                "type": "get_attr",
                "value": "private_key_pem"
              }
            ],
            [
              {
                "type": "get_attr",
                "value": "private_key_pem_pkcs8"
              }
            ]
          ]
        }
      ]
    }
  ],
  "check_results": null
}
