{
  "version": 4,
  "terraform_version": "1.8.5",
  "serial": 141,
  "lineage": "5e328844-fbf1-4c37-986e-4e522b2208c9",
  "outputs": {},
  "resources": [
    {
      "mode": "data",
      "type": "aws_ami",
      "name": "backend",
      "provider": "provider[\"registry.terraform.io/hashicorp/aws\"]",
      "instances": [
        {
          "schema_version": 0,
          "attributes": {
            "architecture": "x86_64",
            "arn": "arn:aws:ec2:ap-south-1::image/ami-00f994c719fc62e9e",
            "block_device_mappings": [
              {
                "device_name": "/dev/sda1",
                "ebs": {
                  "delete_on_termination": "true",
                  "encrypted": "false",
                  "iops": "0",
                  "snapshot_id": "snap-0a881bcd0fb805d61",
                  "throughput": "0",
                  "volume_size": "8",
                  "volume_type": "gp2"
                },
                "no_device": "",
                "virtual_name": ""
              },
              {
                "device_name": "/dev/sdb",
                "ebs": {},
                "no_device": "",
                "virtual_name": "ephemeral0"
              },
              {
                "device_name": "/dev/sdc",
                "ebs": {},
                "no_device": "",
                "virtual_name": "ephemeral1"
              }
            ],
            "boot_mode": "legacy-bios",
            "creation_date": "2023-05-31T16:59:27.000Z",
            "deprecation_time": "2025-05-31T16:59:27.000Z",
            "description": "Canonical, Ubuntu, 18.04 LTS, amd64 bionic image build on 2023-05-31",
            "ena_support": true,
            "executable_users": null,
            "filter": [
              {
                "name": "name",
                "values": [
                  "ubuntu/images/hvm-ssd/ubuntu-bionic-18.04-amd64-server-*"
                ]
              },
              {
                "name": "virtualization-type",
                "values": [
                  "hvm"
                ]
              }
            ],
            "hypervisor": "xen",
            "id": "ami-00f994c719fc62e9e",
            "image_id": "ami-00f994c719fc62e9e",
            "image_location": "amazon/ubuntu/images/hvm-ssd/ubuntu-bionic-18.04-amd64-server-20230531",
            "image_owner_alias": "amazon",
            "image_type": "machine",
            "imds_support": "",
            "include_deprecated": false,
            "kernel_id": "",
            "most_recent": true,
            "name": "ubuntu/images/hvm-ssd/ubuntu-bionic-18.04-amd64-server-20230531",
            "name_regex": null,
            "owner_id": "099720109477",
            "owners": [
              "099720109477"
            ],
            "platform": "",
            "platform_details": "Linux/UNIX",
            "product_codes": [],
            "public": true,
            "ramdisk_id": "",
            "root_device_name": "/dev/sda1",
            "root_device_type": "ebs",
            "root_snapshot_id": "snap-0a881bcd0fb805d61",
            "sriov_net_support": "simple",
            "state": "available",
            "state_reason": {
              "code": "UNSET",
              "message": "UNSET"
            },
            "tags": {},
            "timeouts": null,
            "tpm_support": "",
            "usage_operation": "RunInstances",
            "virtualization_type": "hvm"
          },
          "sensitive_attributes": []
        }
      ]
    },
    {
      "mode": "data",
      "type": "aws_ami",
      "name": "ubuntu",
      "provider": "provider[\"registry.terraform.io/hashicorp/aws\"]",
      "instances": [
        {
          "schema_version": 0,
          "attributes": {
            "architecture": "x86_64",
            "arn": "arn:aws:ec2:ap-south-1::image/ami-0c2af51e265bd5e0e",
            "block_device_mappings": [
              {
                "device_name": "/dev/sda1",
                "ebs": {
                  "delete_on_termination": "true",
                  "encrypted": "false",
                  "iops": "0",
                  "snapshot_id": "snap-0f78243d5906a6aee",
                  "throughput": "0",
                  "volume_size": "8",
                  "volume_type": "gp2"
                },
                "no_device": "",
                "virtual_name": ""
              },
              {
                "device_name": "/dev/sdb",
                "ebs": {},
                "no_device": "",
                "virtual_name": "ephemeral0"
              },
              {
                "device_name": "/dev/sdc",
                "ebs": {},
                "no_device": "",
                "virtual_name": "ephemeral1"
              }
            ],
            "boot_mode": "uefi-preferred",
            "creation_date": "2024-07-01T16:35:58.000Z",
            "deprecation_time": "2026-07-01T16:35:58.000Z",
            "description": "Canonical, Ubuntu, 22.04 LTS, amd64 jammy image build on 2024-07-01",
            "ena_support": true,
            "executable_users": null,
            "filter": [
              {
                "name": "name",
                "values": [
                  "ubuntu/images/hvm-ssd/ubuntu-jammy-22.04-amd64-server-*"
                ]
              },
              {
                "name": "virtualization-type",
                "values": [
                  "hvm"
                ]
              }
            ],
            "hypervisor": "xen",
            "id": "ami-0c2af51e265bd5e0e",
            "image_id": "ami-0c2af51e265bd5e0e",
            "image_location": "amazon/ubuntu/images/hvm-ssd/ubuntu-jammy-22.04-amd64-server-20240701",
            "image_owner_alias": "amazon",
            "image_type": "machine",
            "imds_support": "",
            "include_deprecated": false,
            "kernel_id": "",
            "most_recent": true,
            "name": "ubuntu/images/hvm-ssd/ubuntu-jammy-22.04-amd64-server-20240701",
            "name_regex": null,
            "owner_id": "099720109477",
            "owners": [
              "099720109477"
            ],
            "platform": "",
            "platform_details": "Linux/UNIX",
            "product_codes": [],
            "public": true,
            "ramdisk_id": "",
            "root_device_name": "/dev/sda1",
            "root_device_type": "ebs",
            "root_snapshot_id": "snap-0f78243d5906a6aee",
            "sriov_net_support": "simple",
            "state": "available",
            "state_reason": {
              "code": "UNSET",
              "message": "UNSET"
            },
            "tags": {},
            "timeouts": null,
            "tpm_support": "",
            "usage_operation": "RunInstances",
            "virtualization_type": "hvm"
          },
          "sensitive_attributes": []
        }
      ]
    },
    {
      "mode": "data",
      "type": "aws_availability_zones",
      "name": "available",
      "provider": "provider[\"registry.terraform.io/hashicorp/aws\"]",
      "instances": [
        {
          "schema_version": 0,
          "attributes": {
            "all_availability_zones": null,
            "exclude_names": null,
            "exclude_zone_ids": null,
            "filter": null,
            "group_names": [
              "ap-south-1"
            ],
            "id": "ap-south-1",
            "names": [
              "ap-south-1a",
              "ap-south-1b",
              "ap-south-1c"
            ],
            "state": "available",
            "timeouts": null,
            "zone_ids": [
              "aps1-az1",
              "aps1-az3",
              "aps1-az2"
            ]
          },
          "sensitive_attributes": []
        }
      ]
    },
    {
      "mode": "managed",
      "type": "aws_eip",
      "name": "nat_eip",
      "provider": "provider[\"registry.terraform.io/hashicorp/aws\"]",
      "instances": [
        {
          "schema_version": 0,
          "attributes": {
            "address": null,
            "allocation_id": "eipalloc-09b2f7eaf6925c0bf",
            "arn": "arn:aws:ec2:ap-south-1:782832397014:elastic-ip/eipalloc-09b2f7eaf6925c0bf",
            "associate_with_private_ip": null,
            "association_id": "",
            "carrier_ip": "",
            "customer_owned_ip": "",
            "customer_owned_ipv4_pool": "",
            "domain": "vpc",
            "id": "eipalloc-09b2f7eaf6925c0bf",
            "instance": "",
            "network_border_group": "ap-south-1",
            "network_interface": "",
            "private_dns": null,
            "private_ip": "",
            "ptr_record": "",
            "public_dns": "ec2-13-202-141-91.ap-south-1.compute.amazonaws.com",
            "public_ip": "13.202.141.91",
            "public_ipv4_pool": "amazon",
            "tags": {
              "Name": "dev-nat-eip"
            },
            "tags_all": {
              "Name": "dev-nat-eip"
            },
            "timeouts": null,
            "vpc": true
          },
          "sensitive_attributes": [],
          "private": "eyJlMmJmYjczMC1lY2FhLTExZTYtOGY4OC0zNDM2M2JjN2M0YzAiOnsiZGVsZXRlIjoxODAwMDAwMDAwMDAsInJlYWQiOjkwMDAwMDAwMDAwMCwidXBkYXRlIjozMDAwMDAwMDAwMDB9fQ=="
        }
      ]
    },
    {
      "mode": "managed",
      "type": "aws_instance",
      "name": "backend",
      "provider": "provider[\"registry.terraform.io/hashicorp/aws\"]",
      "instances": [
        {
          "schema_version": 1,
          "attributes": {
            "ami": "ami-00f994c719fc62e9e",
            "arn": "arn:aws:ec2:ap-south-1:782832397014:instance/i-0bcde60f21943b5dc",
            "associate_public_ip_address": false,
            "availability_zone": "ap-south-1b",
            "capacity_reservation_specification": [
              {
                "capacity_reservation_preference": "open",
                "capacity_reservation_target": []
              }
            ],
            "cpu_core_count": 1,
            "cpu_options": [
              {
                "amd_sev_snp": "",
                "core_count": 1,
                "threads_per_core": 1
              }
            ],
            "cpu_threads_per_core": 1,
            "credit_specification": [
              {
                "cpu_credits": "standard"
              }
            ],
            "disable_api_stop": false,
            "disable_api_termination": false,
            "ebs_block_device": [],
            "ebs_optimized": false,
            "enclave_options": [
              {
                "enabled": false
              }
            ],
            "ephemeral_block_device": [],
            "get_password_data": false,
            "hibernation": false,
            "host_id": "",
            "host_resource_group_arn": null,
            "iam_instance_profile": "",
            "id": "i-0bcde60f21943b5dc",
            "instance_initiated_shutdown_behavior": "stop",
            "instance_lifecycle": "",
            "instance_market_options": [],
            "instance_state": "running",
            "instance_type": "t2.micro",
            "ipv6_address_count": 0,
            "ipv6_addresses": [],
            "key_name": "dev-chatapp-key",
            "launch_template": [],
            "maintenance_options": [
              {
                "auto_recovery": "default"
              }
            ],
            "metadata_options": [
              {
                "http_endpoint": "enabled",
                "http_protocol_ipv6": "disabled",
                "http_put_response_hop_limit": 1,
                "http_tokens": "optional",
                "instance_metadata_tags": "disabled"
              }
            ],
            "monitoring": false,
            "network_interface": [],
            "outpost_arn": "",
            "password_data": "",
            "placement_group": "",
            "placement_partition_number": 0,
            "primary_network_interface_id": "eni-07cc06186bb862d16",
            "private_dns": "ip-10-20-141-12.ap-south-1.compute.internal",
            "private_dns_name_options": [
              {
                "enable_resource_name_dns_a_record": false,
                "enable_resource_name_dns_aaaa_record": false,
                "hostname_type": "ip-name"
              }
            ],
            "private_ip": "10.20.141.12",
            "public_dns": "",
            "public_ip": "",
            "root_block_device": [
              {
                "delete_on_termination": true,
                "device_name": "/dev/sda1",
                "encrypted": false,
                "iops": 100,
                "kms_key_id": "",
                "tags": {},
                "tags_all": {},
                "throughput": 0,
                "volume_id": "vol-03fa0404fa7d071fc",
                "volume_size": 8,
                "volume_type": "gp2"
              }
            ],
            "secondary_private_ips": [],
            "security_groups": [],
            "source_dest_check": true,
            "spot_instance_request_id": "",
            "subnet_id": "subnet-0f65de84b85c47480",
            "tags": {
              "Name": "dev-backend-server"
            },
            "tags_all": {
              "Name": "dev-backend-server"
            },
            "tenancy": "default",
            "timeouts": null,
            "user_data": null,
            "user_data_base64": null,
            "user_data_replace_on_change": false,
            "volume_tags": null,
            "vpc_security_group_ids": [
              "sg-0b4044808dc19be7b"
            ]
          },
          "sensitive_attributes": [],
          "private": "eyJlMmJmYjczMC1lY2FhLTExZTYtOGY4OC0zNDM2M2JjN2M0YzAiOnsiY3JlYXRlIjo2MDAwMDAwMDAwMDAsImRlbGV0ZSI6MTIwMDAwMDAwMDAwMCwicmVhZCI6OTAwMDAwMDAwMDAwLCJ1cGRhdGUiOjYwMDAwMDAwMDAwMH0sInNjaGVtYV92ZXJzaW9uIjoiMSJ9",
          "dependencies": [
            "aws_key_pair.terra_chatapp_key",
            "aws_security_group.backend",
            "aws_subnet.private",
            "aws_subnet.public",
            "aws_vpc.terra_vpc",
            "data.aws_ami.backend",
            "data.aws_availability_zones.available",
            "tls_private_key.rsa"
          ]
        }
      ]
    },
    {
      "mode": "managed",
      "type": "aws_instance",
      "name": "database",
      "provider": "provider[\"registry.terraform.io/hashicorp/aws\"]",
      "instances": [
        {
          "schema_version": 1,
          "attributes": {
            "ami": "ami-0c2af51e265bd5e0e",
            "arn": "arn:aws:ec2:ap-south-1:782832397014:instance/i-01ae74e43de646ff1",
            "associate_public_ip_address": false,
            "availability_zone": "ap-south-1b",
            "capacity_reservation_specification": [
              {
                "capacity_reservation_preference": "open",
                "capacity_reservation_target": []
              }
            ],
            "cpu_core_count": 1,
            "cpu_options": [
              {
                "amd_sev_snp": "",
                "core_count": 1,
                "threads_per_core": 1
              }
            ],
            "cpu_threads_per_core": 1,
            "credit_specification": [
              {
                "cpu_credits": "standard"
              }
            ],
            "disable_api_stop": false,
            "disable_api_termination": false,
            "ebs_block_device": [],
            "ebs_optimized": false,
            "enclave_options": [
              {
                "enabled": false
              }
            ],
            "ephemeral_block_device": [],
            "get_password_data": false,
            "hibernation": false,
            "host_id": "",
            "host_resource_group_arn": null,
            "iam_instance_profile": "",
            "id": "i-01ae74e43de646ff1",
            "instance_initiated_shutdown_behavior": "stop",
            "instance_lifecycle": "",
            "instance_market_options": [],
            "instance_state": "running",
            "instance_type": "t2.micro",
            "ipv6_address_count": 0,
            "ipv6_addresses": [],
            "key_name": "dev-chatapp-key",
            "launch_template": [],
            "maintenance_options": [
              {
                "auto_recovery": "default"
              }
            ],
            "metadata_options": [
              {
                "http_endpoint": "enabled",
                "http_protocol_ipv6": "disabled",
                "http_put_response_hop_limit": 1,
                "http_tokens": "optional",
                "instance_metadata_tags": "disabled"
              }
            ],
            "monitoring": false,
            "network_interface": [],
            "outpost_arn": "",
            "password_data": "",
            "placement_group": "",
            "placement_partition_number": 0,
            "primary_network_interface_id": "eni-0de6d45cfce8bbf48",
            "private_dns": "ip-10-20-137-106.ap-south-1.compute.internal",
            "private_dns_name_options": [
              {
                "enable_resource_name_dns_a_record": false,
                "enable_resource_name_dns_aaaa_record": false,
                "hostname_type": "ip-name"
              }
            ],
            "private_ip": "10.20.137.106",
            "public_dns": "",
            "public_ip": "",
            "root_block_device": [
              {
                "delete_on_termination": true,
                "device_name": "/dev/sda1",
                "encrypted": false,
                "iops": 100,
                "kms_key_id": "",
                "tags": {},
                "tags_all": {},
                "throughput": 0,
                "volume_id": "vol-039633e02cb46f852",
                "volume_size": 8,
                "volume_type": "gp2"
              }
            ],
            "secondary_private_ips": [],
            "security_groups": [],
            "source_dest_check": true,
            "spot_instance_request_id": "",
            "subnet_id": "subnet-0f65de84b85c47480",
            "tags": {
              "Name": "dev-database-server"
            },
            "tags_all": {
              "Name": "dev-database-server"
            },
            "tenancy": "default",
            "timeouts": null,
            "user_data": null,
            "user_data_base64": null,
            "user_data_replace_on_change": false,
            "volume_tags": null,
            "vpc_security_group_ids": [
              "sg-0b439ed4117c9ac43"
            ]
          },
          "sensitive_attributes": [],
          "private": "eyJlMmJmYjczMC1lY2FhLTExZTYtOGY4OC0zNDM2M2JjN2M0YzAiOnsiY3JlYXRlIjo2MDAwMDAwMDAwMDAsImRlbGV0ZSI6MTIwMDAwMDAwMDAwMCwicmVhZCI6OTAwMDAwMDAwMDAwLCJ1cGRhdGUiOjYwMDAwMDAwMDAwMH0sInNjaGVtYV92ZXJzaW9uIjoiMSJ9",
          "dependencies": [
            "aws_eip.nat_eip",
            "aws_key_pair.terra_chatapp_key",
            "aws_nat_gateway.ngw",
            "aws_route_table.private",
            "aws_route_table_association.private",
            "aws_security_group.database",
            "aws_subnet.private",
            "aws_subnet.public",
            "aws_vpc.terra_vpc",
            "data.aws_ami.ubuntu",
            "data.aws_availability_zones.available",
            "tls_private_key.rsa"
          ]
        }
      ]
    },
    {
      "mode": "managed",
      "type": "aws_instance",
      "name": "frontend",
      "provider": "provider[\"registry.terraform.io/hashicorp/aws\"]",
      "instances": [
        {
          "schema_version": 1,
          "attributes": {
            "ami": "ami-0c2af51e265bd5e0e",
            "arn": "arn:aws:ec2:ap-south-1:782832397014:instance/i-0e9aab109c2c5243c",
            "associate_public_ip_address": true,
            "availability_zone": "ap-south-1a",
            "capacity_reservation_specification": [
              {
                "capacity_reservation_preference": "open",
                "capacity_reservation_target": []
              }
            ],
            "cpu_core_count": 1,
            "cpu_options": [
              {
                "amd_sev_snp": "",
                "core_count": 1,
                "threads_per_core": 1
              }
            ],
            "cpu_threads_per_core": 1,
            "credit_specification": [
              {
                "cpu_credits": "standard"
              }
            ],
            "disable_api_stop": false,
            "disable_api_termination": false,
            "ebs_block_device": [],
            "ebs_optimized": false,
            "enclave_options": [
              {
                "enabled": false
              }
            ],
            "ephemeral_block_device": [],
            "get_password_data": false,
            "hibernation": false,
            "host_id": "",
            "host_resource_group_arn": null,
            "iam_instance_profile": "",
            "id": "i-0e9aab109c2c5243c",
            "instance_initiated_shutdown_behavior": "stop",
            "instance_lifecycle": "",
            "instance_market_options": [],
            "instance_state": "running",
            "instance_type": "t2.micro",
            "ipv6_address_count": 0,
            "ipv6_addresses": [],
            "key_name": "dev-chatapp-key",
            "launch_template": [],
            "maintenance_options": [
              {
                "auto_recovery": "default"
              }
            ],
            "metadata_options": [
              {
                "http_endpoint": "enabled",
                "http_protocol_ipv6": "disabled",
                "http_put_response_hop_limit": 1,
                "http_tokens": "optional",
                "instance_metadata_tags": "disabled"
              }
            ],
            "monitoring": false,
            "network_interface": [],
            "outpost_arn": "",
            "password_data": "",
            "placement_group": "",
            "placement_partition_number": 0,
            "primary_network_interface_id": "eni-00ff1fcf0a7c46192",
            "private_dns": "ip-10-20-6-204.ap-south-1.compute.internal",
            "private_dns_name_options": [
              {
                "enable_resource_name_dns_a_record": false,
                "enable_resource_name_dns_aaaa_record": false,
                "hostname_type": "ip-name"
              }
            ],
            "private_ip": "10.20.6.204",
            "public_dns": "",
            "public_ip": "13.126.116.72",
            "root_block_device": [
              {
                "delete_on_termination": true,
                "device_name": "/dev/sda1",
                "encrypted": false,
                "iops": 100,
                "kms_key_id": "",
                "tags": {},
                "tags_all": {},
                "throughput": 0,
                "volume_id": "vol-0d0ac9e40b3837ef3",
                "volume_size": 8,
                "volume_type": "gp2"
              }
            ],
            "secondary_private_ips": [],
            "security_groups": [],
            "source_dest_check": true,
            "spot_instance_request_id": "",
            "subnet_id": "subnet-0e95ded9be59be4af",
            "tags": {
              "Name": "dev-frontend-server"
            },
            "tags_all": {
              "Name": "dev-frontend-server"
            },
            "tenancy": "default",
            "timeouts": null,
            "user_data": null,
            "user_data_base64": null,
            "user_data_replace_on_change": false,
            "volume_tags": null,
            "vpc_security_group_ids": [
              "sg-0f3ce65e699915f36"
            ]
          },
          "sensitive_attributes": [],
          "private": "eyJlMmJmYjczMC1lY2FhLTExZTYtOGY4OC0zNDM2M2JjN2M0YzAiOnsiY3JlYXRlIjo2MDAwMDAwMDAwMDAsImRlbGV0ZSI6MTIwMDAwMDAwMDAwMCwicmVhZCI6OTAwMDAwMDAwMDAwLCJ1cGRhdGUiOjYwMDAwMDAwMDAwMH0sInNjaGVtYV92ZXJzaW9uIjoiMSJ9",
          "dependencies": [
            "aws_eip.nat_eip",
            "aws_instance.database",
            "aws_key_pair.terra_chatapp_key",
            "aws_nat_gateway.ngw",
            "aws_route_table.private",
            "aws_route_table_association.private",
            "aws_security_group.database",
            "aws_security_group.frontend",
            "aws_subnet.private",
            "aws_subnet.public",
            "aws_vpc.terra_vpc",
            "data.aws_ami.ubuntu",
            "data.aws_availability_zones.available",
            "local_file.terra_chatapp_local",
            "tls_private_key.rsa"
          ]
        }
      ]
    },
    {
      "mode": "managed",
      "type": "aws_internet_gateway",
      "name": "gw",
      "provider": "provider[\"registry.terraform.io/hashicorp/aws\"]",
      "instances": [
        {
          "schema_version": 0,
          "attributes": {
            "arn": "arn:aws:ec2:ap-south-1:782832397014:internet-gateway/igw-04599be9940fbc437",
            "id": "igw-04599be9940fbc437",
            "owner_id": "782832397014",
            "tags": {
              "Name": "dev-igw"
            },
            "tags_all": {
              "Name": "dev-igw"
            },
            "timeouts": null,
            "vpc_id": "vpc-0e7948e0d44074a78"
          },
          "sensitive_attributes": [],
          "private": "eyJlMmJmYjczMC1lY2FhLTExZTYtOGY4OC0zNDM2M2JjN2M0YzAiOnsiY3JlYXRlIjoxMjAwMDAwMDAwMDAwLCJkZWxldGUiOjEyMDAwMDAwMDAwMDAsInVwZGF0ZSI6MTIwMDAwMDAwMDAwMH19",
          "dependencies": [
            "aws_vpc.terra_vpc"
          ]
        }
      ]
    },
    {
      "mode": "managed",
      "type": "aws_key_pair",
      "name": "terra_chatapp_key",
      "provider": "provider[\"registry.terraform.io/hashicorp/aws\"]",
      "instances": [
        {
          "schema_version": 1,
          "attributes": {
            "arn": "arn:aws:ec2:ap-south-1:782832397014:key-pair/dev-chatapp-key",
            "fingerprint": "3c:7b:66:c2:9d:9d:c6:18:84:af:8f:be:38:78:0f:ec",
            "id": "dev-chatapp-key",
            "key_name": "dev-chatapp-key",
            "key_name_prefix": "",
            "key_pair_id": "key-081ca8c9b6707917a",
            "key_type": "rsa",
            "public_key": "ssh-rsa AAAAB3NzaC1yc2EAAAADAQABAAACAQCz2+gfulzove6dW4qTrxPhYrBmwQVTPLh33ol3GG2g000xxgehUCzT3Gfn5cSwTP5RU5oE+YN+FYwWRWsLi99OuG5AH63uWJyGJNlZeEY74zaYoaftyMMa2kGkYHvrDCnZWXbeOf32gwapz96Ubs0+cqWpNBc0dzoibn2EQhRy1PPgrpB5BHFnGmd0qMlGbpmqfp5lA6v252D2PAtK55y8kfOV1MJOkGCdyh7VhEk85A/IYKKh9MNv1GARRn9IjJhRFXcRBQ8j/D7JA42ZdOnI45g/q4ljcvGKXAP7gFMo3mU/PSaRzz1SJ/Ds+UIXUO6DN1ISNPhcmc448dzWHM374Ir8qOZtoZ2+pWgOXOw9rmooYnW3ucDHtxfIWaLyOEmVCoC8FzJ42mNrxv1L/JFaIAyCiu+J6HoHZQhQHmepxyi+B3EPsqQ4bBVr25YBuV4Lp6BxiuT5zRgDka9N1WRkOAIYFeYwyZo29LW+G5TPMmX9MexwjGDrJkq403hY0Oim7m1HLOQtuiEEfA9AU8Is8HDsncKk2/hCklQmNwse3J2/3ZgFvAxbTSMNYENc4eSJHOCBECE6tpHsOSP0N2AuLWAZ371nQ15srShYpagaDopBlkZ5n/3GuGD8lpAgSMS0i6aBF7Ec1ppezhfYSNBTXO5uRKArn9kBBgd/ac3Lfw==",
            "tags": null,
            "tags_all": {}
          },
          "sensitive_attributes": [],
          "private": "eyJzY2hlbWFfdmVyc2lvbiI6IjEifQ==",
          "dependencies": [
            "tls_private_key.rsa"
          ]
        }
      ]
    },
    {
      "mode": "managed",
      "type": "aws_nat_gateway",
      "name": "ngw",
      "provider": "provider[\"registry.terraform.io/hashicorp/aws\"]",
      "instances": [
        {
          "schema_version": 0,
          "attributes": {
            "allocation_id": "eipalloc-09b2f7eaf6925c0bf",
            "association_id": "eipassoc-071da457782f6435e",
            "connectivity_type": "public",
            "id": "nat-07d4d5d7e4206fa06",
            "network_interface_id": "eni-0a14a2b132ac50f6f",
            "private_ip": "10.20.10.149",
            "public_ip": "13.202.141.91",
            "secondary_allocation_ids": null,
            "secondary_private_ip_address_count": 0,
            "secondary_private_ip_addresses": [],
            "subnet_id": "subnet-0e95ded9be59be4af",
            "tags": {
              "Name": "dev-ngw"
            },
            "tags_all": {
              "Name": "dev-ngw"
            },
            "timeouts": null
          },
          "sensitive_attributes": [],
          "private": "eyJlMmJmYjczMC1lY2FhLTExZTYtOGY4OC0zNDM2M2JjN2M0YzAiOnsiY3JlYXRlIjo2MDAwMDAwMDAwMDAsImRlbGV0ZSI6MTgwMDAwMDAwMDAwMCwidXBkYXRlIjo2MDAwMDAwMDAwMDB9fQ==",
          "dependencies": [
            "aws_eip.nat_eip",
            "aws_subnet.public",
            "aws_vpc.terra_vpc",
            "data.aws_availability_zones.available"
          ]
        }
      ]
    },
    {
      "mode": "managed",
      "type": "aws_route_table",
      "name": "private",
      "provider": "provider[\"registry.terraform.io/hashicorp/aws\"]",
      "instances": [
        {
          "schema_version": 0,
          "attributes": {
            "arn": "arn:aws:ec2:ap-south-1:782832397014:route-table/rtb-083a36e16272e5e10",
            "id": "rtb-083a36e16272e5e10",
            "owner_id": "782832397014",
            "propagating_vgws": [],
            "route": [
              {
                "carrier_gateway_id": "",
                "cidr_block": "0.0.0.0/0",
                "core_network_arn": "",
                "destination_prefix_list_id": "",
                "egress_only_gateway_id": "",
                "gateway_id": "",
                "ipv6_cidr_block": "",
                "local_gateway_id": "",
                "nat_gateway_id": "nat-07d4d5d7e4206fa06",
                "network_interface_id": "",
                "transit_gateway_id": "",
                "vpc_endpoint_id": "",
                "vpc_peering_connection_id": ""
              }
            ],
            "tags": {
              "Name": "dev-private-route-table"
            },
            "tags_all": {
              "Name": "dev-private-route-table"
            },
            "timeouts": null,
            "vpc_id": "vpc-0e7948e0d44074a78"
          },
          "sensitive_attributes": [],
          "private": "eyJlMmJmYjczMC1lY2FhLTExZTYtOGY4OC0zNDM2M2JjN2M0YzAiOnsiY3JlYXRlIjozMDAwMDAwMDAwMDAsImRlbGV0ZSI6MzAwMDAwMDAwMDAwLCJ1cGRhdGUiOjEyMDAwMDAwMDAwMH19",
          "dependencies": [
            "aws_eip.nat_eip",
            "aws_nat_gateway.ngw",
            "aws_subnet.public",
            "aws_vpc.terra_vpc",
            "data.aws_availability_zones.available"
          ]
        }
      ]
    },
    {
      "mode": "managed",
      "type": "aws_route_table",
      "name": "public",
      "provider": "provider[\"registry.terraform.io/hashicorp/aws\"]",
      "instances": [
        {
          "schema_version": 0,
          "attributes": {
            "arn": "arn:aws:ec2:ap-south-1:782832397014:route-table/rtb-00f9f7e89cd7daf37",
            "id": "rtb-00f9f7e89cd7daf37",
            "owner_id": "782832397014",
            "propagating_vgws": [],
            "route": [
              {
                "carrier_gateway_id": "",
                "cidr_block": "0.0.0.0/0",
                "core_network_arn": "",
                "destination_prefix_list_id": "",
                "egress_only_gateway_id": "",
                "gateway_id": "igw-04599be9940fbc437",
                "ipv6_cidr_block": "",
                "local_gateway_id": "",
                "nat_gateway_id": "",
                "network_interface_id": "",
                "transit_gateway_id": "",
                "vpc_endpoint_id": "",
                "vpc_peering_connection_id": ""
              }
            ],
            "tags": {
              "Name": "dev-public-route-table"
            },
            "tags_all": {
              "Name": "dev-public-route-table"
            },
            "timeouts": null,
            "vpc_id": "vpc-0e7948e0d44074a78"
          },
          "sensitive_attributes": [],
          "private": "eyJlMmJmYjczMC1lY2FhLTExZTYtOGY4OC0zNDM2M2JjN2M0YzAiOnsiY3JlYXRlIjozMDAwMDAwMDAwMDAsImRlbGV0ZSI6MzAwMDAwMDAwMDAwLCJ1cGRhdGUiOjEyMDAwMDAwMDAwMH19",
          "dependencies": [
            "aws_internet_gateway.gw",
            "aws_vpc.terra_vpc"
          ]
        }
      ]
    },
    {
      "mode": "managed",
      "type": "aws_route_table_association",
      "name": "private",
      "provider": "provider[\"registry.terraform.io/hashicorp/aws\"]",
      "instances": [
        {
          "index_key": "0",
          "schema_version": 0,
          "attributes": {
            "gateway_id": "",
            "id": "rtbassoc-0bfa4ad207c4bb041",
            "route_table_id": "rtb-083a36e16272e5e10",
            "subnet_id": "subnet-0f65de84b85c47480",
            "timeouts": null
          },
          "sensitive_attributes": [],
          "private": "eyJlMmJmYjczMC1lY2FhLTExZTYtOGY4OC0zNDM2M2JjN2M0YzAiOnsiY3JlYXRlIjozMDAwMDAwMDAwMDAsImRlbGV0ZSI6MzAwMDAwMDAwMDAwLCJ1cGRhdGUiOjEyMDAwMDAwMDAwMH19",
          "dependencies": [
            "aws_eip.nat_eip",
            "aws_nat_gateway.ngw",
            "aws_route_table.private",
            "aws_subnet.private",
            "aws_subnet.public",
            "aws_vpc.terra_vpc",
            "data.aws_availability_zones.available"
          ]
        },
        {
          "index_key": "1",
          "schema_version": 0,
          "attributes": {
            "gateway_id": "",
            "id": "rtbassoc-0d31d2a0f7c7c4532",
            "route_table_id": "rtb-083a36e16272e5e10",
            "subnet_id": "subnet-044389b092725f8c1",
            "timeouts": null
          },
          "sensitive_attributes": [],
          "private": "eyJlMmJmYjczMC1lY2FhLTExZTYtOGY4OC0zNDM2M2JjN2M0YzAiOnsiY3JlYXRlIjozMDAwMDAwMDAwMDAsImRlbGV0ZSI6MzAwMDAwMDAwMDAwLCJ1cGRhdGUiOjEyMDAwMDAwMDAwMH19",
          "dependencies": [
            "aws_eip.nat_eip",
            "aws_nat_gateway.ngw",
            "aws_route_table.private",
            "aws_subnet.private",
            "aws_subnet.public",
            "aws_vpc.terra_vpc",
            "data.aws_availability_zones.available"
          ]
        }
      ]
    },
    {
      "mode": "managed",
      "type": "aws_route_table_association",
      "name": "public",
      "provider": "provider[\"registry.terraform.io/hashicorp/aws\"]",
      "instances": [
        {
          "index_key": "0",
          "schema_version": 0,
          "attributes": {
            "gateway_id": "",
            "id": "rtbassoc-03d676d38b155783e",
            "route_table_id": "rtb-00f9f7e89cd7daf37",
            "subnet_id": "subnet-0e95ded9be59be4af",
            "timeouts": null
          },
          "sensitive_attributes": [],
          "private": "eyJlMmJmYjczMC1lY2FhLTExZTYtOGY4OC0zNDM2M2JjN2M0YzAiOnsiY3JlYXRlIjozMDAwMDAwMDAwMDAsImRlbGV0ZSI6MzAwMDAwMDAwMDAwLCJ1cGRhdGUiOjEyMDAwMDAwMDAwMH19",
          "dependencies": [
            "aws_internet_gateway.gw",
            "aws_route_table.public",
            "aws_subnet.public",
            "aws_vpc.terra_vpc",
            "data.aws_availability_zones.available"
          ]
        },
        {
          "index_key": "1",
          "schema_version": 0,
          "attributes": {
            "gateway_id": "",
            "id": "rtbassoc-00dcd6967172e5715",
            "route_table_id": "rtb-00f9f7e89cd7daf37",
            "subnet_id": "subnet-0ce61ec9a58431e2e",
            "timeouts": null
          },
          "sensitive_attributes": [],
          "private": "eyJlMmJmYjczMC1lY2FhLTExZTYtOGY4OC0zNDM2M2JjN2M0YzAiOnsiY3JlYXRlIjozMDAwMDAwMDAwMDAsImRlbGV0ZSI6MzAwMDAwMDAwMDAwLCJ1cGRhdGUiOjEyMDAwMDAwMDAwMH19",
          "dependencies": [
            "aws_internet_gateway.gw",
            "aws_route_table.public",
            "aws_subnet.public",
            "aws_vpc.terra_vpc",
            "data.aws_availability_zones.available"
          ]
        }
      ]
    },
    {
      "mode": "managed",
      "type": "aws_security_group",
      "name": "backend",
      "provider": "provider[\"registry.terraform.io/hashicorp/aws\"]",
      "instances": [
        {
          "schema_version": 1,
          "attributes": {
            "arn": "arn:aws:ec2:ap-south-1:782832397014:security-group/sg-0b4044808dc19be7b",
            "description": "Security Group for backend server",
            "egress": [
              {
                "cidr_blocks": [
                  "0.0.0.0/0"
                ],
                "description": "",
                "from_port": 0,
                "ipv6_cidr_blocks": [],
                "prefix_list_ids": [],
                "protocol": "-1",
                "security_groups": [],
                "self": false,
                "to_port": 0
              }
            ],
            "id": "sg-0b4044808dc19be7b",
            "ingress": [
              {
                "cidr_blocks": [
                  "0.0.0.0/0"
                ],
                "description": "",
                "from_port": 22,
                "ipv6_cidr_blocks": [],
                "prefix_list_ids": [],
                "protocol": "tcp",
                "security_groups": [],
                "self": false,
                "to_port": 22
              },
              {
                "cidr_blocks": [
                  "10.20.0.0/20"
                ],
                "description": "",
                "from_port": 8000,
                "ipv6_cidr_blocks": [],
                "prefix_list_ids": [],
                "protocol": "tcp",
                "security_groups": [],
                "self": false,
                "to_port": 8000
              },
              {
                "cidr_blocks": [
                  "10.20.16.0/20"
                ],
                "description": "",
                "from_port": 8000,
                "ipv6_cidr_blocks": [],
                "prefix_list_ids": [],
                "protocol": "tcp",
                "security_groups": [],
                "self": false,
                "to_port": 8000
              }
            ],
            "name": "terra-backend-sg",
            "name_prefix": "",
            "owner_id": "782832397014",
            "revoke_rules_on_delete": false,
            "tags": {
              "Name": "dev-backend-sg"
            },
            "tags_all": {
              "Name": "dev-backend-sg"
            },
            "timeouts": null,
            "vpc_id": "vpc-0e7948e0d44074a78"
          },
          "sensitive_attributes": [],
          "private": "eyJlMmJmYjczMC1lY2FhLTExZTYtOGY4OC0zNDM2M2JjN2M0YzAiOnsiY3JlYXRlIjo2MDAwMDAwMDAwMDAsImRlbGV0ZSI6OTAwMDAwMDAwMDAwfSwic2NoZW1hX3ZlcnNpb24iOiIxIn0=",
          "dependencies": [
            "aws_subnet.public",
            "aws_vpc.terra_vpc",
            "data.aws_availability_zones.available"
          ]
        }
      ]
    },
    {
      "mode": "managed",
      "type": "aws_security_group",
      "name": "database",
      "provider": "provider[\"registry.terraform.io/hashicorp/aws\"]",
      "instances": [
        {
          "schema_version": 1,
          "attributes": {
            "arn": "arn:aws:ec2:ap-south-1:782832397014:security-group/sg-0b439ed4117c9ac43",
            "description": "Security Group for database server",
            "egress": [
              {
                "cidr_blocks": [
                  "0.0.0.0/0"
                ],
                "description": "",
                "from_port": 0,
                "ipv6_cidr_blocks": [],
                "prefix_list_ids": [],
                "protocol": "-1",
                "security_groups": [],
                "self": false,
                "to_port": 0
              }
            ],
            "id": "sg-0b439ed4117c9ac43",
            "ingress": [
              {
                "cidr_blocks": [
                  "0.0.0.0/0"
                ],
                "description": "",
                "from_port": 22,
                "ipv6_cidr_blocks": [],
                "prefix_list_ids": [],
                "protocol": "tcp",
                "security_groups": [],
                "self": false,
                "to_port": 22
              },
              {
                "cidr_blocks": [
                  "10.20.0.0/20"
                ],
                "description": "",
                "from_port": 3306,
                "ipv6_cidr_blocks": [],
                "prefix_list_ids": [],
                "protocol": "tcp",
                "security_groups": [],
                "self": false,
                "to_port": 3306
              },
              {
                "cidr_blocks": [
                  "10.20.128.0/20"
                ],
                "description": "",
                "from_port": 3306,
                "ipv6_cidr_blocks": [],
                "prefix_list_ids": [],
                "protocol": "tcp",
                "security_groups": [],
                "self": false,
                "to_port": 3306
              },
              {
                "cidr_blocks": [
                  "10.20.144.0/20"
                ],
                "description": "",
                "from_port": 3306,
                "ipv6_cidr_blocks": [],
                "prefix_list_ids": [],
                "protocol": "tcp",
                "security_groups": [],
                "self": false,
                "to_port": 3306
              },
              {
                "cidr_blocks": [
                  "10.20.16.0/20"
                ],
                "description": "",
                "from_port": 3306,
                "ipv6_cidr_blocks": [],
                "prefix_list_ids": [],
                "protocol": "tcp",
                "security_groups": [],
                "self": false,
                "to_port": 3306
              }
            ],
            "name": "terra-database-sg",
            "name_prefix": "",
            "owner_id": "782832397014",
            "revoke_rules_on_delete": false,
            "tags": {
              "Name": "dev-database-sg"
            },
            "tags_all": {
              "Name": "dev-database-sg"
            },
            "timeouts": null,
            "vpc_id": "vpc-0e7948e0d44074a78"
          },
          "sensitive_attributes": [],
          "private": "eyJlMmJmYjczMC1lY2FhLTExZTYtOGY4OC0zNDM2M2JjN2M0YzAiOnsiY3JlYXRlIjo2MDAwMDAwMDAwMDAsImRlbGV0ZSI6OTAwMDAwMDAwMDAwfSwic2NoZW1hX3ZlcnNpb24iOiIxIn0=",
          "dependencies": [
            "aws_subnet.private",
            "aws_subnet.public",
            "aws_vpc.terra_vpc",
            "data.aws_availability_zones.available"
          ]
        }
      ]
    },
    {
      "mode": "managed",
      "type": "aws_security_group",
      "name": "frontend",
      "provider": "provider[\"registry.terraform.io/hashicorp/aws\"]",
      "instances": [
        {
          "schema_version": 1,
          "attributes": {
            "arn": "arn:aws:ec2:ap-south-1:782832397014:security-group/sg-0f3ce65e699915f36",
            "description": "Security Group for frontend web server",
            "egress": [
              {
                "cidr_blocks": [
                  "0.0.0.0/0"
                ],
                "description": "",
                "from_port": 0,
                "ipv6_cidr_blocks": [],
                "prefix_list_ids": [],
                "protocol": "-1",
                "security_groups": [],
                "self": false,
                "to_port": 0
              }
            ],
            "id": "sg-0f3ce65e699915f36",
            "ingress": [
              {
                "cidr_blocks": [
                  "0.0.0.0/0"
                ],
                "description": "",
                "from_port": 22,
                "ipv6_cidr_blocks": [],
                "prefix_list_ids": [],
                "protocol": "tcp",
                "security_groups": [],
                "self": false,
                "to_port": 22
              },
              {
                "cidr_blocks": [
                  "0.0.0.0/0"
                ],
                "description": "",
                "from_port": 80,
                "ipv6_cidr_blocks": [],
                "prefix_list_ids": [],
                "protocol": "tcp",
                "security_groups": [],
                "self": false,
                "to_port": 80
              }
            ],
            "name": "terra-frontend-web-sg",
            "name_prefix": "",
            "owner_id": "782832397014",
            "revoke_rules_on_delete": false,
            "tags": {
              "Name": "dev-frontend-web-sg"
            },
            "tags_all": {
              "Name": "dev-frontend-web-sg"
            },
            "timeouts": null,
            "vpc_id": "vpc-0e7948e0d44074a78"
          },
          "sensitive_attributes": [],
          "private": "eyJlMmJmYjczMC1lY2FhLTExZTYtOGY4OC0zNDM2M2JjN2M0YzAiOnsiY3JlYXRlIjo2MDAwMDAwMDAwMDAsImRlbGV0ZSI6OTAwMDAwMDAwMDAwfSwic2NoZW1hX3ZlcnNpb24iOiIxIn0=",
          "dependencies": [
            "aws_vpc.terra_vpc"
          ]
        }
      ]
    },
    {
      "mode": "managed",
      "type": "aws_subnet",
      "name": "private",
      "provider": "provider[\"registry.terraform.io/hashicorp/aws\"]",
      "instances": [
        {
          "index_key": "0",
          "schema_version": 1,
          "attributes": {
            "arn": "arn:aws:ec2:ap-south-1:782832397014:subnet/subnet-0f65de84b85c47480",
            "assign_ipv6_address_on_creation": false,
            "availability_zone": "ap-south-1b",
            "availability_zone_id": "aps1-az3",
            "cidr_block": "10.20.128.0/20",
            "customer_owned_ipv4_pool": "",
            "enable_dns64": false,
            "enable_lni_at_device_index": 0,
            "enable_resource_name_dns_a_record_on_launch": false,
            "enable_resource_name_dns_aaaa_record_on_launch": false,
            "id": "subnet-0f65de84b85c47480",
            "ipv6_cidr_block": "",
            "ipv6_cidr_block_association_id": "",
            "ipv6_native": false,
            "map_customer_owned_ip_on_launch": false,
            "map_public_ip_on_launch": false,
            "outpost_arn": "",
            "owner_id": "782832397014",
            "private_dns_hostname_type_on_launch": "ip-name",
            "tags": {
              "Name": "dev-private-subnet-01"
            },
            "tags_all": {
              "Name": "dev-private-subnet-01"
            },
            "timeouts": null,
            "vpc_id": "vpc-0e7948e0d44074a78"
          },
          "sensitive_attributes": [],
          "private": "eyJlMmJmYjczMC1lY2FhLTExZTYtOGY4OC0zNDM2M2JjN2M0YzAiOnsiY3JlYXRlIjo2MDAwMDAwMDAwMDAsImRlbGV0ZSI6MTIwMDAwMDAwMDAwMH0sInNjaGVtYV92ZXJzaW9uIjoiMSJ9",
          "dependencies": [
            "aws_vpc.terra_vpc",
            "data.aws_availability_zones.available"
          ]
        },
        {
          "index_key": "1",
          "schema_version": 1,
          "attributes": {
            "arn": "arn:aws:ec2:ap-south-1:782832397014:subnet/subnet-044389b092725f8c1",
            "assign_ipv6_address_on_creation": false,
            "availability_zone": "ap-south-1c",
            "availability_zone_id": "aps1-az2",
            "cidr_block": "10.20.144.0/20",
            "customer_owned_ipv4_pool": "",
            "enable_dns64": false,
            "enable_lni_at_device_index": 0,
            "enable_resource_name_dns_a_record_on_launch": false,
            "enable_resource_name_dns_aaaa_record_on_launch": false,
            "id": "subnet-044389b092725f8c1",
            "ipv6_cidr_block": "",
            "ipv6_cidr_block_association_id": "",
            "ipv6_native": false,
            "map_customer_owned_ip_on_launch": false,
            "map_public_ip_on_launch": false,
            "outpost_arn": "",
            "owner_id": "782832397014",
            "private_dns_hostname_type_on_launch": "ip-name",
            "tags": {
              "Name": "dev-private-subnet-02"
            },
            "tags_all": {
              "Name": "dev-private-subnet-02"
            },
            "timeouts": null,
            "vpc_id": "vpc-0e7948e0d44074a78"
          },
          "sensitive_attributes": [],
          "private": "eyJlMmJmYjczMC1lY2FhLTExZTYtOGY4OC0zNDM2M2JjN2M0YzAiOnsiY3JlYXRlIjo2MDAwMDAwMDAwMDAsImRlbGV0ZSI6MTIwMDAwMDAwMDAwMH0sInNjaGVtYV92ZXJzaW9uIjoiMSJ9",
          "dependencies": [
            "aws_vpc.terra_vpc",
            "data.aws_availability_zones.available"
          ]
        }
      ]
    },
    {
      "mode": "managed",
      "type": "aws_subnet",
      "name": "public",
      "provider": "provider[\"registry.terraform.io/hashicorp/aws\"]",
      "instances": [
        {
          "index_key": "0",
          "schema_version": 1,
          "attributes": {
            "arn": "arn:aws:ec2:ap-south-1:782832397014:subnet/subnet-0e95ded9be59be4af",
            "assign_ipv6_address_on_creation": false,
            "availability_zone": "ap-south-1a",
            "availability_zone_id": "aps1-az1",
            "cidr_block": "10.20.0.0/20",
            "customer_owned_ipv4_pool": "",
            "enable_dns64": false,
            "enable_lni_at_device_index": 0,
            "enable_resource_name_dns_a_record_on_launch": false,
            "enable_resource_name_dns_aaaa_record_on_launch": false,
            "id": "subnet-0e95ded9be59be4af",
            "ipv6_cidr_block": "",
            "ipv6_cidr_block_association_id": "",
            "ipv6_native": false,
            "map_customer_owned_ip_on_launch": false,
            "map_public_ip_on_launch": true,
            "outpost_arn": "",
            "owner_id": "782832397014",
            "private_dns_hostname_type_on_launch": "ip-name",
            "tags": {
              "Name": "dev-public-subnet-01"
            },
            "tags_all": {
              "Name": "dev-public-subnet-01"
            },
            "timeouts": null,
            "vpc_id": "vpc-0e7948e0d44074a78"
          },
          "sensitive_attributes": [],
          "private": "eyJlMmJmYjczMC1lY2FhLTExZTYtOGY4OC0zNDM2M2JjN2M0YzAiOnsiY3JlYXRlIjo2MDAwMDAwMDAwMDAsImRlbGV0ZSI6MTIwMDAwMDAwMDAwMH0sInNjaGVtYV92ZXJzaW9uIjoiMSJ9",
          "dependencies": [
            "aws_vpc.terra_vpc",
            "data.aws_availability_zones.available"
          ]
        },
        {
          "index_key": "1",
          "schema_version": 1,
          "attributes": {
            "arn": "arn:aws:ec2:ap-south-1:782832397014:subnet/subnet-0ce61ec9a58431e2e",
            "assign_ipv6_address_on_creation": false,
            "availability_zone": "ap-south-1b",
            "availability_zone_id": "aps1-az3",
            "cidr_block": "10.20.16.0/20",
            "customer_owned_ipv4_pool": "",
            "enable_dns64": false,
            "enable_lni_at_device_index": 0,
            "enable_resource_name_dns_a_record_on_launch": false,
            "enable_resource_name_dns_aaaa_record_on_launch": false,
            "id": "subnet-0ce61ec9a58431e2e",
            "ipv6_cidr_block": "",
            "ipv6_cidr_block_association_id": "",
            "ipv6_native": false,
            "map_customer_owned_ip_on_launch": false,
            "map_public_ip_on_launch": true,
            "outpost_arn": "",
            "owner_id": "782832397014",
            "private_dns_hostname_type_on_launch": "ip-name",
            "tags": {
              "Name": "dev-public-subnet-02"
            },
            "tags_all": {
              "Name": "dev-public-subnet-02"
            },
            "timeouts": null,
            "vpc_id": "vpc-0e7948e0d44074a78"
          },
          "sensitive_attributes": [],
          "private": "eyJlMmJmYjczMC1lY2FhLTExZTYtOGY4OC0zNDM2M2JjN2M0YzAiOnsiY3JlYXRlIjo2MDAwMDAwMDAwMDAsImRlbGV0ZSI6MTIwMDAwMDAwMDAwMH0sInNjaGVtYV92ZXJzaW9uIjoiMSJ9",
          "dependencies": [
            "aws_vpc.terra_vpc",
            "data.aws_availability_zones.available"
          ]
        }
      ]
    },
    {
      "mode": "managed",
      "type": "aws_vpc",
      "name": "terra_vpc",
      "provider": "provider[\"registry.terraform.io/hashicorp/aws\"]",
      "instances": [
        {
          "schema_version": 1,
          "attributes": {
            "arn": "arn:aws:ec2:ap-south-1:782832397014:vpc/vpc-0e7948e0d44074a78",
            "assign_generated_ipv6_cidr_block": false,
            "cidr_block": "10.20.0.0/16",
            "default_network_acl_id": "acl-017795c34afb1cf87",
            "default_route_table_id": "rtb-05e8dc7705fd7b6f9",
            "default_security_group_id": "sg-0eeb6cd200e36c0e6",
            "dhcp_options_id": "dopt-ae6d60c6",
            "enable_dns_hostnames": false,
            "enable_dns_support": true,
            "enable_network_address_usage_metrics": false,
            "id": "vpc-0e7948e0d44074a78",
            "instance_tenancy": "default",
            "ipv4_ipam_pool_id": null,
            "ipv4_netmask_length": null,
            "ipv6_association_id": "",
            "ipv6_cidr_block": "",
            "ipv6_cidr_block_network_border_group": "",
            "ipv6_ipam_pool_id": "",
            "ipv6_netmask_length": 0,
            "main_route_table_id": "rtb-05e8dc7705fd7b6f9",
            "owner_id": "782832397014",
            "tags": {
              "Name": "dev-vpc"
            },
            "tags_all": {
              "Name": "dev-vpc"
            }
          },
          "sensitive_attributes": [],
          "private": "eyJzY2hlbWFfdmVyc2lvbiI6IjEifQ=="
        }
      ]
    },
    {
      "mode": "managed",
      "type": "local_file",
      "name": "terra_chatapp_local",
      "provider": "provider[\"registry.terraform.io/hashicorp/local\"]",
      "instances": [
        {
          "schema_version": 0,
          "attributes": {
            "content": "-----BEGIN RSA PRIVATE KEY-----\nMIIJKQIBAAKCAgEAs9voH7pc6L3unVuKk68T4WKwZsEFUzy4d96JdxhtoNNNMcYH\noVAs09xn5+XEsEz+UVOaBPmDfhWMFkVrC4vfTrhuQB+t7lichiTZWXhGO+M2mKGn\n7cjDGtpBpGB76wwp2Vl23jn99oMGqc/elG7NPnKlqTQXNHc6Im59hEIUctTz4K6Q\neQRxZxpndKjJRm6Zqn6eZQOr9udg9jwLSuecvJHzldTCTpBgncoe1YRJPOQPyGCi\nofTDb9RgEUZ/SIyYURV3EQUPI/w+yQONmXTpyOOYP6uJY3LxilwD+4BTKN5lPz0m\nkc89Uifw7PlCF1DugzdSEjT4XJnOOPHc1hzN++CK/KjmbaGdvqVoDlzsPa5qKGJ1\nt7nAx7cXyFmi8jhJlQqAvBcyeNpja8b9S/yRWiAMgorvieh6B2UIUB5nqccovgdx\nD7KkOGwVa9uWAbleC6egcYrk+c0YA5GvTdVkZDgCGBXmMMmaNvS1vhuUzzJl/THs\ncIxg6yZKuNN4WNDopu5tRyzkLbohBHwPQFPCLPBw7J3CpNv4QpJUJjcLHtydv92Y\nBbwMW00jDWBDXOHkiRzggRAhOraR7Dkj9DdgLi1gGd+9Z0NebK0oWKWoGg6KQZZG\neZ/9xrhg/JaQIEjEtIumgRexHNaaXs4X2EjQU1zubkSgK5/ZAQYHf2nNy38CAwEA\nAQKCAgBfjo9WBAqGsRpMSi1m51a1oVw9S4HLxm/vZ7E7MCRWlMzni+HT56fZa7lc\nsGt+i3l2tecXi4U8ALCryHfl64tZ5IzWzr326udGMd+0ND2EZeRE1WZF5CscYicL\n8SMFLzIwwuJvkPoH9Xcd003bKL8s1XaEXiOSAWJGltNi6ES6+b8UeUpSsXSapaGf\njmlZXTuRJLJ80qWTiTyvthj90+4nFZgH28DcQsLCMneNUzoh+r0T5ZuiVktbZ8ce\nhojrf58RPUlEJp7zrHmjDJs3k7D9xUXHVhipWJFRxC9teLE1/mpmXdPXFfbrZkMP\ndCKUBrCh0EtvVus5L5IsGPwOWcFpkqk/u4TbKq6vv9Zmthh99yNTE1FVgZAO49lN\nxblTmTKSSu+TeUzJpa47LJVgY+FhHLvBvmyyt0mniFmoYnhbtV1Ate/fD3suI+st\nvOGxcjzEfuWvI+CQ9fZsL7AlAqMEja4ar5AJmnaONIPgBD9J7tRihPPHWjmxwerv\nYRIXjMawimhY9WtJtDNPEClLQ+SQiPc3X79KC32AXSXUIF7buZ4MB+dKEuKN/N2I\n+oUjKxBIPcsxFXAJzW9n7d6VmqKa2RVCn3OndXvzmu4g2MdoXmsXn56RUdbHY2dl\n7Oxp5NIMXMJe9L5TX7GEoEQ7CnQOxmjH0j2q5bxDjzJUauGQEQKCAQEA7VCrBQWK\n4MUrYPEYSPptoX9E5TrSSqkCtKeOTn9qL748DqRmqFRqMyiYfk5+j+S1tqlGZXa7\nppM4JqUR2nSXG7EruSU2L9uY88mJ1p7+6aB4OH05XjYhQMxrI+N3DAkrSTgQYGgD\n7VGml6nDm7M+Epjl7itLMrEkEkcN7rbmiIR4zVr/1QywTlwkiZzW7FN7FlJ1mWO1\ns88xgOEoUc7UD4HCFwQ45Y1EL506ubWZVhQbNSDSn0OcF3LEWlmFjfaWV8gK+ike\nzV4g5dwTJRpnJykyDfP7P6kMpYJI9SiLFMoXSAO63egGBvfjsbpACGWnC/sO66wU\nX0RibSbQZsE1yQKCAQEAwgUmxySlnWqS/7gxuTkUArP64wjSKhCzXzzfp2700lWi\nqFbkyCyJQcLwjgh4rC2Owh+kRLdI2ZO1LgM+/+2HKWt0UHulo0OwSpAOVrKDtI62\n2kgL/2yh18z5DziYuFBAWJsp77fDv4rH/3OKCak/NDV0Tj54mbmSMEOfgx0Q+dhJ\nFuHF11+Bt+53AQ2nDyHnckqilGtzCW5c/Zx6lO8Ij464JHEgeBaUA2OIaBZz8PTh\nO6ZtWKV0HUkoI+nSuZ2MXfa6id1QbgkcW2Pb/WiVU6c3UWYrO8CkcR7oLrLi8dLF\nVA41VTyovzP88mCsT6C9hGXlzIkXeEms3zmxiiA7BwKCAQAa2MNgIA5j+yo7H0s2\nBk6ctH8gx5S+qXwK3+Gzc6qZmBXHOkX6yQHyo6cMsuiScrcz4NZ76AC2iXUSuh3Y\n7tOhaFuf6FvG8jrNaYFUbEw+Nc8j5Na2l70PTZDZUIRJMkhZUiRYI6w+Dryf766X\nUKG3DOEGHpO1OmDwSGWFGd/elc3svVyvx22yj636e2m89ny4O7/eCG+n1cqt38rl\n5lYLIwzH+cxN+7s4/7qDA85C9KdXTU1GgymHZY5dAj+fncPITnMfdcNsTDfAiTMJ\nQYFl5r0o4u8Ldp5dou2J/notcedMWE+thvAXnbd+hal0ybsqGc7IToFHfb78xiVR\nWo4xAoIBAQCInd3/TeO8I2Yc4FNK7FEV0iuwH+70pcvYHOITYMLNNHWTeZQhC5Me\nliiSqo5mFrI2KNefdzu50RM7shdzWIra9Inzfg1VF/2Tkzo1e//XbMJ+k0q3cYPI\nk9EwEZcf+YpFmgR+gnQ4dH19d5rUULNrjNQ3oC+FdzDkAUnZpeblNpHIpfOMQvjx\nTd3IBRgERMhXJwyx27MmCes6vStnoaTyiPlK18mYJbXVaQmM2XqMSbIrMXY/fEl1\nsaStHSE/iBtlsq0JFKhkws+P3pHyLuku/UirbXi122EvMiclctrwkoxWMqcFPPBJ\nqk7LUJ0keLfZ+XJFgqbfEWnDyTklXKqTAoIBAQDQrvfRkoIonz/eRya2qpSyZUD/\nbYDVSRvQz1KnhTFU/YRze7i+OHwCcTywX2/ADQkJnynWBzpHtn/846CGmr/73BS3\n1lArsvcdZn2e3iFEJ3Yi1a7qidiTNOt/PeQTRMiPNtdYPEc9P4+uDUU4i3/SykTA\n3qSNFaJ6pxcqdH+nX6X+4tg3MJvzg1WKJvizBnQeRxsUqeAWhmxuwZHXXn8wOztW\nGQvJYzZWRhjnIEg2UPB+Nngr/ynSCFsb/1WNNHeFLeJ/TJW2OQza8YsKhpw3N0te\nixFGXvZFicDcl8iOK7vxVeFUOKobVER7PIccywd0msuOgRjQ1VNgGGQ5G3H6\n-----END RSA PRIVATE KEY-----\n",
            "content_base64": null,
            "content_base64sha256": "49qwQ4hLPRS2ZujUgHmaGd+1/sb1akjmEEFcT101wZY=",
            "content_base64sha512": "z9Uwisuqw6V0rxSCWA8I2GKanBoACOJYAJ7lBtA1DPUNenKG00rbj7z8kFF4+XsBDRTkaJUHK1RtTHIFtlwLew==",
            "content_md5": "f3d1ec57b2ba7792772604413e223db4",
            "content_sha1": "0d52e9390e511115c12b0a66f318b498fb9bbc6b",
            "content_sha256": "e3dab043884b3d14b666e8d480799a19dfb5fec6f56a48e610415c4f5d35c196",
            "content_sha512": "cfd5308acbaac3a574af1482580f08d8629a9c1a0008e258009ee506d0350cf50d7a7286d34adb8fbcfc905178f97b010d14e46895072b546d4c7205b65c0b7b",
            "directory_permission": "0777",
            "file_permission": "0777",
            "filename": "./dev-chatapp-key.pem",
            "id": "0d52e9390e511115c12b0a66f318b498fb9bbc6b",
            "sensitive_content": null,
            "source": null
          },
          "sensitive_attributes": [
            [
              {
                "type": "get_attr",
                "value": "sensitive_content"
              }
            ],
            [
              {
                "type": "get_attr",
                "value": "content"
              }
            ]
          ],
          "dependencies": [
            "tls_private_key.rsa"
          ]
        }
      ]
    },
    {
      "mode": "managed",
      "type": "null_resource",
      "name": "configure_backend",
      "provider": "provider[\"registry.terraform.io/hashicorp/null\"]",
      "instances": [
        {
          "schema_version": 0,
          "attributes": {
            "id": "1879068589",
            "triggers": null
          },
          "sensitive_attributes": [],
          "dependencies": [
            "aws_eip.nat_eip",
            "aws_instance.backend",
            "aws_instance.database",
            "aws_instance.frontend",
            "aws_key_pair.terra_chatapp_key",
            "aws_nat_gateway.ngw",
            "aws_route_table.private",
            "aws_route_table_association.private",
            "aws_security_group.backend",
            "aws_security_group.database",
            "aws_security_group.frontend",
            "aws_subnet.private",
            "aws_subnet.public",
            "aws_vpc.terra_vpc",
            "data.aws_ami.backend",
            "data.aws_ami.ubuntu",
            "data.aws_availability_zones.available",
            "local_file.terra_chatapp_local",
            "null_resource.configure_database",
            "tls_private_key.rsa"
          ]
        }
      ]
    },
    {
      "mode": "managed",
      "type": "null_resource",
      "name": "configure_database",
      "provider": "provider[\"registry.terraform.io/hashicorp/null\"]",
      "instances": [
        {
          "schema_version": 0,
          "attributes": {
            "id": "73842344",
            "triggers": null
          },
          "sensitive_attributes": [],
          "dependencies": [
            "aws_eip.nat_eip",
            "aws_instance.backend",
            "aws_instance.database",
            "aws_instance.frontend",
            "aws_key_pair.terra_chatapp_key",
            "aws_nat_gateway.ngw",
            "aws_route_table.private",
            "aws_route_table_association.private",
            "aws_security_group.backend",
            "aws_security_group.database",
            "aws_security_group.frontend",
            "aws_subnet.private",
            "aws_subnet.public",
            "aws_vpc.terra_vpc",
            "data.aws_ami.backend",
            "data.aws_ami.ubuntu",
            "data.aws_availability_zones.available",
            "local_file.terra_chatapp_local",
            "tls_private_key.rsa"
          ]
        }
      ]
    },
    {
      "mode": "managed",
      "type": "null_resource",
      "name": "configure_frontend",
      "provider": "provider[\"registry.terraform.io/hashicorp/null\"]",
      "instances": [
        {
          "schema_version": 0,
          "attributes": {
            "id": "327273528",
            "triggers": null
          },
          "sensitive_attributes": [],
          "dependencies": [
            "aws_eip.nat_eip",
            "aws_instance.backend",
            "aws_instance.database",
            "aws_instance.frontend",
            "aws_key_pair.terra_chatapp_key",
            "aws_nat_gateway.ngw",
            "aws_route_table.private",
            "aws_route_table_association.private",
            "aws_security_group.backend",
            "aws_security_group.database",
            "aws_security_group.frontend",
            "aws_subnet.private",
            "aws_subnet.public",
            "aws_vpc.terra_vpc",
            "data.aws_ami.backend",
            "data.aws_ami.ubuntu",
            "data.aws_availability_zones.available",
            "local_file.terra_chatapp_local",
            "null_resource.configure_backend",
            "null_resource.configure_database",
            "tls_private_key.rsa"
          ]
        }
      ]
    },
    {
      "mode": "managed",
      "type": "tls_private_key",
      "name": "rsa",
      "provider": "provider[\"registry.terraform.io/hashicorp/tls\"]",
      "instances": [
        {
          "schema_version": 1,
          "attributes": {
            "algorithm": "RSA",
            "ecdsa_curve": "P224",
            "id": "3114e2350daa70a1fd544eedf313e7e28b796ebd",
            "private_key_openssh": "-----BEGIN OPENSSH PRIVATE KEY-----\nb3BlbnNzaC1rZXktdjEAAAAABG5vbmUAAAAEbm9uZQAAAAAAAAABAAACFwAAAAdz\nc2gtcnNhAAAAAwEAAQAAAgEAs9voH7pc6L3unVuKk68T4WKwZsEFUzy4d96Jdxht\noNNNMcYHoVAs09xn5+XEsEz+UVOaBPmDfhWMFkVrC4vfTrhuQB+t7lichiTZWXhG\nO+M2mKGn7cjDGtpBpGB76wwp2Vl23jn99oMGqc/elG7NPnKlqTQXNHc6Im59hEIU\nctTz4K6QeQRxZxpndKjJRm6Zqn6eZQOr9udg9jwLSuecvJHzldTCTpBgncoe1YRJ\nPOQPyGCiofTDb9RgEUZ/SIyYURV3EQUPI/w+yQONmXTpyOOYP6uJY3LxilwD+4BT\nKN5lPz0mkc89Uifw7PlCF1DugzdSEjT4XJnOOPHc1hzN++CK/KjmbaGdvqVoDlzs\nPa5qKGJ1t7nAx7cXyFmi8jhJlQqAvBcyeNpja8b9S/yRWiAMgorvieh6B2UIUB5n\nqccovgdxD7KkOGwVa9uWAbleC6egcYrk+c0YA5GvTdVkZDgCGBXmMMmaNvS1vhuU\nzzJl/THscIxg6yZKuNN4WNDopu5tRyzkLbohBHwPQFPCLPBw7J3CpNv4QpJUJjcL\nHtydv92YBbwMW00jDWBDXOHkiRzggRAhOraR7Dkj9DdgLi1gGd+9Z0NebK0oWKWo\nGg6KQZZGeZ/9xrhg/JaQIEjEtIumgRexHNaaXs4X2EjQU1zubkSgK5/ZAQYHf2nN\ny38AAAc4lRSVk5UUlZMAAAAHc3NoLXJzYQAAAgEAs9voH7pc6L3unVuKk68T4WKw\nZsEFUzy4d96JdxhtoNNNMcYHoVAs09xn5+XEsEz+UVOaBPmDfhWMFkVrC4vfTrhu\nQB+t7lichiTZWXhGO+M2mKGn7cjDGtpBpGB76wwp2Vl23jn99oMGqc/elG7NPnKl\nqTQXNHc6Im59hEIUctTz4K6QeQRxZxpndKjJRm6Zqn6eZQOr9udg9jwLSuecvJHz\nldTCTpBgncoe1YRJPOQPyGCiofTDb9RgEUZ/SIyYURV3EQUPI/w+yQONmXTpyOOY\nP6uJY3LxilwD+4BTKN5lPz0mkc89Uifw7PlCF1DugzdSEjT4XJnOOPHc1hzN++CK\n/KjmbaGdvqVoDlzsPa5qKGJ1t7nAx7cXyFmi8jhJlQqAvBcyeNpja8b9S/yRWiAM\ngorvieh6B2UIUB5nqccovgdxD7KkOGwVa9uWAbleC6egcYrk+c0YA5GvTdVkZDgC\nGBXmMMmaNvS1vhuUzzJl/THscIxg6yZKuNN4WNDopu5tRyzkLbohBHwPQFPCLPBw\n7J3CpNv4QpJUJjcLHtydv92YBbwMW00jDWBDXOHkiRzggRAhOraR7Dkj9DdgLi1g\nGd+9Z0NebK0oWKWoGg6KQZZGeZ/9xrhg/JaQIEjEtIumgRexHNaaXs4X2EjQU1zu\nbkSgK5/ZAQYHf2nNy38AAAADAQABAAACAF+Oj1YECoaxGkxKLWbnVrWhXD1LgcvG\nb+9nsTswJFaUzOeL4dPnp9lruVywa36LeXa15xeLhTwAsKvId+Xri1nkjNbOvfbq\n50Yx37Q0PYRl5ETVZkXkKxxiJwvxIwUvMjDC4m+Q+gf1dx3TTdsovyzVdoReI5IB\nYkaW02LoRLr5vxR5SlKxdJqloZ+OaVldO5EksnzSpZOJPK+2GP3T7icVmAfbwNxC\nwsIyd41TOiH6vRPlm6JWS1tnxx6GiOt/nxE9SUQmnvOseaMMmzeTsP3FRcdWGKlY\nkVHEL214sTX+amZd09cV9utmQw90IpQGsKHQS29W6zkvkiwY/A5ZwWmSqT+7hNsq\nrq+/1ma2GH33I1MTUVWBkA7j2U3FuVOZMpJK75N5TMmlrjsslWBj4WEcu8G+bLK3\nSaeIWahieFu1XUC1798Pey4j6y284bFyPMR+5a8j4JD19mwvsCUCowSNrhqvkAma\ndo40g+AEP0nu1GKE88daObHB6u9hEheMxrCKaFj1a0m0M08QKUtD5JCI9zdfv0oL\nfYBdJdQgXtu5ngwH50oS4o383Yj6hSMrEEg9yzEVcAnNb2ft3pWaoprZFUKfc6d1\ne/Oa7iDYx2heaxefnpFR1sdjZ2Xs7Gnk0gxcwl70vlNfsYSgRDsKdA7GaMfSParl\nvEOPMlRq4ZARAAABAQDQrvfRkoIonz/eRya2qpSyZUD/bYDVSRvQz1KnhTFU/YRz\ne7i+OHwCcTywX2/ADQkJnynWBzpHtn/846CGmr/73BS31lArsvcdZn2e3iFEJ3Yi\n1a7qidiTNOt/PeQTRMiPNtdYPEc9P4+uDUU4i3/SykTA3qSNFaJ6pxcqdH+nX6X+\n4tg3MJvzg1WKJvizBnQeRxsUqeAWhmxuwZHXXn8wOztWGQvJYzZWRhjnIEg2UPB+\nNngr/ynSCFsb/1WNNHeFLeJ/TJW2OQza8YsKhpw3N0teixFGXvZFicDcl8iOK7vx\nVeFUOKobVER7PIccywd0msuOgRjQ1VNgGGQ5G3H6AAABAQDtUKsFBYrgxStg8RhI\n+m2hf0TlOtJKqQK0p45Of2ovvjwOpGaoVGozKJh+Tn6P5LW2qUZldrumkzgmpRHa\ndJcbsSu5JTYv25jzyYnWnv7poHg4fTleNiFAzGsj43cMCStJOBBgaAPtUaaXqcOb\nsz4SmOXuK0sysSQSRw3utuaIhHjNWv/VDLBOXCSJnNbsU3sWUnWZY7WzzzGA4ShR\nztQPgcIXBDjljUQvnTq5tZlWFBs1INKfQ5wXcsRaWYWN9pZXyAr6KR7NXiDl3BMl\nGmcnKTIN8/s/qQylgkj1KIsUyhdIA7rd6AYG9+OxukAIZacL+w7rrBRfRGJtJtBm\nwTXJAAABAQDCBSbHJKWdapL/uDG5ORQCs/rjCNIqELNfPN+nbvTSVaKoVuTILIlB\nwvCOCHisLY7CH6REt0jZk7UuAz7/7Ycpa3RQe6WjQ7BKkA5WsoO0jrbaSAv/bKHX\nzPkPOJi4UEBYmynvt8O/isf/c4oJqT80NXROPniZuZIwQ5+DHRD52EkW4cXXX4G3\n7ncBDacPIedySqKUa3MJblz9nHqU7wiPjrgkcSB4FpQDY4hoFnPw9OE7pm1YpXQd\nSSgj6dK5nYxd9rqJ3VBuCRxbY9v9aJVTpzdRZis7wKRxHugusuLx0sVUDjVVPKi/\nM/zyYKxPoL2EZeXMiRd4SazfObGKIDsHAAAAAAEC\n-----END OPENSSH PRIVATE KEY-----\n",
            "private_key_pem": "-----BEGIN RSA PRIVATE KEY-----\nMIIJKQIBAAKCAgEAs9voH7pc6L3unVuKk68T4WKwZsEFUzy4d96JdxhtoNNNMcYH\noVAs09xn5+XEsEz+UVOaBPmDfhWMFkVrC4vfTrhuQB+t7lichiTZWXhGO+M2mKGn\n7cjDGtpBpGB76wwp2Vl23jn99oMGqc/elG7NPnKlqTQXNHc6Im59hEIUctTz4K6Q\neQRxZxpndKjJRm6Zqn6eZQOr9udg9jwLSuecvJHzldTCTpBgncoe1YRJPOQPyGCi\nofTDb9RgEUZ/SIyYURV3EQUPI/w+yQONmXTpyOOYP6uJY3LxilwD+4BTKN5lPz0m\nkc89Uifw7PlCF1DugzdSEjT4XJnOOPHc1hzN++CK/KjmbaGdvqVoDlzsPa5qKGJ1\nt7nAx7cXyFmi8jhJlQqAvBcyeNpja8b9S/yRWiAMgorvieh6B2UIUB5nqccovgdx\nD7KkOGwVa9uWAbleC6egcYrk+c0YA5GvTdVkZDgCGBXmMMmaNvS1vhuUzzJl/THs\ncIxg6yZKuNN4WNDopu5tRyzkLbohBHwPQFPCLPBw7J3CpNv4QpJUJjcLHtydv92Y\nBbwMW00jDWBDXOHkiRzggRAhOraR7Dkj9DdgLi1gGd+9Z0NebK0oWKWoGg6KQZZG\neZ/9xrhg/JaQIEjEtIumgRexHNaaXs4X2EjQU1zubkSgK5/ZAQYHf2nNy38CAwEA\nAQKCAgBfjo9WBAqGsRpMSi1m51a1oVw9S4HLxm/vZ7E7MCRWlMzni+HT56fZa7lc\nsGt+i3l2tecXi4U8ALCryHfl64tZ5IzWzr326udGMd+0ND2EZeRE1WZF5CscYicL\n8SMFLzIwwuJvkPoH9Xcd003bKL8s1XaEXiOSAWJGltNi6ES6+b8UeUpSsXSapaGf\njmlZXTuRJLJ80qWTiTyvthj90+4nFZgH28DcQsLCMneNUzoh+r0T5ZuiVktbZ8ce\nhojrf58RPUlEJp7zrHmjDJs3k7D9xUXHVhipWJFRxC9teLE1/mpmXdPXFfbrZkMP\ndCKUBrCh0EtvVus5L5IsGPwOWcFpkqk/u4TbKq6vv9Zmthh99yNTE1FVgZAO49lN\nxblTmTKSSu+TeUzJpa47LJVgY+FhHLvBvmyyt0mniFmoYnhbtV1Ate/fD3suI+st\nvOGxcjzEfuWvI+CQ9fZsL7AlAqMEja4ar5AJmnaONIPgBD9J7tRihPPHWjmxwerv\nYRIXjMawimhY9WtJtDNPEClLQ+SQiPc3X79KC32AXSXUIF7buZ4MB+dKEuKN/N2I\n+oUjKxBIPcsxFXAJzW9n7d6VmqKa2RVCn3OndXvzmu4g2MdoXmsXn56RUdbHY2dl\n7Oxp5NIMXMJe9L5TX7GEoEQ7CnQOxmjH0j2q5bxDjzJUauGQEQKCAQEA7VCrBQWK\n4MUrYPEYSPptoX9E5TrSSqkCtKeOTn9qL748DqRmqFRqMyiYfk5+j+S1tqlGZXa7\nppM4JqUR2nSXG7EruSU2L9uY88mJ1p7+6aB4OH05XjYhQMxrI+N3DAkrSTgQYGgD\n7VGml6nDm7M+Epjl7itLMrEkEkcN7rbmiIR4zVr/1QywTlwkiZzW7FN7FlJ1mWO1\ns88xgOEoUc7UD4HCFwQ45Y1EL506ubWZVhQbNSDSn0OcF3LEWlmFjfaWV8gK+ike\nzV4g5dwTJRpnJykyDfP7P6kMpYJI9SiLFMoXSAO63egGBvfjsbpACGWnC/sO66wU\nX0RibSbQZsE1yQKCAQEAwgUmxySlnWqS/7gxuTkUArP64wjSKhCzXzzfp2700lWi\nqFbkyCyJQcLwjgh4rC2Owh+kRLdI2ZO1LgM+/+2HKWt0UHulo0OwSpAOVrKDtI62\n2kgL/2yh18z5DziYuFBAWJsp77fDv4rH/3OKCak/NDV0Tj54mbmSMEOfgx0Q+dhJ\nFuHF11+Bt+53AQ2nDyHnckqilGtzCW5c/Zx6lO8Ij464JHEgeBaUA2OIaBZz8PTh\nO6ZtWKV0HUkoI+nSuZ2MXfa6id1QbgkcW2Pb/WiVU6c3UWYrO8CkcR7oLrLi8dLF\nVA41VTyovzP88mCsT6C9hGXlzIkXeEms3zmxiiA7BwKCAQAa2MNgIA5j+yo7H0s2\nBk6ctH8gx5S+qXwK3+Gzc6qZmBXHOkX6yQHyo6cMsuiScrcz4NZ76AC2iXUSuh3Y\n7tOhaFuf6FvG8jrNaYFUbEw+Nc8j5Na2l70PTZDZUIRJMkhZUiRYI6w+Dryf766X\nUKG3DOEGHpO1OmDwSGWFGd/elc3svVyvx22yj636e2m89ny4O7/eCG+n1cqt38rl\n5lYLIwzH+cxN+7s4/7qDA85C9KdXTU1GgymHZY5dAj+fncPITnMfdcNsTDfAiTMJ\nQYFl5r0o4u8Ldp5dou2J/notcedMWE+thvAXnbd+hal0ybsqGc7IToFHfb78xiVR\nWo4xAoIBAQCInd3/TeO8I2Yc4FNK7FEV0iuwH+70pcvYHOITYMLNNHWTeZQhC5Me\nliiSqo5mFrI2KNefdzu50RM7shdzWIra9Inzfg1VF/2Tkzo1e//XbMJ+k0q3cYPI\nk9EwEZcf+YpFmgR+gnQ4dH19d5rUULNrjNQ3oC+FdzDkAUnZpeblNpHIpfOMQvjx\nTd3IBRgERMhXJwyx27MmCes6vStnoaTyiPlK18mYJbXVaQmM2XqMSbIrMXY/fEl1\nsaStHSE/iBtlsq0JFKhkws+P3pHyLuku/UirbXi122EvMiclctrwkoxWMqcFPPBJ\nqk7LUJ0keLfZ+XJFgqbfEWnDyTklXKqTAoIBAQDQrvfRkoIonz/eRya2qpSyZUD/\nbYDVSRvQz1KnhTFU/YRze7i+OHwCcTywX2/ADQkJnynWBzpHtn/846CGmr/73BS3\n1lArsvcdZn2e3iFEJ3Yi1a7qidiTNOt/PeQTRMiPNtdYPEc9P4+uDUU4i3/SykTA\n3qSNFaJ6pxcqdH+nX6X+4tg3MJvzg1WKJvizBnQeRxsUqeAWhmxuwZHXXn8wOztW\nGQvJYzZWRhjnIEg2UPB+Nngr/ynSCFsb/1WNNHeFLeJ/TJW2OQza8YsKhpw3N0te\nixFGXvZFicDcl8iOK7vxVeFUOKobVER7PIccywd0msuOgRjQ1VNgGGQ5G3H6\n-----END RSA PRIVATE KEY-----\n",
            "private_key_pem_pkcs8": "-----BEGIN PRIVATE KEY-----\nMIIJQwIBADANBgkqhkiG9w0BAQEFAASCCS0wggkpAgEAAoICAQCz2+gfulzove6d\nW4qTrxPhYrBmwQVTPLh33ol3GG2g000xxgehUCzT3Gfn5cSwTP5RU5oE+YN+FYwW\nRWsLi99OuG5AH63uWJyGJNlZeEY74zaYoaftyMMa2kGkYHvrDCnZWXbeOf32gwap\nz96Ubs0+cqWpNBc0dzoibn2EQhRy1PPgrpB5BHFnGmd0qMlGbpmqfp5lA6v252D2\nPAtK55y8kfOV1MJOkGCdyh7VhEk85A/IYKKh9MNv1GARRn9IjJhRFXcRBQ8j/D7J\nA42ZdOnI45g/q4ljcvGKXAP7gFMo3mU/PSaRzz1SJ/Ds+UIXUO6DN1ISNPhcmc44\n8dzWHM374Ir8qOZtoZ2+pWgOXOw9rmooYnW3ucDHtxfIWaLyOEmVCoC8FzJ42mNr\nxv1L/JFaIAyCiu+J6HoHZQhQHmepxyi+B3EPsqQ4bBVr25YBuV4Lp6BxiuT5zRgD\nka9N1WRkOAIYFeYwyZo29LW+G5TPMmX9MexwjGDrJkq403hY0Oim7m1HLOQtuiEE\nfA9AU8Is8HDsncKk2/hCklQmNwse3J2/3ZgFvAxbTSMNYENc4eSJHOCBECE6tpHs\nOSP0N2AuLWAZ371nQ15srShYpagaDopBlkZ5n/3GuGD8lpAgSMS0i6aBF7Ec1ppe\nzhfYSNBTXO5uRKArn9kBBgd/ac3LfwIDAQABAoICAF+Oj1YECoaxGkxKLWbnVrWh\nXD1LgcvGb+9nsTswJFaUzOeL4dPnp9lruVywa36LeXa15xeLhTwAsKvId+Xri1nk\njNbOvfbq50Yx37Q0PYRl5ETVZkXkKxxiJwvxIwUvMjDC4m+Q+gf1dx3TTdsovyzV\ndoReI5IBYkaW02LoRLr5vxR5SlKxdJqloZ+OaVldO5EksnzSpZOJPK+2GP3T7icV\nmAfbwNxCwsIyd41TOiH6vRPlm6JWS1tnxx6GiOt/nxE9SUQmnvOseaMMmzeTsP3F\nRcdWGKlYkVHEL214sTX+amZd09cV9utmQw90IpQGsKHQS29W6zkvkiwY/A5ZwWmS\nqT+7hNsqrq+/1ma2GH33I1MTUVWBkA7j2U3FuVOZMpJK75N5TMmlrjsslWBj4WEc\nu8G+bLK3SaeIWahieFu1XUC1798Pey4j6y284bFyPMR+5a8j4JD19mwvsCUCowSN\nrhqvkAmado40g+AEP0nu1GKE88daObHB6u9hEheMxrCKaFj1a0m0M08QKUtD5JCI\n9zdfv0oLfYBdJdQgXtu5ngwH50oS4o383Yj6hSMrEEg9yzEVcAnNb2ft3pWaoprZ\nFUKfc6d1e/Oa7iDYx2heaxefnpFR1sdjZ2Xs7Gnk0gxcwl70vlNfsYSgRDsKdA7G\naMfSParlvEOPMlRq4ZARAoIBAQDtUKsFBYrgxStg8RhI+m2hf0TlOtJKqQK0p45O\nf2ovvjwOpGaoVGozKJh+Tn6P5LW2qUZldrumkzgmpRHadJcbsSu5JTYv25jzyYnW\nnv7poHg4fTleNiFAzGsj43cMCStJOBBgaAPtUaaXqcObsz4SmOXuK0sysSQSRw3u\ntuaIhHjNWv/VDLBOXCSJnNbsU3sWUnWZY7WzzzGA4ShRztQPgcIXBDjljUQvnTq5\ntZlWFBs1INKfQ5wXcsRaWYWN9pZXyAr6KR7NXiDl3BMlGmcnKTIN8/s/qQylgkj1\nKIsUyhdIA7rd6AYG9+OxukAIZacL+w7rrBRfRGJtJtBmwTXJAoIBAQDCBSbHJKWd\napL/uDG5ORQCs/rjCNIqELNfPN+nbvTSVaKoVuTILIlBwvCOCHisLY7CH6REt0jZ\nk7UuAz7/7Ycpa3RQe6WjQ7BKkA5WsoO0jrbaSAv/bKHXzPkPOJi4UEBYmynvt8O/\nisf/c4oJqT80NXROPniZuZIwQ5+DHRD52EkW4cXXX4G37ncBDacPIedySqKUa3MJ\nblz9nHqU7wiPjrgkcSB4FpQDY4hoFnPw9OE7pm1YpXQdSSgj6dK5nYxd9rqJ3VBu\nCRxbY9v9aJVTpzdRZis7wKRxHugusuLx0sVUDjVVPKi/M/zyYKxPoL2EZeXMiRd4\nSazfObGKIDsHAoIBABrYw2AgDmP7KjsfSzYGTpy0fyDHlL6pfArf4bNzqpmYFcc6\nRfrJAfKjpwyy6JJytzPg1nvoALaJdRK6Hdju06FoW5/oW8byOs1pgVRsTD41zyPk\n1raXvQ9NkNlQhEkySFlSJFgjrD4OvJ/vrpdQobcM4QYek7U6YPBIZYUZ396Vzey9\nXK/HbbKPrfp7abz2fLg7v94Ib6fVyq3fyuXmVgsjDMf5zE37uzj/uoMDzkL0p1dN\nTUaDKYdljl0CP5+dw8hOcx91w2xMN8CJMwlBgWXmvSji7wt2nl2i7Yn+ei1x50xY\nT62G8Bedt36FqXTJuyoZzshOgUd9vvzGJVFajjECggEBAIid3f9N47wjZhzgU0rs\nURXSK7Af7vSly9gc4hNgws00dZN5lCELkx6WKJKqjmYWsjYo1593O7nREzuyF3NY\nitr0ifN+DVUX/ZOTOjV7/9dswn6TSrdxg8iT0TARlx/5ikWaBH6CdDh0fX13mtRQ\ns2uM1DegL4V3MOQBSdml5uU2kcil84xC+PFN3cgFGAREyFcnDLHbsyYJ6zq9K2eh\npPKI+UrXyZgltdVpCYzZeoxJsisxdj98SXWxpK0dIT+IG2WyrQkUqGTCz4/ekfIu\n6S79SKtteLXbYS8yJyVy2vCSjFYypwU88EmqTstQnSR4t9n5ckWCpt8RacPJOSVc\nqpMCggEBANCu99GSgiifP95HJraqlLJlQP9tgNVJG9DPUqeFMVT9hHN7uL44fAJx\nPLBfb8ANCQmfKdYHOke2f/zjoIaav/vcFLfWUCuy9x1mfZ7eIUQndiLVruqJ2JM0\n63895BNEyI8211g8Rz0/j64NRTiLf9LKRMDepI0VonqnFyp0f6dfpf7i2Dcwm/OD\nVYom+LMGdB5HGxSp4BaGbG7BkddefzA7O1YZC8ljNlZGGOcgSDZQ8H42eCv/KdII\nWxv/VY00d4Ut4n9MlbY5DNrxiwqGnDc3S16LEUZe9kWJwNyXyI4ru/FV4VQ4qhtU\nRHs8hxzLB3Say46BGNDVU2AYZDkbcfo=\n-----END PRIVATE KEY-----\n",
            "public_key_fingerprint_md5": "d1:6c:9f:23:dc:cc:53:a7:d7:0e:6c:e5:20:e3:c0:c2",
            "public_key_fingerprint_sha256": "SHA256:GVGjPInbWKrO6CEgklTyvtp/bqmqlP/nKXEjfkFaqKc",
            "public_key_openssh": "ssh-rsa AAAAB3NzaC1yc2EAAAADAQABAAACAQCz2+gfulzove6dW4qTrxPhYrBmwQVTPLh33ol3GG2g000xxgehUCzT3Gfn5cSwTP5RU5oE+YN+FYwWRWsLi99OuG5AH63uWJyGJNlZeEY74zaYoaftyMMa2kGkYHvrDCnZWXbeOf32gwapz96Ubs0+cqWpNBc0dzoibn2EQhRy1PPgrpB5BHFnGmd0qMlGbpmqfp5lA6v252D2PAtK55y8kfOV1MJOkGCdyh7VhEk85A/IYKKh9MNv1GARRn9IjJhRFXcRBQ8j/D7JA42ZdOnI45g/q4ljcvGKXAP7gFMo3mU/PSaRzz1SJ/Ds+UIXUO6DN1ISNPhcmc448dzWHM374Ir8qOZtoZ2+pWgOXOw9rmooYnW3ucDHtxfIWaLyOEmVCoC8FzJ42mNrxv1L/JFaIAyCiu+J6HoHZQhQHmepxyi+B3EPsqQ4bBVr25YBuV4Lp6BxiuT5zRgDka9N1WRkOAIYFeYwyZo29LW+G5TPMmX9MexwjGDrJkq403hY0Oim7m1HLOQtuiEEfA9AU8Is8HDsncKk2/hCklQmNwse3J2/3ZgFvAxbTSMNYENc4eSJHOCBECE6tpHsOSP0N2AuLWAZ371nQ15srShYpagaDopBlkZ5n/3GuGD8lpAgSMS0i6aBF7Ec1ppezhfYSNBTXO5uRKArn9kBBgd/ac3Lfw==\n",
            "public_key_pem": "-----BEGIN PUBLIC KEY-----\nMIICIjANBgkqhkiG9w0BAQEFAAOCAg8AMIICCgKCAgEAs9voH7pc6L3unVuKk68T\n4WKwZsEFUzy4d96JdxhtoNNNMcYHoVAs09xn5+XEsEz+UVOaBPmDfhWMFkVrC4vf\nTrhuQB+t7lichiTZWXhGO+M2mKGn7cjDGtpBpGB76wwp2Vl23jn99oMGqc/elG7N\nPnKlqTQXNHc6Im59hEIUctTz4K6QeQRxZxpndKjJRm6Zqn6eZQOr9udg9jwLSuec\nvJHzldTCTpBgncoe1YRJPOQPyGCiofTDb9RgEUZ/SIyYURV3EQUPI/w+yQONmXTp\nyOOYP6uJY3LxilwD+4BTKN5lPz0mkc89Uifw7PlCF1DugzdSEjT4XJnOOPHc1hzN\n++CK/KjmbaGdvqVoDlzsPa5qKGJ1t7nAx7cXyFmi8jhJlQqAvBcyeNpja8b9S/yR\nWiAMgorvieh6B2UIUB5nqccovgdxD7KkOGwVa9uWAbleC6egcYrk+c0YA5GvTdVk\nZDgCGBXmMMmaNvS1vhuUzzJl/THscIxg6yZKuNN4WNDopu5tRyzkLbohBHwPQFPC\nLPBw7J3CpNv4QpJUJjcLHtydv92YBbwMW00jDWBDXOHkiRzggRAhOraR7Dkj9Ddg\nLi1gGd+9Z0NebK0oWKWoGg6KQZZGeZ/9xrhg/JaQIEjEtIumgRexHNaaXs4X2EjQ\nU1zubkSgK5/ZAQYHf2nNy38CAwEAAQ==\n-----END PUBLIC KEY-----\n",
            "rsa_bits": 4096
          },
          "sensitive_attributes": [
            [
              {
                "type": "get_attr",
                "value": "private_key_openssh"
              }
            ],
            [
              {
                "type": "get_attr",
                "value": "private_key_pem"
              }
            ],
            [
              {
                "type": "get_attr",
                "value": "private_key_pem_pkcs8"
              }
            ]
          ]
        }
      ]
    }
  ],
  "check_results": null
}
