{
  "version": 4,
  "terraform_version": "1.8.5",
  "serial": 27,
  "lineage": "257b0b60-eaf7-9268-5bb7-8dda01a687a5",
  "outputs": {},
  "resources": [
    {
      "mode": "data",
      "type": "aws_ami",
      "name": "backend",
      "provider": "provider[\"registry.terraform.io/hashicorp/aws\"]",
      "instances": [
        {
          "schema_version": 0,
          "attributes": {
            "architecture": "x86_64",
            "arn": "arn:aws:ec2:ap-south-1::image/ami-00f994c719fc62e9e",
            "block_device_mappings": [
              {
                "device_name": "/dev/sda1",
                "ebs": {
                  "delete_on_termination": "true",
                  "encrypted": "false",
                  "iops": "0",
                  "snapshot_id": "snap-0a881bcd0fb805d61",
                  "throughput": "0",
                  "volume_size": "8",
                  "volume_type": "gp2"
                },
                "no_device": "",
                "virtual_name": ""
              },
              {
                "device_name": "/dev/sdb",
                "ebs": {},
                "no_device": "",
                "virtual_name": "ephemeral0"
              },
              {
                "device_name": "/dev/sdc",
                "ebs": {},
                "no_device": "",
                "virtual_name": "ephemeral1"
              }
            ],
            "boot_mode": "legacy-bios",
            "creation_date": "2023-05-31T16:59:27.000Z",
            "deprecation_time": "2025-05-31T16:59:27.000Z",
            "description": "Canonical, Ubuntu, 18.04 LTS, amd64 bionic image build on 2023-05-31",
            "ena_support": true,
            "executable_users": null,
            "filter": [
              {
                "name": "name",
                "values": [
                  "ubuntu/images/hvm-ssd/ubuntu-bionic-18.04-amd64-server-*"
                ]
              },
              {
                "name": "virtualization-type",
                "values": [
                  "hvm"
                ]
              }
            ],
            "hypervisor": "xen",
            "id": "ami-00f994c719fc62e9e",
            "image_id": "ami-00f994c719fc62e9e",
            "image_location": "amazon/ubuntu/images/hvm-ssd/ubuntu-bionic-18.04-amd64-server-20230531",
            "image_owner_alias": "amazon",
            "image_type": "machine",
            "imds_support": "",
            "include_deprecated": false,
            "kernel_id": "",
            "most_recent": true,
            "name": "ubuntu/images/hvm-ssd/ubuntu-bionic-18.04-amd64-server-20230531",
            "name_regex": null,
            "owner_id": "099720109477",
            "owners": [
              "099720109477"
            ],
            "platform": "",
            "platform_details": "Linux/UNIX",
            "product_codes": [],
            "public": true,
            "ramdisk_id": "",
            "root_device_name": "/dev/sda1",
            "root_device_type": "ebs",
            "root_snapshot_id": "snap-0a881bcd0fb805d61",
            "sriov_net_support": "simple",
            "state": "available",
            "state_reason": {
              "code": "UNSET",
              "message": "UNSET"
            },
            "tags": {},
            "timeouts": null,
            "tpm_support": "",
            "usage_operation": "RunInstances",
            "virtualization_type": "hvm"
          },
          "sensitive_attributes": []
        }
      ]
    },
    {
      "mode": "data",
      "type": "aws_ami",
      "name": "ubuntu",
      "provider": "provider[\"registry.terraform.io/hashicorp/aws\"]",
      "instances": [
        {
          "schema_version": 0,
          "attributes": {
            "architecture": "x86_64",
            "arn": "arn:aws:ec2:ap-south-1::image/ami-0c2af51e265bd5e0e",
            "block_device_mappings": [
              {
                "device_name": "/dev/sda1",
                "ebs": {
                  "delete_on_termination": "true",
                  "encrypted": "false",
                  "iops": "0",
                  "snapshot_id": "snap-0f78243d5906a6aee",
                  "throughput": "0",
                  "volume_size": "8",
                  "volume_type": "gp2"
                },
                "no_device": "",
                "virtual_name": ""
              },
              {
                "device_name": "/dev/sdb",
                "ebs": {},
                "no_device": "",
                "virtual_name": "ephemeral0"
              },
              {
                "device_name": "/dev/sdc",
                "ebs": {},
                "no_device": "",
                "virtual_name": "ephemeral1"
              }
            ],
            "boot_mode": "uefi-preferred",
            "creation_date": "2024-07-01T16:35:58.000Z",
            "deprecation_time": "2026-07-01T16:35:58.000Z",
            "description": "Canonical, Ubuntu, 22.04 LTS, amd64 jammy image build on 2024-07-01",
            "ena_support": true,
            "executable_users": null,
            "filter": [
              {
                "name": "name",
                "values": [
                  "ubuntu/images/hvm-ssd/ubuntu-jammy-22.04-amd64-server-*"
                ]
              },
              {
                "name": "virtualization-type",
                "values": [
                  "hvm"
                ]
              }
            ],
            "hypervisor": "xen",
            "id": "ami-0c2af51e265bd5e0e",
            "image_id": "ami-0c2af51e265bd5e0e",
            "image_location": "amazon/ubuntu/images/hvm-ssd/ubuntu-jammy-22.04-amd64-server-20240701",
            "image_owner_alias": "amazon",
            "image_type": "machine",
            "imds_support": "",
            "include_deprecated": false,
            "kernel_id": "",
            "most_recent": true,
            "name": "ubuntu/images/hvm-ssd/ubuntu-jammy-22.04-amd64-server-20240701",
            "name_regex": null,
            "owner_id": "099720109477",
            "owners": [
              "099720109477"
            ],
            "platform": "",
            "platform_details": "Linux/UNIX",
            "product_codes": [],
            "public": true,
            "ramdisk_id": "",
            "root_device_name": "/dev/sda1",
            "root_device_type": "ebs",
            "root_snapshot_id": "snap-0f78243d5906a6aee",
            "sriov_net_support": "simple",
            "state": "available",
            "state_reason": {
              "code": "UNSET",
              "message": "UNSET"
            },
            "tags": {},
            "timeouts": null,
            "tpm_support": "",
            "usage_operation": "RunInstances",
            "virtualization_type": "hvm"
          },
          "sensitive_attributes": []
        }
      ]
    },
    {
      "mode": "data",
      "type": "aws_availability_zones",
      "name": "available",
      "provider": "provider[\"registry.terraform.io/hashicorp/aws\"]",
      "instances": [
        {
          "schema_version": 0,
          "attributes": {
            "all_availability_zones": null,
            "exclude_names": null,
            "exclude_zone_ids": null,
            "filter": null,
            "group_names": [
              "ap-south-1"
            ],
            "id": "ap-south-1",
            "names": [
              "ap-south-1a",
              "ap-south-1b",
              "ap-south-1c"
            ],
            "state": "available",
            "timeouts": null,
            "zone_ids": [
              "aps1-az1",
              "aps1-az3",
              "aps1-az2"
            ]
          },
          "sensitive_attributes": []
        }
      ]
    },
    {
      "mode": "managed",
      "type": "aws_eip",
      "name": "nat_eip",
      "provider": "provider[\"registry.terraform.io/hashicorp/aws\"]",
      "instances": [
        {
          "schema_version": 0,
          "attributes": {
            "address": null,
            "allocation_id": "eipalloc-0feea7e24460d8271",
            "arn": "arn:aws:ec2:ap-south-1:782832397014:elastic-ip/eipalloc-0feea7e24460d8271",
            "associate_with_private_ip": null,
            "association_id": "",
            "carrier_ip": "",
            "customer_owned_ip": "",
            "customer_owned_ipv4_pool": "",
            "domain": "vpc",
            "id": "eipalloc-0feea7e24460d8271",
            "instance": "",
            "network_border_group": "ap-south-1",
            "network_interface": "",
            "private_dns": null,
            "private_ip": "",
            "ptr_record": "",
            "public_dns": "ec2-13-202-143-70.ap-south-1.compute.amazonaws.com",
            "public_ip": "13.202.143.70",
            "public_ipv4_pool": "amazon",
            "tags": {
              "Name": "staging-nat-eip"
            },
            "tags_all": {
              "Name": "staging-nat-eip"
            },
            "timeouts": null,
            "vpc": true
          },
          "sensitive_attributes": [],
          "private": "eyJlMmJmYjczMC1lY2FhLTExZTYtOGY4OC0zNDM2M2JjN2M0YzAiOnsiZGVsZXRlIjoxODAwMDAwMDAwMDAsInJlYWQiOjkwMDAwMDAwMDAwMCwidXBkYXRlIjozMDAwMDAwMDAwMDB9fQ=="
        }
      ]
    },
    {
      "mode": "managed",
      "type": "aws_instance",
      "name": "backend",
      "provider": "provider[\"registry.terraform.io/hashicorp/aws\"]",
      "instances": [
        {
          "schema_version": 1,
          "attributes": {
            "ami": "ami-00f994c719fc62e9e",
            "arn": "arn:aws:ec2:ap-south-1:782832397014:instance/i-06c0a37241022e53e",
            "associate_public_ip_address": false,
            "availability_zone": "ap-south-1b",
            "capacity_reservation_specification": [
              {
                "capacity_reservation_preference": "open",
                "capacity_reservation_target": []
              }
            ],
            "cpu_core_count": 1,
            "cpu_options": [
              {
                "amd_sev_snp": "",
                "core_count": 1,
                "threads_per_core": 1
              }
            ],
            "cpu_threads_per_core": 1,
            "credit_specification": [
              {
                "cpu_credits": "standard"
              }
            ],
            "disable_api_stop": false,
            "disable_api_termination": false,
            "ebs_block_device": [],
            "ebs_optimized": false,
            "enclave_options": [
              {
                "enabled": false
              }
            ],
            "ephemeral_block_device": [],
            "get_password_data": false,
            "hibernation": false,
            "host_id": "",
            "host_resource_group_arn": null,
            "iam_instance_profile": "",
            "id": "i-06c0a37241022e53e",
            "instance_initiated_shutdown_behavior": "stop",
            "instance_lifecycle": "",
            "instance_market_options": [],
            "instance_state": "running",
            "instance_type": "t2.micro",
            "ipv6_address_count": 0,
            "ipv6_addresses": [],
            "key_name": "staging-chatapp-key",
            "launch_template": [],
            "maintenance_options": [
              {
                "auto_recovery": "default"
              }
            ],
            "metadata_options": [
              {
                "http_endpoint": "enabled",
                "http_protocol_ipv6": "disabled",
                "http_put_response_hop_limit": 1,
                "http_tokens": "optional",
                "instance_metadata_tags": "disabled"
              }
            ],
            "monitoring": false,
            "network_interface": [],
            "outpost_arn": "",
            "password_data": "",
            "placement_group": "",
            "placement_partition_number": 0,
            "primary_network_interface_id": "eni-052c23a8cb859c308",
            "private_dns": "ip-10-30-143-171.ap-south-1.compute.internal",
            "private_dns_name_options": [
              {
                "enable_resource_name_dns_a_record": false,
                "enable_resource_name_dns_aaaa_record": false,
                "hostname_type": "ip-name"
              }
            ],
            "private_ip": "10.30.143.171",
            "public_dns": "",
            "public_ip": "",
            "root_block_device": [
              {
                "delete_on_termination": true,
                "device_name": "/dev/sda1",
                "encrypted": false,
                "iops": 100,
                "kms_key_id": "",
                "tags": {},
                "tags_all": {},
                "throughput": 0,
                "volume_id": "vol-0f1fd9d6319888045",
                "volume_size": 8,
                "volume_type": "gp2"
              }
            ],
            "secondary_private_ips": [],
            "security_groups": [],
            "source_dest_check": true,
            "spot_instance_request_id": "",
            "subnet_id": "subnet-05f3638c128e5b5b9",
            "tags": {
              "Name": "staging-backend-server"
            },
            "tags_all": {
              "Name": "staging-backend-server"
            },
            "tenancy": "default",
            "timeouts": null,
            "user_data": null,
            "user_data_base64": null,
            "user_data_replace_on_change": false,
            "volume_tags": null,
            "vpc_security_group_ids": [
              "sg-00e21ddc2cff06656"
            ]
          },
          "sensitive_attributes": [],
          "private": "eyJlMmJmYjczMC1lY2FhLTExZTYtOGY4OC0zNDM2M2JjN2M0YzAiOnsiY3JlYXRlIjo2MDAwMDAwMDAwMDAsImRlbGV0ZSI6MTIwMDAwMDAwMDAwMCwicmVhZCI6OTAwMDAwMDAwMDAwLCJ1cGRhdGUiOjYwMDAwMDAwMDAwMH0sInNjaGVtYV92ZXJzaW9uIjoiMSJ9",
          "dependencies": [
            "aws_key_pair.terra_chatapp_key",
            "aws_security_group.backend",
            "aws_subnet.private",
            "aws_subnet.public",
            "aws_vpc.terra_vpc",
            "data.aws_ami.backend",
            "data.aws_availability_zones.available",
            "tls_private_key.rsa"
          ]
        }
      ]
    },
    {
      "mode": "managed",
      "type": "aws_instance",
      "name": "database",
      "provider": "provider[\"registry.terraform.io/hashicorp/aws\"]",
      "instances": [
        {
          "schema_version": 1,
          "attributes": {
            "ami": "ami-0c2af51e265bd5e0e",
            "arn": "arn:aws:ec2:ap-south-1:782832397014:instance/i-081b88fd05fb41822",
            "associate_public_ip_address": false,
            "availability_zone": "ap-south-1b",
            "capacity_reservation_specification": [
              {
                "capacity_reservation_preference": "open",
                "capacity_reservation_target": []
              }
            ],
            "cpu_core_count": 1,
            "cpu_options": [
              {
                "amd_sev_snp": "",
                "core_count": 1,
                "threads_per_core": 1
              }
            ],
            "cpu_threads_per_core": 1,
            "credit_specification": [
              {
                "cpu_credits": "standard"
              }
            ],
            "disable_api_stop": false,
            "disable_api_termination": false,
            "ebs_block_device": [],
            "ebs_optimized": false,
            "enclave_options": [
              {
                "enabled": false
              }
            ],
            "ephemeral_block_device": [],
            "get_password_data": false,
            "hibernation": false,
            "host_id": "",
            "host_resource_group_arn": null,
            "iam_instance_profile": "",
            "id": "i-081b88fd05fb41822",
            "instance_initiated_shutdown_behavior": "stop",
            "instance_lifecycle": "",
            "instance_market_options": [],
            "instance_state": "running",
            "instance_type": "t2.micro",
            "ipv6_address_count": 0,
            "ipv6_addresses": [],
            "key_name": "staging-chatapp-key",
            "launch_template": [],
            "maintenance_options": [
              {
                "auto_recovery": "default"
              }
            ],
            "metadata_options": [
              {
                "http_endpoint": "enabled",
                "http_protocol_ipv6": "disabled",
                "http_put_response_hop_limit": 1,
                "http_tokens": "optional",
                "instance_metadata_tags": "disabled"
              }
            ],
            "monitoring": false,
            "network_interface": [],
            "outpost_arn": "",
            "password_data": "",
            "placement_group": "",
            "placement_partition_number": 0,
            "primary_network_interface_id": "eni-04b5693f05fb41805",
            "private_dns": "ip-10-30-130-150.ap-south-1.compute.internal",
            "private_dns_name_options": [
              {
                "enable_resource_name_dns_a_record": false,
                "enable_resource_name_dns_aaaa_record": false,
                "hostname_type": "ip-name"
              }
            ],
            "private_ip": "10.30.130.150",
            "public_dns": "",
            "public_ip": "",
            "root_block_device": [
              {
                "delete_on_termination": true,
                "device_name": "/dev/sda1",
                "encrypted": false,
                "iops": 100,
                "kms_key_id": "",
                "tags": {},
                "tags_all": {},
                "throughput": 0,
                "volume_id": "vol-0f32083a9dab81f52",
                "volume_size": 8,
                "volume_type": "gp2"
              }
            ],
            "secondary_private_ips": [],
            "security_groups": [],
            "source_dest_check": true,
            "spot_instance_request_id": "",
            "subnet_id": "subnet-05f3638c128e5b5b9",
            "tags": {
              "Name": "staging-database-server"
            },
            "tags_all": {
              "Name": "staging-database-server"
            },
            "tenancy": "default",
            "timeouts": null,
            "user_data": null,
            "user_data_base64": null,
            "user_data_replace_on_change": false,
            "volume_tags": null,
            "vpc_security_group_ids": [
              "sg-048c50f0e5fb1b9d7"
            ]
          },
          "sensitive_attributes": [],
          "private": "eyJlMmJmYjczMC1lY2FhLTExZTYtOGY4OC0zNDM2M2JjN2M0YzAiOnsiY3JlYXRlIjo2MDAwMDAwMDAwMDAsImRlbGV0ZSI6MTIwMDAwMDAwMDAwMCwicmVhZCI6OTAwMDAwMDAwMDAwLCJ1cGRhdGUiOjYwMDAwMDAwMDAwMH0sInNjaGVtYV92ZXJzaW9uIjoiMSJ9",
          "dependencies": [
            "aws_eip.nat_eip",
            "aws_key_pair.terra_chatapp_key",
            "aws_nat_gateway.ngw",
            "aws_route_table.private",
            "aws_route_table_association.private",
            "aws_security_group.database",
            "aws_subnet.private",
            "aws_subnet.public",
            "aws_vpc.terra_vpc",
            "data.aws_ami.ubuntu",
            "data.aws_availability_zones.available",
            "tls_private_key.rsa"
          ]
        }
      ]
    },
    {
      "mode": "managed",
      "type": "aws_instance",
      "name": "frontend",
      "provider": "provider[\"registry.terraform.io/hashicorp/aws\"]",
      "instances": [
        {
          "schema_version": 1,
          "attributes": {
            "ami": "ami-0c2af51e265bd5e0e",
            "arn": "arn:aws:ec2:ap-south-1:782832397014:instance/i-05adf654a727ecb05",
            "associate_public_ip_address": true,
            "availability_zone": "ap-south-1a",
            "capacity_reservation_specification": [
              {
                "capacity_reservation_preference": "open",
                "capacity_reservation_target": []
              }
            ],
            "cpu_core_count": 1,
            "cpu_options": [
              {
                "amd_sev_snp": "",
                "core_count": 1,
                "threads_per_core": 1
              }
            ],
            "cpu_threads_per_core": 1,
            "credit_specification": [
              {
                "cpu_credits": "standard"
              }
            ],
            "disable_api_stop": false,
            "disable_api_termination": false,
            "ebs_block_device": [],
            "ebs_optimized": false,
            "enclave_options": [
              {
                "enabled": false
              }
            ],
            "ephemeral_block_device": [],
            "get_password_data": false,
            "hibernation": false,
            "host_id": "",
            "host_resource_group_arn": null,
            "iam_instance_profile": "",
            "id": "i-05adf654a727ecb05",
            "instance_initiated_shutdown_behavior": "stop",
            "instance_lifecycle": "",
            "instance_market_options": [],
            "instance_state": "running",
            "instance_type": "t2.micro",
            "ipv6_address_count": 0,
            "ipv6_addresses": [],
            "key_name": "staging-chatapp-key",
            "launch_template": [],
            "maintenance_options": [
              {
                "auto_recovery": "default"
              }
            ],
            "metadata_options": [
              {
                "http_endpoint": "enabled",
                "http_protocol_ipv6": "disabled",
                "http_put_response_hop_limit": 1,
                "http_tokens": "optional",
                "instance_metadata_tags": "disabled"
              }
            ],
            "monitoring": false,
            "network_interface": [],
            "outpost_arn": "",
            "password_data": "",
            "placement_group": "",
            "placement_partition_number": 0,
            "primary_network_interface_id": "eni-0fd4eeffdb51ede2f",
            "private_dns": "ip-10-30-11-150.ap-south-1.compute.internal",
            "private_dns_name_options": [
              {
                "enable_resource_name_dns_a_record": false,
                "enable_resource_name_dns_aaaa_record": false,
                "hostname_type": "ip-name"
              }
            ],
            "private_ip": "10.30.11.150",
            "public_dns": "",
            "public_ip": "3.108.228.97",
            "root_block_device": [
              {
                "delete_on_termination": true,
                "device_name": "/dev/sda1",
                "encrypted": false,
                "iops": 100,
                "kms_key_id": "",
                "tags": {},
                "tags_all": {},
                "throughput": 0,
                "volume_id": "vol-0c6b498ed06632fc7",
                "volume_size": 8,
                "volume_type": "gp2"
              }
            ],
            "secondary_private_ips": [],
            "security_groups": [],
            "source_dest_check": true,
            "spot_instance_request_id": "",
            "subnet_id": "subnet-0502a3ab4f288cc83",
            "tags": {
              "Name": "staging-frontend-server"
            },
            "tags_all": {
              "Name": "staging-frontend-server"
            },
            "tenancy": "default",
            "timeouts": null,
            "user_data": null,
            "user_data_base64": null,
            "user_data_replace_on_change": false,
            "volume_tags": null,
            "vpc_security_group_ids": [
              "sg-05a032ea98dc4af8a"
            ]
          },
          "sensitive_attributes": [],
          "private": "eyJlMmJmYjczMC1lY2FhLTExZTYtOGY4OC0zNDM2M2JjN2M0YzAiOnsiY3JlYXRlIjo2MDAwMDAwMDAwMDAsImRlbGV0ZSI6MTIwMDAwMDAwMDAwMCwicmVhZCI6OTAwMDAwMDAwMDAwLCJ1cGRhdGUiOjYwMDAwMDAwMDAwMH0sInNjaGVtYV92ZXJzaW9uIjoiMSJ9",
          "dependencies": [
            "aws_eip.nat_eip",
            "aws_instance.database",
            "aws_key_pair.terra_chatapp_key",
            "aws_nat_gateway.ngw",
            "aws_route_table.private",
            "aws_route_table_association.private",
            "aws_security_group.database",
            "aws_security_group.frontend",
            "aws_subnet.private",
            "aws_subnet.public",
            "aws_vpc.terra_vpc",
            "data.aws_ami.ubuntu",
            "data.aws_availability_zones.available",
            "local_file.terra_chatapp_local",
            "tls_private_key.rsa"
          ]
        }
      ]
    },
    {
      "mode": "managed",
      "type": "aws_internet_gateway",
      "name": "gw",
      "provider": "provider[\"registry.terraform.io/hashicorp/aws\"]",
      "instances": [
        {
          "schema_version": 0,
          "attributes": {
            "arn": "arn:aws:ec2:ap-south-1:782832397014:internet-gateway/igw-04151bf7c416b00b3",
            "id": "igw-04151bf7c416b00b3",
            "owner_id": "782832397014",
            "tags": {
              "Name": "staging-igw"
            },
            "tags_all": {
              "Name": "staging-igw"
            },
            "timeouts": null,
            "vpc_id": "vpc-046e06bb18dff1833"
          },
          "sensitive_attributes": [],
          "private": "eyJlMmJmYjczMC1lY2FhLTExZTYtOGY4OC0zNDM2M2JjN2M0YzAiOnsiY3JlYXRlIjoxMjAwMDAwMDAwMDAwLCJkZWxldGUiOjEyMDAwMDAwMDAwMDAsInVwZGF0ZSI6MTIwMDAwMDAwMDAwMH19",
          "dependencies": [
            "aws_vpc.terra_vpc"
          ]
        }
      ]
    },
    {
      "mode": "managed",
      "type": "aws_key_pair",
      "name": "terra_chatapp_key",
      "provider": "provider[\"registry.terraform.io/hashicorp/aws\"]",
      "instances": [
        {
          "schema_version": 1,
          "attributes": {
            "arn": "arn:aws:ec2:ap-south-1:782832397014:key-pair/staging-chatapp-key",
            "fingerprint": "06:b4:42:ef:da:3e:22:ef:93:e1:f8:e8:7f:86:1a:ae",
            "id": "staging-chatapp-key",
            "key_name": "staging-chatapp-key",
            "key_name_prefix": "",
            "key_pair_id": "key-03276dd9f0e44e3e0",
            "key_type": "rsa",
            "public_key": "ssh-rsa AAAAB3NzaC1yc2EAAAADAQABAAACAQCYZfSYkA7P1OlGr+0ZvxxTynsmJacUWp7SO0hj3oJ1GYziWbx12L0ZST7Yi3Yp7KWzGr1dV7+89cfG5kMO1OyG/ul+xGsEdUswkPUjo8hS1XDTyyfcJuDFFVipoXXHiB0i+RCXRtNN0Vkw7GGiOwwjal6dDUte8E8zh33ucFtT9AaT7GqoePHGWkyPWTmMrpodCCF+L2RaDR2PxOyMI8MBoQNATBMs5fV6sv/s4H2xRXetpl/ERME7q15Bu0rEvxU/7KtKhK4Og+uklXRc9HhhotGRt8yTzqU2QP55aT6N8OyNy2abcbX8r6jcpsI7Tw8naRU69yEOfoikHAfbIbDDekH38VfdnBvEpLWEz05JfuJ8v9AeGsJ+JQGzAqjDV06XE2+QG1JRdZl06q11tS+TNrrrGIx3xbH4RDtdGq/jDtaccl1TzRSE6wa4cKmfnUzRxolNDKV4y6BMuMuh/DOnuuPyPjkx+c9JZOEQo86zTmUX050sfk25a6Y2MOP2bkHugw4PuxqBTMWgsuacDmU5rwWZBlJqWCzwPY5e5DIpVnfU4jjEeT9zi/JipGDEjo6n3zjdB4pQvcZ+Bh2mLAzqTtf4HK06fpFponYSGBQbQDIcohiop9i1hiWIqeJ+axyZ43vM/xUzwpoW+dnXmq+OP8+48Q9iZiOkWx3AAFP3YQ==",
            "tags": null,
            "tags_all": {}
          },
          "sensitive_attributes": [],
          "private": "eyJzY2hlbWFfdmVyc2lvbiI6IjEifQ==",
          "dependencies": [
            "tls_private_key.rsa"
          ]
        }
      ]
    },
    {
      "mode": "managed",
      "type": "aws_nat_gateway",
      "name": "ngw",
      "provider": "provider[\"registry.terraform.io/hashicorp/aws\"]",
      "instances": [
        {
          "schema_version": 0,
          "attributes": {
            "allocation_id": "eipalloc-0feea7e24460d8271",
            "association_id": "eipassoc-0c209c7fff6cddbd6",
            "connectivity_type": "public",
            "id": "nat-085380d256cc5bbcb",
            "network_interface_id": "eni-0bfb2b77f64bb20f6",
            "private_ip": "10.30.15.248",
            "public_ip": "13.202.143.70",
            "secondary_allocation_ids": null,
            "secondary_private_ip_address_count": 0,
            "secondary_private_ip_addresses": [],
            "subnet_id": "subnet-0502a3ab4f288cc83",
            "tags": {
              "Name": "staging-ngw"
            },
            "tags_all": {
              "Name": "staging-ngw"
            },
            "timeouts": null
          },
          "sensitive_attributes": [],
          "private": "eyJlMmJmYjczMC1lY2FhLTExZTYtOGY4OC0zNDM2M2JjN2M0YzAiOnsiY3JlYXRlIjo2MDAwMDAwMDAwMDAsImRlbGV0ZSI6MTgwMDAwMDAwMDAwMCwidXBkYXRlIjo2MDAwMDAwMDAwMDB9fQ==",
          "dependencies": [
            "aws_eip.nat_eip",
            "aws_subnet.public",
            "aws_vpc.terra_vpc",
            "data.aws_availability_zones.available"
          ]
        }
      ]
    },
    {
      "mode": "managed",
      "type": "aws_route_table",
      "name": "private",
      "provider": "provider[\"registry.terraform.io/hashicorp/aws\"]",
      "instances": [
        {
          "schema_version": 0,
          "attributes": {
            "arn": "arn:aws:ec2:ap-south-1:782832397014:route-table/rtb-04a33c2e21b77296b",
            "id": "rtb-04a33c2e21b77296b",
            "owner_id": "782832397014",
            "propagating_vgws": [],
            "route": [
              {
                "carrier_gateway_id": "",
                "cidr_block": "0.0.0.0/0",
                "core_network_arn": "",
                "destination_prefix_list_id": "",
                "egress_only_gateway_id": "",
                "gateway_id": "",
                "ipv6_cidr_block": "",
                "local_gateway_id": "",
                "nat_gateway_id": "nat-085380d256cc5bbcb",
                "network_interface_id": "",
                "transit_gateway_id": "",
                "vpc_endpoint_id": "",
                "vpc_peering_connection_id": ""
              }
            ],
            "tags": {
              "Name": "staging-private-route-table"
            },
            "tags_all": {
              "Name": "staging-private-route-table"
            },
            "timeouts": null,
            "vpc_id": "vpc-046e06bb18dff1833"
          },
          "sensitive_attributes": [],
          "private": "eyJlMmJmYjczMC1lY2FhLTExZTYtOGY4OC0zNDM2M2JjN2M0YzAiOnsiY3JlYXRlIjozMDAwMDAwMDAwMDAsImRlbGV0ZSI6MzAwMDAwMDAwMDAwLCJ1cGRhdGUiOjEyMDAwMDAwMDAwMH19",
          "dependencies": [
            "aws_eip.nat_eip",
            "aws_nat_gateway.ngw",
            "aws_subnet.public",
            "aws_vpc.terra_vpc",
            "data.aws_availability_zones.available"
          ]
        }
      ]
    },
    {
      "mode": "managed",
      "type": "aws_route_table",
      "name": "public",
      "provider": "provider[\"registry.terraform.io/hashicorp/aws\"]",
      "instances": [
        {
          "schema_version": 0,
          "attributes": {
            "arn": "arn:aws:ec2:ap-south-1:782832397014:route-table/rtb-05ec18beafc51764d",
            "id": "rtb-05ec18beafc51764d",
            "owner_id": "782832397014",
            "propagating_vgws": [],
            "route": [
              {
                "carrier_gateway_id": "",
                "cidr_block": "0.0.0.0/0",
                "core_network_arn": "",
                "destination_prefix_list_id": "",
                "egress_only_gateway_id": "",
                "gateway_id": "igw-04151bf7c416b00b3",
                "ipv6_cidr_block": "",
                "local_gateway_id": "",
                "nat_gateway_id": "",
                "network_interface_id": "",
                "transit_gateway_id": "",
                "vpc_endpoint_id": "",
                "vpc_peering_connection_id": ""
              }
            ],
            "tags": {
              "Name": "staging-public-route-table"
            },
            "tags_all": {
              "Name": "staging-public-route-table"
            },
            "timeouts": null,
            "vpc_id": "vpc-046e06bb18dff1833"
          },
          "sensitive_attributes": [],
          "private": "eyJlMmJmYjczMC1lY2FhLTExZTYtOGY4OC0zNDM2M2JjN2M0YzAiOnsiY3JlYXRlIjozMDAwMDAwMDAwMDAsImRlbGV0ZSI6MzAwMDAwMDAwMDAwLCJ1cGRhdGUiOjEyMDAwMDAwMDAwMH19",
          "dependencies": [
            "aws_internet_gateway.gw",
            "aws_vpc.terra_vpc"
          ]
        }
      ]
    },
    {
      "mode": "managed",
      "type": "aws_route_table_association",
      "name": "private",
      "provider": "provider[\"registry.terraform.io/hashicorp/aws\"]",
      "instances": [
        {
          "index_key": "0",
          "schema_version": 0,
          "attributes": {
            "gateway_id": "",
            "id": "rtbassoc-030075b9288618b2b",
            "route_table_id": "rtb-04a33c2e21b77296b",
            "subnet_id": "subnet-05f3638c128e5b5b9",
            "timeouts": null
          },
          "sensitive_attributes": [],
          "private": "eyJlMmJmYjczMC1lY2FhLTExZTYtOGY4OC0zNDM2M2JjN2M0YzAiOnsiY3JlYXRlIjozMDAwMDAwMDAwMDAsImRlbGV0ZSI6MzAwMDAwMDAwMDAwLCJ1cGRhdGUiOjEyMDAwMDAwMDAwMH19",
          "dependencies": [
            "aws_eip.nat_eip",
            "aws_nat_gateway.ngw",
            "aws_route_table.private",
            "aws_subnet.private",
            "aws_subnet.public",
            "aws_vpc.terra_vpc",
            "data.aws_availability_zones.available"
          ]
        },
        {
          "index_key": "1",
          "schema_version": 0,
          "attributes": {
            "gateway_id": "",
            "id": "rtbassoc-06c0ea74b105555c4",
            "route_table_id": "rtb-04a33c2e21b77296b",
            "subnet_id": "subnet-074ee443ed113f592",
            "timeouts": null
          },
          "sensitive_attributes": [],
          "private": "eyJlMmJmYjczMC1lY2FhLTExZTYtOGY4OC0zNDM2M2JjN2M0YzAiOnsiY3JlYXRlIjozMDAwMDAwMDAwMDAsImRlbGV0ZSI6MzAwMDAwMDAwMDAwLCJ1cGRhdGUiOjEyMDAwMDAwMDAwMH19",
          "dependencies": [
            "aws_eip.nat_eip",
            "aws_nat_gateway.ngw",
            "aws_route_table.private",
            "aws_subnet.private",
            "aws_subnet.public",
            "aws_vpc.terra_vpc",
            "data.aws_availability_zones.available"
          ]
        }
      ]
    },
    {
      "mode": "managed",
      "type": "aws_route_table_association",
      "name": "public",
      "provider": "provider[\"registry.terraform.io/hashicorp/aws\"]",
      "instances": [
        {
          "index_key": "0",
          "schema_version": 0,
          "attributes": {
            "gateway_id": "",
            "id": "rtbassoc-0dc20371dad680150",
            "route_table_id": "rtb-05ec18beafc51764d",
            "subnet_id": "subnet-0502a3ab4f288cc83",
            "timeouts": null
          },
          "sensitive_attributes": [],
          "private": "eyJlMmJmYjczMC1lY2FhLTExZTYtOGY4OC0zNDM2M2JjN2M0YzAiOnsiY3JlYXRlIjozMDAwMDAwMDAwMDAsImRlbGV0ZSI6MzAwMDAwMDAwMDAwLCJ1cGRhdGUiOjEyMDAwMDAwMDAwMH19",
          "dependencies": [
            "aws_internet_gateway.gw",
            "aws_route_table.public",
            "aws_subnet.public",
            "aws_vpc.terra_vpc",
            "data.aws_availability_zones.available"
          ]
        },
        {
          "index_key": "1",
          "schema_version": 0,
          "attributes": {
            "gateway_id": "",
            "id": "rtbassoc-09182ce6487a21af8",
            "route_table_id": "rtb-05ec18beafc51764d",
            "subnet_id": "subnet-000124c85072f23e9",
            "timeouts": null
          },
          "sensitive_attributes": [],
          "private": "eyJlMmJmYjczMC1lY2FhLTExZTYtOGY4OC0zNDM2M2JjN2M0YzAiOnsiY3JlYXRlIjozMDAwMDAwMDAwMDAsImRlbGV0ZSI6MzAwMDAwMDAwMDAwLCJ1cGRhdGUiOjEyMDAwMDAwMDAwMH19",
          "dependencies": [
            "aws_internet_gateway.gw",
            "aws_route_table.public",
            "aws_subnet.public",
            "aws_vpc.terra_vpc",
            "data.aws_availability_zones.available"
          ]
        }
      ]
    },
    {
      "mode": "managed",
      "type": "aws_security_group",
      "name": "backend",
      "provider": "provider[\"registry.terraform.io/hashicorp/aws\"]",
      "instances": [
        {
          "schema_version": 1,
          "attributes": {
            "arn": "arn:aws:ec2:ap-south-1:782832397014:security-group/sg-00e21ddc2cff06656",
            "description": "Security Group for backend server",
            "egress": [
              {
                "cidr_blocks": [
                  "0.0.0.0/0"
                ],
                "description": "",
                "from_port": 0,
                "ipv6_cidr_blocks": [],
                "prefix_list_ids": [],
                "protocol": "-1",
                "security_groups": [],
                "self": false,
                "to_port": 0
              }
            ],
            "id": "sg-00e21ddc2cff06656",
            "ingress": [
              {
                "cidr_blocks": [
                  "0.0.0.0/0"
                ],
                "description": "",
                "from_port": 22,
                "ipv6_cidr_blocks": [],
                "prefix_list_ids": [],
                "protocol": "tcp",
                "security_groups": [],
                "self": false,
                "to_port": 22
              },
              {
                "cidr_blocks": [
                  "10.30.0.0/20"
                ],
                "description": "",
                "from_port": 8000,
                "ipv6_cidr_blocks": [],
                "prefix_list_ids": [],
                "protocol": "tcp",
                "security_groups": [],
                "self": false,
                "to_port": 8000
              },
              {
                "cidr_blocks": [
                  "10.30.16.0/20"
                ],
                "description": "",
                "from_port": 8000,
                "ipv6_cidr_blocks": [],
                "prefix_list_ids": [],
                "protocol": "tcp",
                "security_groups": [],
                "self": false,
                "to_port": 8000
              }
            ],
            "name": "staging-backend-sg",
            "name_prefix": "",
            "owner_id": "782832397014",
            "revoke_rules_on_delete": false,
            "tags": {
              "Name": "staging-backend-sg"
            },
            "tags_all": {
              "Name": "staging-backend-sg"
            },
            "timeouts": null,
            "vpc_id": "vpc-046e06bb18dff1833"
          },
          "sensitive_attributes": [],
          "private": "eyJlMmJmYjczMC1lY2FhLTExZTYtOGY4OC0zNDM2M2JjN2M0YzAiOnsiY3JlYXRlIjo2MDAwMDAwMDAwMDAsImRlbGV0ZSI6OTAwMDAwMDAwMDAwfSwic2NoZW1hX3ZlcnNpb24iOiIxIn0=",
          "dependencies": [
            "aws_subnet.public",
            "aws_vpc.terra_vpc",
            "data.aws_availability_zones.available"
          ]
        }
      ]
    },
    {
      "mode": "managed",
      "type": "aws_security_group",
      "name": "database",
      "provider": "provider[\"registry.terraform.io/hashicorp/aws\"]",
      "instances": [
        {
          "schema_version": 1,
          "attributes": {
            "arn": "arn:aws:ec2:ap-south-1:782832397014:security-group/sg-048c50f0e5fb1b9d7",
            "description": "Security Group for database server",
            "egress": [
              {
                "cidr_blocks": [
                  "0.0.0.0/0"
                ],
                "description": "",
                "from_port": 0,
                "ipv6_cidr_blocks": [],
                "prefix_list_ids": [],
                "protocol": "-1",
                "security_groups": [],
                "self": false,
                "to_port": 0
              }
            ],
            "id": "sg-048c50f0e5fb1b9d7",
            "ingress": [
              {
                "cidr_blocks": [
                  "0.0.0.0/0"
                ],
                "description": "",
                "from_port": 22,
                "ipv6_cidr_blocks": [],
                "prefix_list_ids": [],
                "protocol": "tcp",
                "security_groups": [],
                "self": false,
                "to_port": 22
              },
              {
                "cidr_blocks": [
                  "10.30.0.0/20"
                ],
                "description": "",
                "from_port": 3306,
                "ipv6_cidr_blocks": [],
                "prefix_list_ids": [],
                "protocol": "tcp",
                "security_groups": [],
                "self": false,
                "to_port": 3306
              },
              {
                "cidr_blocks": [
                  "10.30.128.0/20"
                ],
                "description": "",
                "from_port": 3306,
                "ipv6_cidr_blocks": [],
                "prefix_list_ids": [],
                "protocol": "tcp",
                "security_groups": [],
                "self": false,
                "to_port": 3306
              },
              {
                "cidr_blocks": [
                  "10.30.144.0/20"
                ],
                "description": "",
                "from_port": 3306,
                "ipv6_cidr_blocks": [],
                "prefix_list_ids": [],
                "protocol": "tcp",
                "security_groups": [],
                "self": false,
                "to_port": 3306
              },
              {
                "cidr_blocks": [
                  "10.30.16.0/20"
                ],
                "description": "",
                "from_port": 3306,
                "ipv6_cidr_blocks": [],
                "prefix_list_ids": [],
                "protocol": "tcp",
                "security_groups": [],
                "self": false,
                "to_port": 3306
              }
            ],
            "name": "staging-database-sg",
            "name_prefix": "",
            "owner_id": "782832397014",
            "revoke_rules_on_delete": false,
            "tags": {
              "Name": "staging-database-sg"
            },
            "tags_all": {
              "Name": "staging-database-sg"
            },
            "timeouts": null,
            "vpc_id": "vpc-046e06bb18dff1833"
          },
          "sensitive_attributes": [],
          "private": "eyJlMmJmYjczMC1lY2FhLTExZTYtOGY4OC0zNDM2M2JjN2M0YzAiOnsiY3JlYXRlIjo2MDAwMDAwMDAwMDAsImRlbGV0ZSI6OTAwMDAwMDAwMDAwfSwic2NoZW1hX3ZlcnNpb24iOiIxIn0=",
          "dependencies": [
            "aws_subnet.private",
            "aws_subnet.public",
            "aws_vpc.terra_vpc",
            "data.aws_availability_zones.available"
          ]
        }
      ]
    },
    {
      "mode": "managed",
      "type": "aws_security_group",
      "name": "frontend",
      "provider": "provider[\"registry.terraform.io/hashicorp/aws\"]",
      "instances": [
        {
          "schema_version": 1,
          "attributes": {
            "arn": "arn:aws:ec2:ap-south-1:782832397014:security-group/sg-05a032ea98dc4af8a",
            "description": "Security Group for frontend web server",
            "egress": [
              {
                "cidr_blocks": [
                  "0.0.0.0/0"
                ],
                "description": "",
                "from_port": 0,
                "ipv6_cidr_blocks": [],
                "prefix_list_ids": [],
                "protocol": "-1",
                "security_groups": [],
                "self": false,
                "to_port": 0
              }
            ],
            "id": "sg-05a032ea98dc4af8a",
            "ingress": [
              {
                "cidr_blocks": [
                  "0.0.0.0/0"
                ],
                "description": "",
                "from_port": 22,
                "ipv6_cidr_blocks": [],
                "prefix_list_ids": [],
                "protocol": "tcp",
                "security_groups": [],
                "self": false,
                "to_port": 22
              },
              {
                "cidr_blocks": [
                  "0.0.0.0/0"
                ],
                "description": "",
                "from_port": 80,
                "ipv6_cidr_blocks": [],
                "prefix_list_ids": [],
                "protocol": "tcp",
                "security_groups": [],
                "self": false,
                "to_port": 80
              }
            ],
            "name": "staging-frontend-web-sg",
            "name_prefix": "",
            "owner_id": "782832397014",
            "revoke_rules_on_delete": false,
            "tags": {
              "Name": "staging-frontend-web-sg"
            },
            "tags_all": {
              "Name": "staging-frontend-web-sg"
            },
            "timeouts": null,
            "vpc_id": "vpc-046e06bb18dff1833"
          },
          "sensitive_attributes": [],
          "private": "eyJlMmJmYjczMC1lY2FhLTExZTYtOGY4OC0zNDM2M2JjN2M0YzAiOnsiY3JlYXRlIjo2MDAwMDAwMDAwMDAsImRlbGV0ZSI6OTAwMDAwMDAwMDAwfSwic2NoZW1hX3ZlcnNpb24iOiIxIn0=",
          "dependencies": [
            "aws_vpc.terra_vpc"
          ]
        }
      ]
    },
    {
      "mode": "managed",
      "type": "aws_subnet",
      "name": "private",
      "provider": "provider[\"registry.terraform.io/hashicorp/aws\"]",
      "instances": [
        {
          "index_key": "0",
          "schema_version": 1,
          "attributes": {
            "arn": "arn:aws:ec2:ap-south-1:782832397014:subnet/subnet-05f3638c128e5b5b9",
            "assign_ipv6_address_on_creation": false,
            "availability_zone": "ap-south-1b",
            "availability_zone_id": "aps1-az3",
            "cidr_block": "10.30.128.0/20",
            "customer_owned_ipv4_pool": "",
            "enable_dns64": false,
            "enable_lni_at_device_index": 0,
            "enable_resource_name_dns_a_record_on_launch": false,
            "enable_resource_name_dns_aaaa_record_on_launch": false,
            "id": "subnet-05f3638c128e5b5b9",
            "ipv6_cidr_block": "",
            "ipv6_cidr_block_association_id": "",
            "ipv6_native": false,
            "map_customer_owned_ip_on_launch": false,
            "map_public_ip_on_launch": false,
            "outpost_arn": "",
            "owner_id": "782832397014",
            "private_dns_hostname_type_on_launch": "ip-name",
            "tags": {
              "Name": "staging-private-subnet-01"
            },
            "tags_all": {
              "Name": "staging-private-subnet-01"
            },
            "timeouts": null,
            "vpc_id": "vpc-046e06bb18dff1833"
          },
          "sensitive_attributes": [],
          "private": "eyJlMmJmYjczMC1lY2FhLTExZTYtOGY4OC0zNDM2M2JjN2M0YzAiOnsiY3JlYXRlIjo2MDAwMDAwMDAwMDAsImRlbGV0ZSI6MTIwMDAwMDAwMDAwMH0sInNjaGVtYV92ZXJzaW9uIjoiMSJ9",
          "dependencies": [
            "aws_vpc.terra_vpc",
            "data.aws_availability_zones.available"
          ]
        },
        {
          "index_key": "1",
          "schema_version": 1,
          "attributes": {
            "arn": "arn:aws:ec2:ap-south-1:782832397014:subnet/subnet-074ee443ed113f592",
            "assign_ipv6_address_on_creation": false,
            "availability_zone": "ap-south-1c",
            "availability_zone_id": "aps1-az2",
            "cidr_block": "10.30.144.0/20",
            "customer_owned_ipv4_pool": "",
            "enable_dns64": false,
            "enable_lni_at_device_index": 0,
            "enable_resource_name_dns_a_record_on_launch": false,
            "enable_resource_name_dns_aaaa_record_on_launch": false,
            "id": "subnet-074ee443ed113f592",
            "ipv6_cidr_block": "",
            "ipv6_cidr_block_association_id": "",
            "ipv6_native": false,
            "map_customer_owned_ip_on_launch": false,
            "map_public_ip_on_launch": false,
            "outpost_arn": "",
            "owner_id": "782832397014",
            "private_dns_hostname_type_on_launch": "ip-name",
            "tags": {
              "Name": "staging-private-subnet-02"
            },
            "tags_all": {
              "Name": "staging-private-subnet-02"
            },
            "timeouts": null,
            "vpc_id": "vpc-046e06bb18dff1833"
          },
          "sensitive_attributes": [],
          "private": "eyJlMmJmYjczMC1lY2FhLTExZTYtOGY4OC0zNDM2M2JjN2M0YzAiOnsiY3JlYXRlIjo2MDAwMDAwMDAwMDAsImRlbGV0ZSI6MTIwMDAwMDAwMDAwMH0sInNjaGVtYV92ZXJzaW9uIjoiMSJ9",
          "dependencies": [
            "aws_vpc.terra_vpc",
            "data.aws_availability_zones.available"
          ]
        }
      ]
    },
    {
      "mode": "managed",
      "type": "aws_subnet",
      "name": "public",
      "provider": "provider[\"registry.terraform.io/hashicorp/aws\"]",
      "instances": [
        {
          "index_key": "0",
          "schema_version": 1,
          "attributes": {
            "arn": "arn:aws:ec2:ap-south-1:782832397014:subnet/subnet-0502a3ab4f288cc83",
            "assign_ipv6_address_on_creation": false,
            "availability_zone": "ap-south-1a",
            "availability_zone_id": "aps1-az1",
            "cidr_block": "10.30.0.0/20",
            "customer_owned_ipv4_pool": "",
            "enable_dns64": false,
            "enable_lni_at_device_index": 0,
            "enable_resource_name_dns_a_record_on_launch": false,
            "enable_resource_name_dns_aaaa_record_on_launch": false,
            "id": "subnet-0502a3ab4f288cc83",
            "ipv6_cidr_block": "",
            "ipv6_cidr_block_association_id": "",
            "ipv6_native": false,
            "map_customer_owned_ip_on_launch": false,
            "map_public_ip_on_launch": true,
            "outpost_arn": "",
            "owner_id": "782832397014",
            "private_dns_hostname_type_on_launch": "ip-name",
            "tags": {
              "Name": "staging-public-subnet-01"
            },
            "tags_all": {
              "Name": "staging-public-subnet-01"
            },
            "timeouts": null,
            "vpc_id": "vpc-046e06bb18dff1833"
          },
          "sensitive_attributes": [],
          "private": "eyJlMmJmYjczMC1lY2FhLTExZTYtOGY4OC0zNDM2M2JjN2M0YzAiOnsiY3JlYXRlIjo2MDAwMDAwMDAwMDAsImRlbGV0ZSI6MTIwMDAwMDAwMDAwMH0sInNjaGVtYV92ZXJzaW9uIjoiMSJ9",
          "dependencies": [
            "aws_vpc.terra_vpc",
            "data.aws_availability_zones.available"
          ]
        },
        {
          "index_key": "1",
          "schema_version": 1,
          "attributes": {
            "arn": "arn:aws:ec2:ap-south-1:782832397014:subnet/subnet-000124c85072f23e9",
            "assign_ipv6_address_on_creation": false,
            "availability_zone": "ap-south-1b",
            "availability_zone_id": "aps1-az3",
            "cidr_block": "10.30.16.0/20",
            "customer_owned_ipv4_pool": "",
            "enable_dns64": false,
            "enable_lni_at_device_index": 0,
            "enable_resource_name_dns_a_record_on_launch": false,
            "enable_resource_name_dns_aaaa_record_on_launch": false,
            "id": "subnet-000124c85072f23e9",
            "ipv6_cidr_block": "",
            "ipv6_cidr_block_association_id": "",
            "ipv6_native": false,
            "map_customer_owned_ip_on_launch": false,
            "map_public_ip_on_launch": true,
            "outpost_arn": "",
            "owner_id": "782832397014",
            "private_dns_hostname_type_on_launch": "ip-name",
            "tags": {
              "Name": "staging-public-subnet-02"
            },
            "tags_all": {
              "Name": "staging-public-subnet-02"
            },
            "timeouts": null,
            "vpc_id": "vpc-046e06bb18dff1833"
          },
          "sensitive_attributes": [],
          "private": "eyJlMmJmYjczMC1lY2FhLTExZTYtOGY4OC0zNDM2M2JjN2M0YzAiOnsiY3JlYXRlIjo2MDAwMDAwMDAwMDAsImRlbGV0ZSI6MTIwMDAwMDAwMDAwMH0sInNjaGVtYV92ZXJzaW9uIjoiMSJ9",
          "dependencies": [
            "aws_vpc.terra_vpc",
            "data.aws_availability_zones.available"
          ]
        }
      ]
    },
    {
      "mode": "managed",
      "type": "aws_vpc",
      "name": "terra_vpc",
      "provider": "provider[\"registry.terraform.io/hashicorp/aws\"]",
      "instances": [
        {
          "schema_version": 1,
          "attributes": {
            "arn": "arn:aws:ec2:ap-south-1:782832397014:vpc/vpc-046e06bb18dff1833",
            "assign_generated_ipv6_cidr_block": false,
            "cidr_block": "10.30.0.0/16",
            "default_network_acl_id": "acl-02f77306bdc11556f",
            "default_route_table_id": "rtb-074b00b9bc3ddfdcb",
            "default_security_group_id": "sg-089e143e381856bea",
            "dhcp_options_id": "dopt-ae6d60c6",
            "enable_dns_hostnames": false,
            "enable_dns_support": true,
            "enable_network_address_usage_metrics": false,
            "id": "vpc-046e06bb18dff1833",
            "instance_tenancy": "default",
            "ipv4_ipam_pool_id": null,
            "ipv4_netmask_length": null,
            "ipv6_association_id": "",
            "ipv6_cidr_block": "",
            "ipv6_cidr_block_network_border_group": "",
            "ipv6_ipam_pool_id": "",
            "ipv6_netmask_length": 0,
            "main_route_table_id": "rtb-074b00b9bc3ddfdcb",
            "owner_id": "782832397014",
            "tags": {
              "Name": "staging-vpc"
            },
            "tags_all": {
              "Name": "staging-vpc"
            }
          },
          "sensitive_attributes": [],
          "private": "eyJzY2hlbWFfdmVyc2lvbiI6IjEifQ=="
        }
      ]
    },
    {
      "mode": "managed",
      "type": "local_file",
      "name": "terra_chatapp_local",
      "provider": "provider[\"registry.terraform.io/hashicorp/local\"]",
      "instances": [
        {
          "schema_version": 0,
          "attributes": {
            "content": "-----BEGIN RSA PRIVATE KEY-----\nMIIJKAIBAAKCAgEAmGX0mJAOz9TpRq/tGb8cU8p7JiWnFFqe0jtIY96CdRmM4lm8\nddi9GUk+2It2Keylsxq9XVe/vPXHxuZDDtTshv7pfsRrBHVLMJD1I6PIUtVw08sn\n3CbgxRVYqaF1x4gdIvkQl0bTTdFZMOxhojsMI2penQ1LXvBPM4d97nBbU/QGk+xq\nqHjxxlpMj1k5jK6aHQghfi9kWg0dj8TsjCPDAaEDQEwTLOX1erL/7OB9sUV3raZf\nxETBO6teQbtKxL8VP+yrSoSuDoPrpJV0XPR4YaLRkbfMk86lNkD+eWk+jfDsjctm\nm3G1/K+o3KbCO08PJ2kVOvchDn6IpBwH2yGww3pB9/FX3ZwbxKS1hM9OSX7ifL/Q\nHhrCfiUBswKow1dOlxNvkBtSUXWZdOqtdbUvkza66xiMd8Wx+EQ7XRqv4w7WnHJd\nU80UhOsGuHCpn51M0caJTQyleMugTLjLofwzp7rj8j45MfnPSWThEKPOs05lF9Od\nLH5NuWumNjDj9m5B7oMOD7sagUzFoLLmnA5lOa8FmQZSalgs8D2OXuQyKVZ31OI4\nxHk/c4vyYqRgxI6Op9843QeKUL3GfgYdpiwM6k7X+BytOn6RaaJ2EhgUG0AyHKIY\nqKfYtYYliKnifmscmeN7zP8VM8KaFvnZ15qvjj/PuPEPYmYjpFsdwABT92ECAwEA\nAQKCAgAmJT74APb0JoLNYrOiQifBAWmZvsr3WUdvr88K0GMvFFojPfriNIIAlkjY\nwu+sxsMi9Yp4lsIzdgGvU2tthvY9RAkF5fwzfXh4i5AQf6pgsXQwTyWHAWQ5cIJk\n0zk73GIOovD4LI4vaDs+96vog4ciRjmwbedzuArbBwsKZ600clxDImYADWXXFDsd\nlmPFRt7kbWiUwSAJOkcv+UaMPVdOTRMXQPN7xYOQVsWgcQCFIrI2EPLfmaYUXWyW\nX17zqDCVc5PcbyFyGKse4xnhOn/3UF3Mb4kRZiQMVHBdy24Q8UEErOjd97Rprz5B\nHKx5U+yjHLZnr/viOOHS0gFVZDVuFYBZf6bsA7W82NnCp2chnIQ65DDh8ObPBf7x\n4unT0a0a0iHckZBipG6xDe3jx/vqillawn1tiuWJTzEBFsLCJXH2TTi3109UwFGH\nbS5dSlgiy6xueeEqsZgOjmgKsMWhMm7Pj6x/7gnAX1B1BwOqx5ogg2s3g+kWcfCe\nIXsxEAkoBIDNefPA+DDmx1pclHMivZ5WET/heu6ZXba7huSi6jsSVmOukwFCZxNV\nac6jQv0Ancg6/Hvzj9f5hYzmaubyrS4LT249ah3E8QxHQbhj6Ko6xqYIvCt/t2i+\ny11Gwm4Y6gJmWzxblug+mOjDfCvUEgdy0EeM1oCO+vRv0q41wQKCAQEAyfVBlk9j\nnjFBbP0t1/azRjgP8CylSVxTPMBygDAaaAg+err7GA+11xt6djh9KDNx5CZLMdn5\nVAxtSr51mINJhVacmVwvfNokFuJYuhQ5KZlTbuDJEvvRYXUj7RLGY/t5l0ySBz24\n1iYl8rmfv8p5lITukLeTUcavxVT+SZynmmEB5uZRXbmGTwyKb9HoeYms+R41ycdI\nUtxucJBRheoPDCQGne5U0riPLU3xHuNloVoOtNggUun5zwcv3e9DGHfbAUsbw5uF\nBvcbSvmFYcUQM8oYjCaS7YJsev1Oq6jpAo/ajjmYV+tcyMrlXp4kdmObuGbXKtFW\noAnbIqyV1jSmBQKCAQEAwS20C7+SG9omGncNWbG2ACS49ihWxOcS7IgK283jXv+8\nrHur/mBRgmFtbgsyw0xeJoLRB/dYzBz01X7lw6i/HPF9ZQlNgz2/h/MQJJvajJYC\n/vdSv80qBk9c4ZehlxdAjZY4mWx3agxqx5lr57BMxth7MxucjvXdl/lzDGZq7i/T\nvUobtTCeat9+YYagP6dQRcYe448l2N4UXfBcrv46JOeN0pXkN1pMrLUaXCoUredS\n5TL370JEJXARdQytvQqkPn6u0WXnxnTtymPDPUZHRV2pjrkaAC+FnJjt9YwDJ22r\nqvoptAr1U0PnHeVshp/3TnyYPk8R+/NfS32LL1WOrQKCAQEAmR77iFRO6kzcFx9q\nV7izOgUdiHLBKvr2HTSoW6qdCs1dWb5UzGx06U/rLKEtu4It0tZ54qUqleAKKUZ4\ncJbx8ke12cz8MERQYo1gyky0/mZCzOlfaqZEnQisoX2/r2SmTuF+QkE42Bz6XqsA\nhPCl98ZF/rFA4BqtgAct+W/t3223fHKZtF8KhvqyJ4/WG/gXjpWqIH+YxUJd9bhm\nJwtMN19FKQ7ffxjxbV8P9uRgVNKsHc9TyqmdfqsrTrCuhWmyQavJtChA1wQZzGGd\nEIDSBQIwVGqWsb9WMnXF5P7fE9Mv2O+wItDPe2niODfc22owUcKfVtZ7QEHYxNRn\nko4+ZQKCAQA6RMbiJE62B/8mTHLCc1AqiukflttVWT3kCsT7uAa1SP5oKIWgnPz5\nDtorL0WIkyhzBVJ3zKwEJVfUbgpwEh5TZKQmLcArrhxvrWlZIYmyji0pKwDSyde7\nP4UMpuge4uydyIoZ/RWn70bmHejmYc9Gy1Wd/N4kYRUOGjgRrXLjlZmQpyHkbV3b\nbr54PFtp19XmtfPrP+pyl8oc67uJLTXsm8uzkXLdH2exUI867ZZ/Ph9K8yzGBn73\nq+4YGFLvip4wG5Yvo0VeHzb6rUze1qv4yF+0pTCqjasHqTldr3XkFriJQhwCKqwF\nCZ5U7jbmBKpcCkkBwmfyT16XLq8k//GhAoIBAA8xBUMTAWuOnOqQCdsEMAxvaLXN\nsU0APUHTUAggdsUxZnA5yCYAFWHS8WNnChHQUarWqF/rJPkC5otbRUOSTWmodHrc\n5Ve1LbGaHZEmThizuUBLIRWnun9OVX1C9Pk3o6vgq95OgWFT+/G1h17+gd/OjT6w\niz6mZK0bk6+jhYLx8LM7a+mrC6c+8cfTK8sQYFZyaakmJRgx1FCAPTyGtlRFcjSR\nJuQWPZ1NZjdyCfKzWBz2s+pyzycMg5aUvwsWsSvHUb8Zp7CVIvAbKFKxeNUEnT11\nYptdb6XIYr6lMh9WvcS19a6jEjiVZFjg8p7YzTKqpTzx0jgu8QXbdDTFhdc=\n-----END RSA PRIVATE KEY-----\n",
            "content_base64": null,
            "content_base64sha256": "y5beDEpFpIxLeP3dOS78lFteNuxXbAWZFyaO/ERyIWk=",
            "content_base64sha512": "/SeFuMUmiQIaqR8UjBqfc6QaCyxjklP7Z/IAGdvBlefdpLcXAgj/c0YSPdzRoYoyYUDt1JWhj2wgKsTiZGKFKQ==",
            "content_md5": "96a8bb5002843c30c38415724045f495",
            "content_sha1": "6ef01eb04ec3c9998143e958b337aa2a432820e9",
            "content_sha256": "cb96de0c4a45a48c4b78fddd392efc945b5e36ec576c059917268efc44722169",
            "content_sha512": "fd2785b8c52689021aa91f148c1a9f73a41a0b2c639253fb67f20019dbc195e7dda4b7170208ff7346123ddcd1a18a326140edd495a18f6c202ac4e264628529",
            "directory_permission": "0777",
            "file_permission": "0777",
            "filename": "./staging-chatapp-key.pem",
            "id": "6ef01eb04ec3c9998143e958b337aa2a432820e9",
            "sensitive_content": null,
            "source": null
          },
          "sensitive_attributes": [
            [
              {
                "type": "get_attr",
                "value": "sensitive_content"
              }
            ],
            [
              {
                "type": "get_attr",
                "value": "content"
              }
            ]
          ],
          "dependencies": [
            "tls_private_key.rsa"
          ]
        }
      ]
    },
    {
      "mode": "managed",
      "type": "null_resource",
      "name": "configure_backend",
      "provider": "provider[\"registry.terraform.io/hashicorp/null\"]",
      "instances": [
        {
          "schema_version": 0,
          "attributes": {
            "id": "2121309981",
            "triggers": null
          },
          "sensitive_attributes": [],
          "dependencies": [
            "aws_eip.nat_eip",
            "aws_instance.backend",
            "aws_instance.database",
            "aws_instance.frontend",
            "aws_key_pair.terra_chatapp_key",
            "aws_nat_gateway.ngw",
            "aws_route_table.private",
            "aws_route_table_association.private",
            "aws_security_group.backend",
            "aws_security_group.database",
            "aws_security_group.frontend",
            "aws_subnet.private",
            "aws_subnet.public",
            "aws_vpc.terra_vpc",
            "data.aws_ami.backend",
            "data.aws_ami.ubuntu",
            "data.aws_availability_zones.available",
            "local_file.terra_chatapp_local",
            "null_resource.configure_database",
            "tls_private_key.rsa"
          ]
        }
      ]
    },
    {
      "mode": "managed",
      "type": "null_resource",
      "name": "configure_database",
      "provider": "provider[\"registry.terraform.io/hashicorp/null\"]",
      "instances": [
        {
          "schema_version": 0,
          "attributes": {
            "id": "1988896777",
            "triggers": null
          },
          "sensitive_attributes": [],
          "dependencies": [
            "aws_eip.nat_eip",
            "aws_instance.backend",
            "aws_instance.database",
            "aws_instance.frontend",
            "aws_key_pair.terra_chatapp_key",
            "aws_nat_gateway.ngw",
            "aws_route_table.private",
            "aws_route_table_association.private",
            "aws_security_group.backend",
            "aws_security_group.database",
            "aws_security_group.frontend",
            "aws_subnet.private",
            "aws_subnet.public",
            "aws_vpc.terra_vpc",
            "data.aws_ami.backend",
            "data.aws_ami.ubuntu",
            "data.aws_availability_zones.available",
            "local_file.terra_chatapp_local",
            "tls_private_key.rsa"
          ]
        }
      ]
    },
    {
      "mode": "managed",
      "type": "null_resource",
      "name": "configure_frontend",
      "provider": "provider[\"registry.terraform.io/hashicorp/null\"]",
      "instances": [
        {
          "schema_version": 0,
          "attributes": {
            "id": "1776301050",
            "triggers": null
          },
          "sensitive_attributes": [],
          "dependencies": [
            "aws_eip.nat_eip",
            "aws_instance.backend",
            "aws_instance.database",
            "aws_instance.frontend",
            "aws_key_pair.terra_chatapp_key",
            "aws_nat_gateway.ngw",
            "aws_route_table.private",
            "aws_route_table_association.private",
            "aws_security_group.backend",
            "aws_security_group.database",
            "aws_security_group.frontend",
            "aws_subnet.private",
            "aws_subnet.public",
            "aws_vpc.terra_vpc",
            "data.aws_ami.backend",
            "data.aws_ami.ubuntu",
            "data.aws_availability_zones.available",
            "local_file.terra_chatapp_local",
            "null_resource.configure_backend",
            "null_resource.configure_database",
            "tls_private_key.rsa"
          ]
        }
      ]
    },
    {
      "mode": "managed",
      "type": "tls_private_key",
      "name": "rsa",
      "provider": "provider[\"registry.terraform.io/hashicorp/tls\"]",
      "instances": [
        {
          "schema_version": 1,
          "attributes": {
            "algorithm": "RSA",
            "ecdsa_curve": "P224",
            "id": "ff4a90d562d639f3915ac580db28b07fe9c66ffe",
            "private_key_openssh": "-----BEGIN OPENSSH PRIVATE KEY-----\nb3BlbnNzaC1rZXktdjEAAAAABG5vbmUAAAAEbm9uZQAAAAAAAAABAAACFwAAAAdz\nc2gtcnNhAAAAAwEAAQAAAgEAmGX0mJAOz9TpRq/tGb8cU8p7JiWnFFqe0jtIY96C\ndRmM4lm8ddi9GUk+2It2Keylsxq9XVe/vPXHxuZDDtTshv7pfsRrBHVLMJD1I6PI\nUtVw08sn3CbgxRVYqaF1x4gdIvkQl0bTTdFZMOxhojsMI2penQ1LXvBPM4d97nBb\nU/QGk+xqqHjxxlpMj1k5jK6aHQghfi9kWg0dj8TsjCPDAaEDQEwTLOX1erL/7OB9\nsUV3raZfxETBO6teQbtKxL8VP+yrSoSuDoPrpJV0XPR4YaLRkbfMk86lNkD+eWk+\njfDsjctmm3G1/K+o3KbCO08PJ2kVOvchDn6IpBwH2yGww3pB9/FX3ZwbxKS1hM9O\nSX7ifL/QHhrCfiUBswKow1dOlxNvkBtSUXWZdOqtdbUvkza66xiMd8Wx+EQ7XRqv\n4w7WnHJdU80UhOsGuHCpn51M0caJTQyleMugTLjLofwzp7rj8j45MfnPSWThEKPO\ns05lF9OdLH5NuWumNjDj9m5B7oMOD7sagUzFoLLmnA5lOa8FmQZSalgs8D2OXuQy\nKVZ31OI4xHk/c4vyYqRgxI6Op9843QeKUL3GfgYdpiwM6k7X+BytOn6RaaJ2EhgU\nG0AyHKIYqKfYtYYliKnifmscmeN7zP8VM8KaFvnZ15qvjj/PuPEPYmYjpFsdwABT\n92EAAAc4g06WRINOlkQAAAAHc3NoLXJzYQAAAgEAmGX0mJAOz9TpRq/tGb8cU8p7\nJiWnFFqe0jtIY96CdRmM4lm8ddi9GUk+2It2Keylsxq9XVe/vPXHxuZDDtTshv7p\nfsRrBHVLMJD1I6PIUtVw08sn3CbgxRVYqaF1x4gdIvkQl0bTTdFZMOxhojsMI2pe\nnQ1LXvBPM4d97nBbU/QGk+xqqHjxxlpMj1k5jK6aHQghfi9kWg0dj8TsjCPDAaED\nQEwTLOX1erL/7OB9sUV3raZfxETBO6teQbtKxL8VP+yrSoSuDoPrpJV0XPR4YaLR\nkbfMk86lNkD+eWk+jfDsjctmm3G1/K+o3KbCO08PJ2kVOvchDn6IpBwH2yGww3pB\n9/FX3ZwbxKS1hM9OSX7ifL/QHhrCfiUBswKow1dOlxNvkBtSUXWZdOqtdbUvkza6\n6xiMd8Wx+EQ7XRqv4w7WnHJdU80UhOsGuHCpn51M0caJTQyleMugTLjLofwzp7rj\n8j45MfnPSWThEKPOs05lF9OdLH5NuWumNjDj9m5B7oMOD7sagUzFoLLmnA5lOa8F\nmQZSalgs8D2OXuQyKVZ31OI4xHk/c4vyYqRgxI6Op9843QeKUL3GfgYdpiwM6k7X\n+BytOn6RaaJ2EhgUG0AyHKIYqKfYtYYliKnifmscmeN7zP8VM8KaFvnZ15qvjj/P\nuPEPYmYjpFsdwABT92EAAAADAQABAAACACYlPvgA9vQmgs1is6JCJ8EBaZm+yvdZ\nR2+vzwrQYy8UWiM9+uI0ggCWSNjC76zGwyL1iniWwjN2Aa9Ta22G9j1ECQXl/DN9\neHiLkBB/qmCxdDBPJYcBZDlwgmTTOTvcYg6i8Pgsji9oOz73q+iDhyJGObBt53O4\nCtsHCwpnrTRyXEMiZgANZdcUOx2WY8VG3uRtaJTBIAk6Ry/5Row9V05NExdA83vF\ng5BWxaBxAIUisjYQ8t+ZphRdbJZfXvOoMJVzk9xvIXIYqx7jGeE6f/dQXcxviRFm\nJAxUcF3LbhDxQQSs6N33tGmvPkEcrHlT7KMctmev++I44dLSAVVkNW4VgFl/puwD\ntbzY2cKnZyGchDrkMOHw5s8F/vHi6dPRrRrSIdyRkGKkbrEN7ePH++qKWVrCfW2K\n5YlPMQEWwsIlcfZNOLfXT1TAUYdtLl1KWCLLrG554SqxmA6OaAqwxaEybs+PrH/u\nCcBfUHUHA6rHmiCDazeD6RZx8J4hezEQCSgEgM1588D4MObHWlyUcyK9nlYRP+F6\n7pldtruG5KLqOxJWY66TAUJnE1VpzqNC/QCdyDr8e/OP1/mFjOZq5vKtLgtPbj1q\nHcTxDEdBuGPoqjrGpgi8K3+3aL7LXUbCbhjqAmZbPFuW6D6Y6MN8K9QSB3LQR4zW\ngI769G/SrjXBAAABAA8xBUMTAWuOnOqQCdsEMAxvaLXNsU0APUHTUAggdsUxZnA5\nyCYAFWHS8WNnChHQUarWqF/rJPkC5otbRUOSTWmodHrc5Ve1LbGaHZEmThizuUBL\nIRWnun9OVX1C9Pk3o6vgq95OgWFT+/G1h17+gd/OjT6wiz6mZK0bk6+jhYLx8LM7\na+mrC6c+8cfTK8sQYFZyaakmJRgx1FCAPTyGtlRFcjSRJuQWPZ1NZjdyCfKzWBz2\ns+pyzycMg5aUvwsWsSvHUb8Zp7CVIvAbKFKxeNUEnT11Yptdb6XIYr6lMh9WvcS1\n9a6jEjiVZFjg8p7YzTKqpTzx0jgu8QXbdDTFhdcAAAEBAMn1QZZPY54xQWz9Ldf2\ns0Y4D/AspUlcUzzAcoAwGmgIPnq6+xgPtdcbenY4fSgzceQmSzHZ+VQMbUq+dZiD\nSYVWnJlcL3zaJBbiWLoUOSmZU27gyRL70WF1I+0SxmP7eZdMkgc9uNYmJfK5n7/K\neZSE7pC3k1HGr8VU/kmcp5phAebmUV25hk8Mim/R6HmJrPkeNcnHSFLcbnCQUYXq\nDwwkBp3uVNK4jy1N8R7jZaFaDrTYIFLp+c8HL93vQxh32wFLG8ObhQb3G0r5hWHF\nEDPKGIwmku2CbHr9Tquo6QKP2o45mFfrXMjK5V6eJHZjm7hm1yrRVqAJ2yKsldY0\npgUAAAEBAMEttAu/khvaJhp3DVmxtgAkuPYoVsTnEuyICtvN417/vKx7q/5gUYJh\nbW4LMsNMXiaC0Qf3WMwc9NV+5cOovxzxfWUJTYM9v4fzECSb2oyWAv73Ur/NKgZP\nXOGXoZcXQI2WOJlsd2oMaseZa+ewTMbYezMbnI713Zf5cwxmau4v071KG7Uwnmrf\nfmGGoD+nUEXGHuOPJdjeFF3wXK7+OiTnjdKV5DdaTKy1GlwqFK3nUuUy9+9CRCVw\nEXUMrb0KpD5+rtFl58Z07cpjwz1GR0VdqY65GgAvhZyY7fWMAydtq6r6KbQK9VND\n5x3lbIaf9058mD5PEfvzX0t9iy9Vjq0AAAAAAQID\n-----END OPENSSH PRIVATE KEY-----\n",
            "private_key_pem": "-----BEGIN RSA PRIVATE KEY-----\nMIIJKAIBAAKCAgEAmGX0mJAOz9TpRq/tGb8cU8p7JiWnFFqe0jtIY96CdRmM4lm8\nddi9GUk+2It2Keylsxq9XVe/vPXHxuZDDtTshv7pfsRrBHVLMJD1I6PIUtVw08sn\n3CbgxRVYqaF1x4gdIvkQl0bTTdFZMOxhojsMI2penQ1LXvBPM4d97nBbU/QGk+xq\nqHjxxlpMj1k5jK6aHQghfi9kWg0dj8TsjCPDAaEDQEwTLOX1erL/7OB9sUV3raZf\nxETBO6teQbtKxL8VP+yrSoSuDoPrpJV0XPR4YaLRkbfMk86lNkD+eWk+jfDsjctm\nm3G1/K+o3KbCO08PJ2kVOvchDn6IpBwH2yGww3pB9/FX3ZwbxKS1hM9OSX7ifL/Q\nHhrCfiUBswKow1dOlxNvkBtSUXWZdOqtdbUvkza66xiMd8Wx+EQ7XRqv4w7WnHJd\nU80UhOsGuHCpn51M0caJTQyleMugTLjLofwzp7rj8j45MfnPSWThEKPOs05lF9Od\nLH5NuWumNjDj9m5B7oMOD7sagUzFoLLmnA5lOa8FmQZSalgs8D2OXuQyKVZ31OI4\nxHk/c4vyYqRgxI6Op9843QeKUL3GfgYdpiwM6k7X+BytOn6RaaJ2EhgUG0AyHKIY\nqKfYtYYliKnifmscmeN7zP8VM8KaFvnZ15qvjj/PuPEPYmYjpFsdwABT92ECAwEA\nAQKCAgAmJT74APb0JoLNYrOiQifBAWmZvsr3WUdvr88K0GMvFFojPfriNIIAlkjY\nwu+sxsMi9Yp4lsIzdgGvU2tthvY9RAkF5fwzfXh4i5AQf6pgsXQwTyWHAWQ5cIJk\n0zk73GIOovD4LI4vaDs+96vog4ciRjmwbedzuArbBwsKZ600clxDImYADWXXFDsd\nlmPFRt7kbWiUwSAJOkcv+UaMPVdOTRMXQPN7xYOQVsWgcQCFIrI2EPLfmaYUXWyW\nX17zqDCVc5PcbyFyGKse4xnhOn/3UF3Mb4kRZiQMVHBdy24Q8UEErOjd97Rprz5B\nHKx5U+yjHLZnr/viOOHS0gFVZDVuFYBZf6bsA7W82NnCp2chnIQ65DDh8ObPBf7x\n4unT0a0a0iHckZBipG6xDe3jx/vqillawn1tiuWJTzEBFsLCJXH2TTi3109UwFGH\nbS5dSlgiy6xueeEqsZgOjmgKsMWhMm7Pj6x/7gnAX1B1BwOqx5ogg2s3g+kWcfCe\nIXsxEAkoBIDNefPA+DDmx1pclHMivZ5WET/heu6ZXba7huSi6jsSVmOukwFCZxNV\nac6jQv0Ancg6/Hvzj9f5hYzmaubyrS4LT249ah3E8QxHQbhj6Ko6xqYIvCt/t2i+\ny11Gwm4Y6gJmWzxblug+mOjDfCvUEgdy0EeM1oCO+vRv0q41wQKCAQEAyfVBlk9j\nnjFBbP0t1/azRjgP8CylSVxTPMBygDAaaAg+err7GA+11xt6djh9KDNx5CZLMdn5\nVAxtSr51mINJhVacmVwvfNokFuJYuhQ5KZlTbuDJEvvRYXUj7RLGY/t5l0ySBz24\n1iYl8rmfv8p5lITukLeTUcavxVT+SZynmmEB5uZRXbmGTwyKb9HoeYms+R41ycdI\nUtxucJBRheoPDCQGne5U0riPLU3xHuNloVoOtNggUun5zwcv3e9DGHfbAUsbw5uF\nBvcbSvmFYcUQM8oYjCaS7YJsev1Oq6jpAo/ajjmYV+tcyMrlXp4kdmObuGbXKtFW\noAnbIqyV1jSmBQKCAQEAwS20C7+SG9omGncNWbG2ACS49ihWxOcS7IgK283jXv+8\nrHur/mBRgmFtbgsyw0xeJoLRB/dYzBz01X7lw6i/HPF9ZQlNgz2/h/MQJJvajJYC\n/vdSv80qBk9c4ZehlxdAjZY4mWx3agxqx5lr57BMxth7MxucjvXdl/lzDGZq7i/T\nvUobtTCeat9+YYagP6dQRcYe448l2N4UXfBcrv46JOeN0pXkN1pMrLUaXCoUredS\n5TL370JEJXARdQytvQqkPn6u0WXnxnTtymPDPUZHRV2pjrkaAC+FnJjt9YwDJ22r\nqvoptAr1U0PnHeVshp/3TnyYPk8R+/NfS32LL1WOrQKCAQEAmR77iFRO6kzcFx9q\nV7izOgUdiHLBKvr2HTSoW6qdCs1dWb5UzGx06U/rLKEtu4It0tZ54qUqleAKKUZ4\ncJbx8ke12cz8MERQYo1gyky0/mZCzOlfaqZEnQisoX2/r2SmTuF+QkE42Bz6XqsA\nhPCl98ZF/rFA4BqtgAct+W/t3223fHKZtF8KhvqyJ4/WG/gXjpWqIH+YxUJd9bhm\nJwtMN19FKQ7ffxjxbV8P9uRgVNKsHc9TyqmdfqsrTrCuhWmyQavJtChA1wQZzGGd\nEIDSBQIwVGqWsb9WMnXF5P7fE9Mv2O+wItDPe2niODfc22owUcKfVtZ7QEHYxNRn\nko4+ZQKCAQA6RMbiJE62B/8mTHLCc1AqiukflttVWT3kCsT7uAa1SP5oKIWgnPz5\nDtorL0WIkyhzBVJ3zKwEJVfUbgpwEh5TZKQmLcArrhxvrWlZIYmyji0pKwDSyde7\nP4UMpuge4uydyIoZ/RWn70bmHejmYc9Gy1Wd/N4kYRUOGjgRrXLjlZmQpyHkbV3b\nbr54PFtp19XmtfPrP+pyl8oc67uJLTXsm8uzkXLdH2exUI867ZZ/Ph9K8yzGBn73\nq+4YGFLvip4wG5Yvo0VeHzb6rUze1qv4yF+0pTCqjasHqTldr3XkFriJQhwCKqwF\nCZ5U7jbmBKpcCkkBwmfyT16XLq8k//GhAoIBAA8xBUMTAWuOnOqQCdsEMAxvaLXN\nsU0APUHTUAggdsUxZnA5yCYAFWHS8WNnChHQUarWqF/rJPkC5otbRUOSTWmodHrc\n5Ve1LbGaHZEmThizuUBLIRWnun9OVX1C9Pk3o6vgq95OgWFT+/G1h17+gd/OjT6w\niz6mZK0bk6+jhYLx8LM7a+mrC6c+8cfTK8sQYFZyaakmJRgx1FCAPTyGtlRFcjSR\nJuQWPZ1NZjdyCfKzWBz2s+pyzycMg5aUvwsWsSvHUb8Zp7CVIvAbKFKxeNUEnT11\nYptdb6XIYr6lMh9WvcS19a6jEjiVZFjg8p7YzTKqpTzx0jgu8QXbdDTFhdc=\n-----END RSA PRIVATE KEY-----\n",
            "private_key_pem_pkcs8": "-----BEGIN PRIVATE KEY-----\nMIIJQgIBADANBgkqhkiG9w0BAQEFAASCCSwwggkoAgEAAoICAQCYZfSYkA7P1OlG\nr+0ZvxxTynsmJacUWp7SO0hj3oJ1GYziWbx12L0ZST7Yi3Yp7KWzGr1dV7+89cfG\n5kMO1OyG/ul+xGsEdUswkPUjo8hS1XDTyyfcJuDFFVipoXXHiB0i+RCXRtNN0Vkw\n7GGiOwwjal6dDUte8E8zh33ucFtT9AaT7GqoePHGWkyPWTmMrpodCCF+L2RaDR2P\nxOyMI8MBoQNATBMs5fV6sv/s4H2xRXetpl/ERME7q15Bu0rEvxU/7KtKhK4Og+uk\nlXRc9HhhotGRt8yTzqU2QP55aT6N8OyNy2abcbX8r6jcpsI7Tw8naRU69yEOfoik\nHAfbIbDDekH38VfdnBvEpLWEz05JfuJ8v9AeGsJ+JQGzAqjDV06XE2+QG1JRdZl0\n6q11tS+TNrrrGIx3xbH4RDtdGq/jDtaccl1TzRSE6wa4cKmfnUzRxolNDKV4y6BM\nuMuh/DOnuuPyPjkx+c9JZOEQo86zTmUX050sfk25a6Y2MOP2bkHugw4PuxqBTMWg\nsuacDmU5rwWZBlJqWCzwPY5e5DIpVnfU4jjEeT9zi/JipGDEjo6n3zjdB4pQvcZ+\nBh2mLAzqTtf4HK06fpFponYSGBQbQDIcohiop9i1hiWIqeJ+axyZ43vM/xUzwpoW\n+dnXmq+OP8+48Q9iZiOkWx3AAFP3YQIDAQABAoICACYlPvgA9vQmgs1is6JCJ8EB\naZm+yvdZR2+vzwrQYy8UWiM9+uI0ggCWSNjC76zGwyL1iniWwjN2Aa9Ta22G9j1E\nCQXl/DN9eHiLkBB/qmCxdDBPJYcBZDlwgmTTOTvcYg6i8Pgsji9oOz73q+iDhyJG\nObBt53O4CtsHCwpnrTRyXEMiZgANZdcUOx2WY8VG3uRtaJTBIAk6Ry/5Row9V05N\nExdA83vFg5BWxaBxAIUisjYQ8t+ZphRdbJZfXvOoMJVzk9xvIXIYqx7jGeE6f/dQ\nXcxviRFmJAxUcF3LbhDxQQSs6N33tGmvPkEcrHlT7KMctmev++I44dLSAVVkNW4V\ngFl/puwDtbzY2cKnZyGchDrkMOHw5s8F/vHi6dPRrRrSIdyRkGKkbrEN7ePH++qK\nWVrCfW2K5YlPMQEWwsIlcfZNOLfXT1TAUYdtLl1KWCLLrG554SqxmA6OaAqwxaEy\nbs+PrH/uCcBfUHUHA6rHmiCDazeD6RZx8J4hezEQCSgEgM1588D4MObHWlyUcyK9\nnlYRP+F67pldtruG5KLqOxJWY66TAUJnE1VpzqNC/QCdyDr8e/OP1/mFjOZq5vKt\nLgtPbj1qHcTxDEdBuGPoqjrGpgi8K3+3aL7LXUbCbhjqAmZbPFuW6D6Y6MN8K9QS\nB3LQR4zWgI769G/SrjXBAoIBAQDJ9UGWT2OeMUFs/S3X9rNGOA/wLKVJXFM8wHKA\nMBpoCD56uvsYD7XXG3p2OH0oM3HkJksx2flUDG1KvnWYg0mFVpyZXC982iQW4li6\nFDkpmVNu4MkS+9FhdSPtEsZj+3mXTJIHPbjWJiXyuZ+/ynmUhO6Qt5NRxq/FVP5J\nnKeaYQHm5lFduYZPDIpv0eh5iaz5HjXJx0hS3G5wkFGF6g8MJAad7lTSuI8tTfEe\n42WhWg602CBS6fnPBy/d70MYd9sBSxvDm4UG9xtK+YVhxRAzyhiMJpLtgmx6/U6r\nqOkCj9qOOZhX61zIyuVeniR2Y5u4Ztcq0VagCdsirJXWNKYFAoIBAQDBLbQLv5Ib\n2iYadw1ZsbYAJLj2KFbE5xLsiArbzeNe/7yse6v+YFGCYW1uCzLDTF4mgtEH91jM\nHPTVfuXDqL8c8X1lCU2DPb+H8xAkm9qMlgL+91K/zSoGT1zhl6GXF0CNljiZbHdq\nDGrHmWvnsEzG2HszG5yO9d2X+XMMZmruL9O9Shu1MJ5q335hhqA/p1BFxh7jjyXY\n3hRd8Fyu/jok543SleQ3WkystRpcKhSt51LlMvfvQkQlcBF1DK29CqQ+fq7RZefG\ndO3KY8M9RkdFXamOuRoAL4WcmO31jAMnbauq+im0CvVTQ+cd5WyGn/dOfJg+TxH7\n819LfYsvVY6tAoIBAQCZHvuIVE7qTNwXH2pXuLM6BR2IcsEq+vYdNKhbqp0KzV1Z\nvlTMbHTpT+ssoS27gi3S1nnipSqV4AopRnhwlvHyR7XZzPwwRFBijWDKTLT+ZkLM\n6V9qpkSdCKyhfb+vZKZO4X5CQTjYHPpeqwCE8KX3xkX+sUDgGq2ABy35b+3fbbd8\ncpm0XwqG+rInj9Yb+BeOlaogf5jFQl31uGYnC0w3X0UpDt9/GPFtXw/25GBU0qwd\nz1PKqZ1+qytOsK6FabJBq8m0KEDXBBnMYZ0QgNIFAjBUapaxv1YydcXk/t8T0y/Y\n77Ai0M97aeI4N9zbajBRwp9W1ntAQdjE1GeSjj5lAoIBADpExuIkTrYH/yZMcsJz\nUCqK6R+W21VZPeQKxPu4BrVI/mgohaCc/PkO2isvRYiTKHMFUnfMrAQlV9RuCnAS\nHlNkpCYtwCuuHG+taVkhibKOLSkrANLJ17s/hQym6B7i7J3Iihn9FafvRuYd6OZh\nz0bLVZ383iRhFQ4aOBGtcuOVmZCnIeRtXdtuvng8W2nX1ea18+s/6nKXyhzru4kt\nNeyby7ORct0fZ7FQjzrtln8+H0rzLMYGfver7hgYUu+KnjAbli+jRV4fNvqtTN7W\nq/jIX7SlMKqNqwepOV2vdeQWuIlCHAIqrAUJnlTuNuYEqlwKSQHCZ/JPXpcuryT/\n8aECggEADzEFQxMBa46c6pAJ2wQwDG9otc2xTQA9QdNQCCB2xTFmcDnIJgAVYdLx\nY2cKEdBRqtaoX+sk+QLmi1tFQ5JNaah0etzlV7UtsZodkSZOGLO5QEshFae6f05V\nfUL0+Tejq+Cr3k6BYVP78bWHXv6B386NPrCLPqZkrRuTr6OFgvHwsztr6asLpz7x\nx9MryxBgVnJpqSYlGDHUUIA9PIa2VEVyNJEm5BY9nU1mN3IJ8rNYHPaz6nLPJwyD\nlpS/CxaxK8dRvxmnsJUi8BsoUrF41QSdPXVim11vpchivqUyH1a9xLX1rqMSOJVk\nWODyntjNMqqlPPHSOC7xBdt0NMWF1w==\n-----END PRIVATE KEY-----\n",
            "public_key_fingerprint_md5": "c1:56:0a:53:df:82:5b:23:46:f3:71:2c:ad:30:08:84",
            "public_key_fingerprint_sha256": "SHA256:sn8fwpTDas3Nd4yAHyPTjYztqI50v6b/m2EzfeVdo+Y",
            "public_key_openssh": "ssh-rsa AAAAB3NzaC1yc2EAAAADAQABAAACAQCYZfSYkA7P1OlGr+0ZvxxTynsmJacUWp7SO0hj3oJ1GYziWbx12L0ZST7Yi3Yp7KWzGr1dV7+89cfG5kMO1OyG/ul+xGsEdUswkPUjo8hS1XDTyyfcJuDFFVipoXXHiB0i+RCXRtNN0Vkw7GGiOwwjal6dDUte8E8zh33ucFtT9AaT7GqoePHGWkyPWTmMrpodCCF+L2RaDR2PxOyMI8MBoQNATBMs5fV6sv/s4H2xRXetpl/ERME7q15Bu0rEvxU/7KtKhK4Og+uklXRc9HhhotGRt8yTzqU2QP55aT6N8OyNy2abcbX8r6jcpsI7Tw8naRU69yEOfoikHAfbIbDDekH38VfdnBvEpLWEz05JfuJ8v9AeGsJ+JQGzAqjDV06XE2+QG1JRdZl06q11tS+TNrrrGIx3xbH4RDtdGq/jDtaccl1TzRSE6wa4cKmfnUzRxolNDKV4y6BMuMuh/DOnuuPyPjkx+c9JZOEQo86zTmUX050sfk25a6Y2MOP2bkHugw4PuxqBTMWgsuacDmU5rwWZBlJqWCzwPY5e5DIpVnfU4jjEeT9zi/JipGDEjo6n3zjdB4pQvcZ+Bh2mLAzqTtf4HK06fpFponYSGBQbQDIcohiop9i1hiWIqeJ+axyZ43vM/xUzwpoW+dnXmq+OP8+48Q9iZiOkWx3AAFP3YQ==\n",
            "public_key_pem": "-----BEGIN PUBLIC KEY-----\nMIICIjANBgkqhkiG9w0BAQEFAAOCAg8AMIICCgKCAgEAmGX0mJAOz9TpRq/tGb8c\nU8p7JiWnFFqe0jtIY96CdRmM4lm8ddi9GUk+2It2Keylsxq9XVe/vPXHxuZDDtTs\nhv7pfsRrBHVLMJD1I6PIUtVw08sn3CbgxRVYqaF1x4gdIvkQl0bTTdFZMOxhojsM\nI2penQ1LXvBPM4d97nBbU/QGk+xqqHjxxlpMj1k5jK6aHQghfi9kWg0dj8TsjCPD\nAaEDQEwTLOX1erL/7OB9sUV3raZfxETBO6teQbtKxL8VP+yrSoSuDoPrpJV0XPR4\nYaLRkbfMk86lNkD+eWk+jfDsjctmm3G1/K+o3KbCO08PJ2kVOvchDn6IpBwH2yGw\nw3pB9/FX3ZwbxKS1hM9OSX7ifL/QHhrCfiUBswKow1dOlxNvkBtSUXWZdOqtdbUv\nkza66xiMd8Wx+EQ7XRqv4w7WnHJdU80UhOsGuHCpn51M0caJTQyleMugTLjLofwz\np7rj8j45MfnPSWThEKPOs05lF9OdLH5NuWumNjDj9m5B7oMOD7sagUzFoLLmnA5l\nOa8FmQZSalgs8D2OXuQyKVZ31OI4xHk/c4vyYqRgxI6Op9843QeKUL3GfgYdpiwM\n6k7X+BytOn6RaaJ2EhgUG0AyHKIYqKfYtYYliKnifmscmeN7zP8VM8KaFvnZ15qv\njj/PuPEPYmYjpFsdwABT92ECAwEAAQ==\n-----END PUBLIC KEY-----\n",
            "rsa_bits": 4096
          },
          "sensitive_attributes": [
            [
              {
                "type": "get_attr",
                "value": "private_key_pem_pkcs8"
              }
            ],
            [
              {
                "type": "get_attr",
                "value": "private_key_pem"
              }
            ],
            [
              {
                "type": "get_attr",
                "value": "private_key_openssh"
              }
            ]
          ]
        }
      ]
    }
  ],
  "check_results": null
}
